// !$*UTF8*$!
{
	archiveVersion = 1;
	classes = {
	};
	objectVersion = 46;
	objects = {

/* Begin PBXBuildFile section */
		OBJ_100 /* URLTransform.swift in Sources */ = {isa = PBXBuildFile; fileRef = OBJ_36 /* URLTransform.swift */; };
		OBJ_107 /* Package.swift in Sources */ = {isa = PBXBuildFile; fileRef = OBJ_13 /* Package.swift */; };
		OBJ_112 /* KannadaSentenceParser.swift in Sources */ = {isa = PBXBuildFile; fileRef = OBJ_39 /* KannadaSentenceParser.swift */; };
		OBJ_113 /* KannadaWordExtractor.swift in Sources */ = {isa = PBXBuildFile; fileRef = OBJ_40 /* KannadaWordExtractor.swift */; };
		OBJ_114 /* UnigramMO.swift in Sources */ = {isa = PBXBuildFile; fileRef = OBJ_42 /* UnigramMO.swift */; };
		OBJ_115 /* Predictor.swift in Sources */ = {isa = PBXBuildFile; fileRef = OBJ_43 /* Predictor.swift */; };
		OBJ_116 /* IPredictor.swift in Sources */ = {isa = PBXBuildFile; fileRef = OBJ_45 /* IPredictor.swift */; };
		OBJ_117 /* ISentenceParser.swift in Sources */ = {isa = PBXBuildFile; fileRef = OBJ_46 /* ISentenceParser.swift */; };
		OBJ_118 /* IStemmer.swift in Sources */ = {isa = PBXBuildFile; fileRef = OBJ_47 /* IStemmer.swift */; };
		OBJ_119 /* IWordExtractor.swift in Sources */ = {isa = PBXBuildFile; fileRef = OBJ_48 /* IWordExtractor.swift */; };
		OBJ_120 /* PredictiveKeyboardDelegate.swift in Sources */ = {isa = PBXBuildFile; fileRef = OBJ_49 /* PredictiveKeyboardDelegate.swift */; };
		OBJ_127 /* Package.swift in Sources */ = {isa = PBXBuildFile; fileRef = OBJ_50 /* Package.swift */; };
		OBJ_60 /* Dependencies.swift in Sources */ = {isa = PBXBuildFile; fileRef = OBJ_9 /* Dependencies.swift */; };
		OBJ_62 /* ObjectMapper.framework in Frameworks */ = {isa = PBXBuildFile; fileRef = ObjectMapper::ObjectMapper::Product /* ObjectMapper.framework */; };
		OBJ_63 /* nlp.framework in Frameworks */ = {isa = PBXBuildFile; fileRef = nlp::nlp::Product /* nlp.framework */; };
		OBJ_73 /* Package.swift in Sources */ = {isa = PBXBuildFile; fileRef = OBJ_6 /* Package.swift */; };
		OBJ_78 /* CustomDateFormatTransform.swift in Sources */ = {isa = PBXBuildFile; fileRef = OBJ_14 /* CustomDateFormatTransform.swift */; };
		OBJ_79 /* DataTransform.swift in Sources */ = {isa = PBXBuildFile; fileRef = OBJ_15 /* DataTransform.swift */; };
		OBJ_80 /* DateFormatterTransform.swift in Sources */ = {isa = PBXBuildFile; fileRef = OBJ_16 /* DateFormatterTransform.swift */; };
		OBJ_81 /* DateTransform.swift in Sources */ = {isa = PBXBuildFile; fileRef = OBJ_17 /* DateTransform.swift */; };
		OBJ_82 /* DictionaryTransform.swift in Sources */ = {isa = PBXBuildFile; fileRef = OBJ_18 /* DictionaryTransform.swift */; };
		OBJ_83 /* EnumOperators.swift in Sources */ = {isa = PBXBuildFile; fileRef = OBJ_19 /* EnumOperators.swift */; };
		OBJ_84 /* EnumTransform.swift in Sources */ = {isa = PBXBuildFile; fileRef = OBJ_20 /* EnumTransform.swift */; };
		OBJ_85 /* FromJSON.swift in Sources */ = {isa = PBXBuildFile; fileRef = OBJ_21 /* FromJSON.swift */; };
		OBJ_86 /* HexColorTransform.swift in Sources */ = {isa = PBXBuildFile; fileRef = OBJ_22 /* HexColorTransform.swift */; };
		OBJ_87 /* ISO8601DateTransform.swift in Sources */ = {isa = PBXBuildFile; fileRef = OBJ_23 /* ISO8601DateTransform.swift */; };
		OBJ_88 /* ImmutableMappable.swift in Sources */ = {isa = PBXBuildFile; fileRef = OBJ_24 /* ImmutableMappable.swift */; };
		OBJ_89 /* IntegerOperators.swift in Sources */ = {isa = PBXBuildFile; fileRef = OBJ_25 /* IntegerOperators.swift */; };
		OBJ_90 /* Map.swift in Sources */ = {isa = PBXBuildFile; fileRef = OBJ_26 /* Map.swift */; };
		OBJ_91 /* MapError.swift in Sources */ = {isa = PBXBuildFile; fileRef = OBJ_27 /* MapError.swift */; };
		OBJ_92 /* Mappable.swift in Sources */ = {isa = PBXBuildFile; fileRef = OBJ_28 /* Mappable.swift */; };
		OBJ_93 /* Mapper.swift in Sources */ = {isa = PBXBuildFile; fileRef = OBJ_29 /* Mapper.swift */; };
		OBJ_94 /* NSDecimalNumberTransform.swift in Sources */ = {isa = PBXBuildFile; fileRef = OBJ_30 /* NSDecimalNumberTransform.swift */; };
		OBJ_95 /* Operators.swift in Sources */ = {isa = PBXBuildFile; fileRef = OBJ_31 /* Operators.swift */; };
		OBJ_96 /* ToJSON.swift in Sources */ = {isa = PBXBuildFile; fileRef = OBJ_32 /* ToJSON.swift */; };
		OBJ_97 /* TransformOf.swift in Sources */ = {isa = PBXBuildFile; fileRef = OBJ_33 /* TransformOf.swift */; };
		OBJ_98 /* TransformOperators.swift in Sources */ = {isa = PBXBuildFile; fileRef = OBJ_34 /* TransformOperators.swift */; };
		OBJ_99 /* TransformType.swift in Sources */ = {isa = PBXBuildFile; fileRef = OBJ_35 /* TransformType.swift */; };
/* End PBXBuildFile section */

/* Begin PBXFileReference section */
		Dependencies::Dependencies::Product /* Dependencies.framework */ = {isa = PBXFileReference; path = Dependencies.framework; sourceTree = BUILT_PRODUCTS_DIR; };
		OBJ_13 /* Package.swift */ = {isa = PBXFileReference; explicitFileType = sourcecode.swift; name = Package.swift; path = "/Users/ajeyatj/Documents/iKanType/Dependencies/.build/checkouts/ObjectMapper.git--1588536303418983131/Package.swift"; sourceTree = "<group>"; };
		OBJ_14 /* CustomDateFormatTransform.swift */ = {isa = PBXFileReference; path = CustomDateFormatTransform.swift; sourceTree = "<group>"; };
		OBJ_15 /* DataTransform.swift */ = {isa = PBXFileReference; path = DataTransform.swift; sourceTree = "<group>"; };
		OBJ_16 /* DateFormatterTransform.swift */ = {isa = PBXFileReference; path = DateFormatterTransform.swift; sourceTree = "<group>"; };
		OBJ_17 /* DateTransform.swift */ = {isa = PBXFileReference; path = DateTransform.swift; sourceTree = "<group>"; };
		OBJ_18 /* DictionaryTransform.swift */ = {isa = PBXFileReference; path = DictionaryTransform.swift; sourceTree = "<group>"; };
		OBJ_19 /* EnumOperators.swift */ = {isa = PBXFileReference; path = EnumOperators.swift; sourceTree = "<group>"; };
		OBJ_20 /* EnumTransform.swift */ = {isa = PBXFileReference; path = EnumTransform.swift; sourceTree = "<group>"; };
		OBJ_21 /* FromJSON.swift */ = {isa = PBXFileReference; path = FromJSON.swift; sourceTree = "<group>"; };
		OBJ_22 /* HexColorTransform.swift */ = {isa = PBXFileReference; path = HexColorTransform.swift; sourceTree = "<group>"; };
		OBJ_23 /* ISO8601DateTransform.swift */ = {isa = PBXFileReference; path = ISO8601DateTransform.swift; sourceTree = "<group>"; };
		OBJ_24 /* ImmutableMappable.swift */ = {isa = PBXFileReference; path = ImmutableMappable.swift; sourceTree = "<group>"; };
		OBJ_25 /* IntegerOperators.swift */ = {isa = PBXFileReference; path = IntegerOperators.swift; sourceTree = "<group>"; };
		OBJ_26 /* Map.swift */ = {isa = PBXFileReference; path = Map.swift; sourceTree = "<group>"; };
		OBJ_27 /* MapError.swift */ = {isa = PBXFileReference; path = MapError.swift; sourceTree = "<group>"; };
		OBJ_28 /* Mappable.swift */ = {isa = PBXFileReference; path = Mappable.swift; sourceTree = "<group>"; };
		OBJ_29 /* Mapper.swift */ = {isa = PBXFileReference; path = Mapper.swift; sourceTree = "<group>"; };
		OBJ_30 /* NSDecimalNumberTransform.swift */ = {isa = PBXFileReference; path = NSDecimalNumberTransform.swift; sourceTree = "<group>"; };
		OBJ_31 /* Operators.swift */ = {isa = PBXFileReference; path = Operators.swift; sourceTree = "<group>"; };
		OBJ_32 /* ToJSON.swift */ = {isa = PBXFileReference; path = ToJSON.swift; sourceTree = "<group>"; };
		OBJ_33 /* TransformOf.swift */ = {isa = PBXFileReference; path = TransformOf.swift; sourceTree = "<group>"; };
		OBJ_34 /* TransformOperators.swift */ = {isa = PBXFileReference; path = TransformOperators.swift; sourceTree = "<group>"; };
		OBJ_35 /* TransformType.swift */ = {isa = PBXFileReference; path = TransformType.swift; sourceTree = "<group>"; };
		OBJ_36 /* URLTransform.swift */ = {isa = PBXFileReference; path = URLTransform.swift; sourceTree = "<group>"; };
		OBJ_39 /* KannadaSentenceParser.swift */ = {isa = PBXFileReference; path = KannadaSentenceParser.swift; sourceTree = "<group>"; };
		OBJ_40 /* KannadaWordExtractor.swift */ = {isa = PBXFileReference; path = KannadaWordExtractor.swift; sourceTree = "<group>"; };
		OBJ_42 /* UnigramMO.swift */ = {isa = PBXFileReference; path = UnigramMO.swift; sourceTree = "<group>"; };
		OBJ_43 /* Predictor.swift */ = {isa = PBXFileReference; path = Predictor.swift; sourceTree = "<group>"; };
		OBJ_45 /* IPredictor.swift */ = {isa = PBXFileReference; path = IPredictor.swift; sourceTree = "<group>"; };
		OBJ_46 /* ISentenceParser.swift */ = {isa = PBXFileReference; path = ISentenceParser.swift; sourceTree = "<group>"; };
		OBJ_47 /* IStemmer.swift */ = {isa = PBXFileReference; path = IStemmer.swift; sourceTree = "<group>"; };
		OBJ_48 /* IWordExtractor.swift */ = {isa = PBXFileReference; path = IWordExtractor.swift; sourceTree = "<group>"; };
		OBJ_49 /* PredictiveKeyboardDelegate.swift */ = {isa = PBXFileReference; path = PredictiveKeyboardDelegate.swift; sourceTree = "<group>"; };
		OBJ_50 /* Package.swift */ = {isa = PBXFileReference; explicitFileType = sourcecode.swift; name = Package.swift; path = "/Users/ajeyatj/Documents/iKanType/Dependencies/.build/checkouts/nlp.git--4679662329915982637/Package.swift"; sourceTree = "<group>"; };
		OBJ_6 /* Package.swift */ = {isa = PBXFileReference; explicitFileType = sourcecode.swift; path = Package.swift; sourceTree = "<group>"; };
		OBJ_9 /* Dependencies.swift */ = {isa = PBXFileReference; path = Dependencies.swift; sourceTree = "<group>"; };
		ObjectMapper::ObjectMapper::Product /* ObjectMapper.framework */ = {isa = PBXFileReference; path = ObjectMapper.framework; sourceTree = BUILT_PRODUCTS_DIR; };
		nlp::nlp::Product /* nlp.framework */ = {isa = PBXFileReference; path = nlp.framework; sourceTree = BUILT_PRODUCTS_DIR; };
/* End PBXFileReference section */

/* Begin PBXFrameworksBuildPhase section */
		OBJ_101 /* Frameworks */ = {
			isa = PBXFrameworksBuildPhase;
			files = (
			);
		};
		OBJ_121 /* Frameworks */ = {
			isa = PBXFrameworksBuildPhase;
			files = (
			);
		};
		OBJ_61 /* Frameworks */ = {
			isa = PBXFrameworksBuildPhase;
			files = (
				OBJ_62 /* ObjectMapper.framework in Frameworks */,
				OBJ_63 /* nlp.framework in Frameworks */,
			);
		};
/* End PBXFrameworksBuildPhase section */

/* Begin PBXGroup section */
		OBJ_10 /* Tests */ = {
			isa = PBXGroup;
			children = (
			);
			name = Tests;
			path = "";
			sourceTree = SOURCE_ROOT;
		};
		OBJ_11 /* Dependencies */ = {
			isa = PBXGroup;
			children = (
				OBJ_12 /* ObjectMapper 3.3.0 */,
				OBJ_37 /* nlp 0.1.0 */,
			);
			name = Dependencies;
			path = "";
			sourceTree = "<group>";
		};
		OBJ_12 /* ObjectMapper 3.3.0 */ = {
			isa = PBXGroup;
			children = (
				OBJ_13 /* Package.swift */,
				OBJ_14 /* CustomDateFormatTransform.swift */,
				OBJ_15 /* DataTransform.swift */,
				OBJ_16 /* DateFormatterTransform.swift */,
				OBJ_17 /* DateTransform.swift */,
				OBJ_18 /* DictionaryTransform.swift */,
				OBJ_19 /* EnumOperators.swift */,
				OBJ_20 /* EnumTransform.swift */,
				OBJ_21 /* FromJSON.swift */,
				OBJ_22 /* HexColorTransform.swift */,
				OBJ_23 /* ISO8601DateTransform.swift */,
				OBJ_24 /* ImmutableMappable.swift */,
				OBJ_25 /* IntegerOperators.swift */,
				OBJ_26 /* Map.swift */,
				OBJ_27 /* MapError.swift */,
				OBJ_28 /* Mappable.swift */,
				OBJ_29 /* Mapper.swift */,
				OBJ_30 /* NSDecimalNumberTransform.swift */,
				OBJ_31 /* Operators.swift */,
				OBJ_32 /* ToJSON.swift */,
				OBJ_33 /* TransformOf.swift */,
				OBJ_34 /* TransformOperators.swift */,
				OBJ_35 /* TransformType.swift */,
				OBJ_36 /* URLTransform.swift */,
			);
			name = "ObjectMapper 3.3.0";
			path = ".build/checkouts/ObjectMapper.git--1588536303418983131/Sources";
			sourceTree = SOURCE_ROOT;
		};
		OBJ_37 /* nlp 0.1.0 */ = {
			isa = PBXGroup;
			children = (
				OBJ_38 /* nlp */,
				OBJ_50 /* Package.swift */,
			);
			name = "nlp 0.1.0";
			path = "";
			sourceTree = SOURCE_ROOT;
		};
		OBJ_38 /* nlp */ = {
			isa = PBXGroup;
			children = (
				OBJ_39 /* KannadaSentenceParser.swift */,
				OBJ_40 /* KannadaWordExtractor.swift */,
				OBJ_41 /* Model */,
				OBJ_43 /* Predictor.swift */,
				OBJ_44 /* Protocols */,
			);
			name = nlp;
			path = ".build/checkouts/nlp.git--4679662329915982637/Sources/nlp";
			sourceTree = SOURCE_ROOT;
		};
		OBJ_41 /* Model */ = {
			isa = PBXGroup;
			children = (
				OBJ_42 /* UnigramMO.swift */,
			);
			name = Model;
			path = Model;
			sourceTree = "<group>";
		};
		OBJ_44 /* Protocols */ = {
			isa = PBXGroup;
			children = (
				OBJ_45 /* IPredictor.swift */,
				OBJ_46 /* ISentenceParser.swift */,
				OBJ_47 /* IStemmer.swift */,
				OBJ_48 /* IWordExtractor.swift */,
				OBJ_49 /* PredictiveKeyboardDelegate.swift */,
			);
			name = Protocols;
			path = Protocols;
			sourceTree = "<group>";
		};
		OBJ_5 = {
			isa = PBXGroup;
			children = (
				OBJ_6 /* Package.swift */,
				OBJ_7 /* Sources */,
				OBJ_10 /* Tests */,
				OBJ_11 /* Dependencies */,
				OBJ_51 /* Products */,
			);
			path = "";
			sourceTree = "<group>";
		};
		OBJ_51 /* Products */ = {
			isa = PBXGroup;
			children = (
				ObjectMapper::ObjectMapper::Product /* ObjectMapper.framework */,
				nlp::nlp::Product /* nlp.framework */,
				Dependencies::Dependencies::Product /* Dependencies.framework */,
			);
			name = Products;
			path = "";
			sourceTree = BUILT_PRODUCTS_DIR;
		};
		OBJ_7 /* Sources */ = {
			isa = PBXGroup;
			children = (
				OBJ_8 /* Dependencies */,
			);
			name = Sources;
			path = "";
			sourceTree = SOURCE_ROOT;
		};
		OBJ_8 /* Dependencies */ = {
			isa = PBXGroup;
			children = (
				OBJ_9 /* Dependencies.swift */,
			);
			name = Dependencies;
			path = "";
			sourceTree = SOURCE_ROOT;
		};
/* End PBXGroup section */

/* Begin PBXNativeTarget section */
		Dependencies::Dependencies /* Dependencies */ = {
			isa = PBXNativeTarget;
			buildConfigurationList = OBJ_56 /* Build configuration list for PBXNativeTarget "Dependencies" */;
			buildPhases = (
				OBJ_59 /* Sources */,
				OBJ_61 /* Frameworks */,
			);
			buildRules = (
			);
			dependencies = (
				OBJ_64 /* PBXTargetDependency */,
				OBJ_66 /* PBXTargetDependency */,
			);
			name = Dependencies;
			productName = Dependencies;
			productReference = Dependencies::Dependencies::Product /* Dependencies.framework */;
			productType = "com.apple.product-type.framework";
		};
		Dependencies::SwiftPMPackageDescription /* DependenciesPackageDescription */ = {
			isa = PBXNativeTarget;
			buildConfigurationList = OBJ_69 /* Build configuration list for PBXNativeTarget "DependenciesPackageDescription" */;
			buildPhases = (
				OBJ_72 /* Sources */,
			);
			buildRules = (
			);
			dependencies = (
			);
			name = DependenciesPackageDescription;
			productName = DependenciesPackageDescription;
			productType = "com.apple.product-type.framework";
		};
		ObjectMapper::ObjectMapper /* ObjectMapper */ = {
			isa = PBXNativeTarget;
			buildConfigurationList = OBJ_74 /* Build configuration list for PBXNativeTarget "ObjectMapper" */;
			buildPhases = (
				OBJ_77 /* Sources */,
				OBJ_101 /* Frameworks */,
			);
			buildRules = (
			);
			dependencies = (
			);
			name = ObjectMapper;
			productName = ObjectMapper;
			productReference = ObjectMapper::ObjectMapper::Product /* ObjectMapper.framework */;
			productType = "com.apple.product-type.framework";
		};
		ObjectMapper::SwiftPMPackageDescription /* ObjectMapperPackageDescription */ = {
			isa = PBXNativeTarget;
			buildConfigurationList = OBJ_103 /* Build configuration list for PBXNativeTarget "ObjectMapperPackageDescription" */;
			buildPhases = (
				OBJ_106 /* Sources */,
			);
			buildRules = (
			);
			dependencies = (
			);
			name = ObjectMapperPackageDescription;
			productName = ObjectMapperPackageDescription;
			productType = "com.apple.product-type.framework";
		};
		nlp::SwiftPMPackageDescription /* nlpPackageDescription */ = {
			isa = PBXNativeTarget;
			buildConfigurationList = OBJ_123 /* Build configuration list for PBXNativeTarget "nlpPackageDescription" */;
			buildPhases = (
				OBJ_126 /* Sources */,
			);
			buildRules = (
			);
			dependencies = (
			);
			name = nlpPackageDescription;
			productName = nlpPackageDescription;
			productType = "com.apple.product-type.framework";
		};
		nlp::nlp /* nlp */ = {
			isa = PBXNativeTarget;
			buildConfigurationList = OBJ_108 /* Build configuration list for PBXNativeTarget "nlp" */;
			buildPhases = (
				OBJ_111 /* Sources */,
				OBJ_121 /* Frameworks */,
			);
			buildRules = (
			);
			dependencies = (
			);
			name = nlp;
			productName = nlp;
			productReference = nlp::nlp::Product /* nlp.framework */;
			productType = "com.apple.product-type.framework";
		};
/* End PBXNativeTarget section */

/* Begin PBXProject section */
		OBJ_1 /* Project object */ = {
			isa = PBXProject;
			attributes = {
				LastUpgradeCheck = 9999;
			};
			buildConfigurationList = OBJ_2 /* Build configuration list for PBXProject "Dependencies" */;
			compatibilityVersion = "Xcode 3.2";
			developmentRegion = English;
			hasScannedForEncodings = 0;
			knownRegions = (
				en,
			);
			mainGroup = OBJ_5;
			productRefGroup = OBJ_51 /* Products */;
			projectDirPath = .;
			targets = (
				Dependencies::Dependencies /* Dependencies */,
				Dependencies::SwiftPMPackageDescription /* DependenciesPackageDescription */,
				ObjectMapper::ObjectMapper /* ObjectMapper */,
				ObjectMapper::SwiftPMPackageDescription /* ObjectMapperPackageDescription */,
				nlp::nlp /* nlp */,
				nlp::SwiftPMPackageDescription /* nlpPackageDescription */,
			);
		};
/* End PBXProject section */

/* Begin PBXSourcesBuildPhase section */
		OBJ_106 /* Sources */ = {
			isa = PBXSourcesBuildPhase;
			files = (
				OBJ_107 /* Package.swift in Sources */,
			);
		};
		OBJ_111 /* Sources */ = {
			isa = PBXSourcesBuildPhase;
			files = (
				OBJ_112 /* KannadaSentenceParser.swift in Sources */,
				OBJ_113 /* KannadaWordExtractor.swift in Sources */,
				OBJ_114 /* UnigramMO.swift in Sources */,
				OBJ_115 /* Predictor.swift in Sources */,
				OBJ_116 /* IPredictor.swift in Sources */,
				OBJ_117 /* ISentenceParser.swift in Sources */,
				OBJ_118 /* IStemmer.swift in Sources */,
				OBJ_119 /* IWordExtractor.swift in Sources */,
				OBJ_120 /* PredictiveKeyboardDelegate.swift in Sources */,
			);
		};
		OBJ_126 /* Sources */ = {
			isa = PBXSourcesBuildPhase;
			files = (
				OBJ_127 /* Package.swift in Sources */,
			);
		};
		OBJ_59 /* Sources */ = {
			isa = PBXSourcesBuildPhase;
			files = (
				OBJ_60 /* Dependencies.swift in Sources */,
			);
		};
		OBJ_72 /* Sources */ = {
			isa = PBXSourcesBuildPhase;
			files = (
				OBJ_73 /* Package.swift in Sources */,
			);
		};
		OBJ_77 /* Sources */ = {
			isa = PBXSourcesBuildPhase;
			files = (
				OBJ_78 /* CustomDateFormatTransform.swift in Sources */,
				OBJ_79 /* DataTransform.swift in Sources */,
				OBJ_80 /* DateFormatterTransform.swift in Sources */,
				OBJ_81 /* DateTransform.swift in Sources */,
				OBJ_82 /* DictionaryTransform.swift in Sources */,
				OBJ_83 /* EnumOperators.swift in Sources */,
				OBJ_84 /* EnumTransform.swift in Sources */,
				OBJ_85 /* FromJSON.swift in Sources */,
				OBJ_86 /* HexColorTransform.swift in Sources */,
				OBJ_87 /* ISO8601DateTransform.swift in Sources */,
				OBJ_88 /* ImmutableMappable.swift in Sources */,
				OBJ_89 /* IntegerOperators.swift in Sources */,
				OBJ_90 /* Map.swift in Sources */,
				OBJ_91 /* MapError.swift in Sources */,
				OBJ_92 /* Mappable.swift in Sources */,
				OBJ_93 /* Mapper.swift in Sources */,
				OBJ_94 /* NSDecimalNumberTransform.swift in Sources */,
				OBJ_95 /* Operators.swift in Sources */,
				OBJ_96 /* ToJSON.swift in Sources */,
				OBJ_97 /* TransformOf.swift in Sources */,
				OBJ_98 /* TransformOperators.swift in Sources */,
				OBJ_99 /* TransformType.swift in Sources */,
				OBJ_100 /* URLTransform.swift in Sources */,
			);
		};
/* End PBXSourcesBuildPhase section */

/* Begin PBXTargetDependency section */
		OBJ_64 /* PBXTargetDependency */ = {
			isa = PBXTargetDependency;
			target = ObjectMapper::ObjectMapper /* ObjectMapper */;
		};
		OBJ_66 /* PBXTargetDependency */ = {
			isa = PBXTargetDependency;
			target = nlp::nlp /* nlp */;
		};
/* End PBXTargetDependency section */

/* Begin XCBuildConfiguration section */
		OBJ_104 /* Debug */ = {
			isa = XCBuildConfiguration;
			buildSettings = {
				DEFINES_MODULE = YES;
				LD = /usr/bin/true;
				OTHER_SWIFT_FLAGS = "-swift-version 3 -I $(TOOLCHAIN_DIR)/usr/lib/swift/pm/3 -target x86_64-apple-macosx10.10 -sdk /Volumes/Ajeya/Applications/Xcode-beta.app/Contents/Developer/Platforms/MacOSX.platform/Developer/SDKs/MacOSX10.14.sdk";
				SWIFT_VERSION = 3.0;
			};
			name = Debug;
		};
		OBJ_105 /* Release */ = {
			isa = XCBuildConfiguration;
			buildSettings = {
				DEFINES_MODULE = YES;
				LD = /usr/bin/true;
				OTHER_SWIFT_FLAGS = "-swift-version 3 -I $(TOOLCHAIN_DIR)/usr/lib/swift/pm/3 -target x86_64-apple-macosx10.10 -sdk /Volumes/Ajeya/Applications/Xcode-beta.app/Contents/Developer/Platforms/MacOSX.platform/Developer/SDKs/MacOSX10.14.sdk";
				SWIFT_VERSION = 3.0;
			};
			name = Release;
		};
		OBJ_109 /* Debug */ = {
			isa = XCBuildConfiguration;
			buildSettings = {
				DEFINES_MODULE = YES;
				ENABLE_TESTABILITY = YES;
				FRAMEWORK_SEARCH_PATHS = (
					"$(inherited)",
					"$(PLATFORM_DIR)/Developer/Library/Frameworks",
				);
				HEADER_SEARCH_PATHS = "$(inherited)";
				INFOPLIST_FILE = Dependencies.xcodeproj/nlp_Info.plist;
				LD_RUNPATH_SEARCH_PATHS = "$(inherited) $(TOOLCHAIN_DIR)/usr/lib/swift/macosx";
				OTHER_CFLAGS = "$(inherited)";
				OTHER_LDFLAGS = "$(inherited)";
				OTHER_SWIFT_FLAGS = "$(inherited)";
				PRODUCT_BUNDLE_IDENTIFIER = nlp;
				PRODUCT_MODULE_NAME = "$(TARGET_NAME:c99extidentifier)";
				PRODUCT_NAME = "$(TARGET_NAME:c99extidentifier)";
				SKIP_INSTALL = YES;
				SWIFT_ACTIVE_COMPILATION_CONDITIONS = "$(inherited)";
				SWIFT_VERSION = 4.2;
				TARGET_NAME = nlp;
			};
			name = Debug;
		};
		OBJ_110 /* Release */ = {
			isa = XCBuildConfiguration;
			buildSettings = {
				DEFINES_MODULE = YES;
				ENABLE_TESTABILITY = YES;
				FRAMEWORK_SEARCH_PATHS = (
					"$(inherited)",
					"$(PLATFORM_DIR)/Developer/Library/Frameworks",
				);
				HEADER_SEARCH_PATHS = "$(inherited)";
				INFOPLIST_FILE = Dependencies.xcodeproj/nlp_Info.plist;
				LD_RUNPATH_SEARCH_PATHS = "$(inherited) $(TOOLCHAIN_DIR)/usr/lib/swift/macosx";
				OTHER_CFLAGS = "$(inherited)";
				OTHER_LDFLAGS = "$(inherited)";
				OTHER_SWIFT_FLAGS = "$(inherited)";
				PRODUCT_BUNDLE_IDENTIFIER = nlp;
				PRODUCT_MODULE_NAME = "$(TARGET_NAME:c99extidentifier)";
				PRODUCT_NAME = "$(TARGET_NAME:c99extidentifier)";
				SKIP_INSTALL = YES;
				SWIFT_ACTIVE_COMPILATION_CONDITIONS = "$(inherited)";
				SWIFT_VERSION = 4.2;
				TARGET_NAME = nlp;
			};
			name = Release;
		};
		OBJ_124 /* Debug */ = {
			isa = XCBuildConfiguration;
			buildSettings = {
				DEFINES_MODULE = YES;
				LD = /usr/bin/true;
				OTHER_SWIFT_FLAGS = "-swift-version 4.2 -I $(TOOLCHAIN_DIR)/usr/lib/swift/pm/4_2 -target x86_64-apple-macosx10.10 -sdk /Volumes/Ajeya/Applications/Xcode-beta.app/Contents/Developer/Platforms/MacOSX.platform/Developer/SDKs/MacOSX10.14.sdk";
				SWIFT_VERSION = 4.2;
			};
			name = Debug;
		};
		OBJ_125 /* Release */ = {
			isa = XCBuildConfiguration;
			buildSettings = {
				DEFINES_MODULE = YES;
				LD = /usr/bin/true;
				OTHER_SWIFT_FLAGS = "-swift-version 4.2 -I $(TOOLCHAIN_DIR)/usr/lib/swift/pm/4_2 -target x86_64-apple-macosx10.10 -sdk /Volumes/Ajeya/Applications/Xcode-beta.app/Contents/Developer/Platforms/MacOSX.platform/Developer/SDKs/MacOSX10.14.sdk";
				SWIFT_VERSION = 4.2;
			};
			name = Release;
		};
		OBJ_3 /* Debug */ = {
			isa = XCBuildConfiguration;
			buildSettings = {
				CLANG_ENABLE_OBJC_ARC = YES;
				COMBINE_HIDPI_IMAGES = YES;
				COPY_PHASE_STRIP = NO;
				DEBUG_INFORMATION_FORMAT = dwarf;
				DYLIB_INSTALL_NAME_BASE = "@rpath";
				ENABLE_NS_ASSERTIONS = YES;
				GCC_OPTIMIZATION_LEVEL = 0;
				GCC_PREPROCESSOR_DEFINITIONS = (
					"DEBUG=1",
					"$(inherited)",
				);
				MACOSX_DEPLOYMENT_TARGET = 10.10;
				ONLY_ACTIVE_ARCH = YES;
				OTHER_SWIFT_FLAGS = "-DXcode";
				PRODUCT_NAME = "$(TARGET_NAME)";
				SDKROOT = iphoneos;
				SWIFT_ACTIVE_COMPILATION_CONDITIONS = "SWIFT_PACKAGE DEBUG";
				SWIFT_OPTIMIZATION_LEVEL = "-Onone";
				USE_HEADERMAP = NO;
			};
			name = Debug;
		};
		OBJ_4 /* Release */ = {
			isa = XCBuildConfiguration;
			buildSettings = {
				CLANG_ENABLE_OBJC_ARC = YES;
				COMBINE_HIDPI_IMAGES = YES;
				COPY_PHASE_STRIP = YES;
				DEBUG_INFORMATION_FORMAT = "dwarf-with-dsym";
				DYLIB_INSTALL_NAME_BASE = "@rpath";
				GCC_OPTIMIZATION_LEVEL = s;
				MACOSX_DEPLOYMENT_TARGET = 10.10;
				OTHER_SWIFT_FLAGS = "-DXcode";
				PRODUCT_NAME = "$(TARGET_NAME)";
				SDKROOT = iphoneos;
				SWIFT_ACTIVE_COMPILATION_CONDITIONS = SWIFT_PACKAGE;
				SWIFT_OPTIMIZATION_LEVEL = "-Owholemodule";
				USE_HEADERMAP = NO;
			};
			name = Release;
		};
		OBJ_57 /* Debug */ = {
			isa = XCBuildConfiguration;
			buildSettings = {
				DEFINES_MODULE = YES;
				ENABLE_TESTABILITY = YES;
				FRAMEWORK_SEARCH_PATHS = (
					"$(inherited)",
					"$(PLATFORM_DIR)/Developer/Library/Frameworks",
				);
				HEADER_SEARCH_PATHS = "$(inherited)";
				INFOPLIST_FILE = Dependencies.xcodeproj/Dependencies_Info.plist;
				LD_RUNPATH_SEARCH_PATHS = "$(inherited) $(TOOLCHAIN_DIR)/usr/lib/swift/macosx";
				OTHER_CFLAGS = "$(inherited)";
				OTHER_LDFLAGS = "$(inherited)";
				OTHER_SWIFT_FLAGS = "$(inherited)";
				PRODUCT_BUNDLE_IDENTIFIER = Dependencies;
				PRODUCT_MODULE_NAME = "$(TARGET_NAME:c99extidentifier)";
				PRODUCT_NAME = "$(TARGET_NAME:c99extidentifier)";
				SKIP_INSTALL = YES;
				SWIFT_ACTIVE_COMPILATION_CONDITIONS = "$(inherited)";
				SWIFT_VERSION = 4.0;
				TARGET_NAME = Dependencies;
			};
			name = Debug;
		};
		OBJ_58 /* Release */ = {
			isa = XCBuildConfiguration;
			buildSettings = {
				DEFINES_MODULE = YES;
				ENABLE_TESTABILITY = YES;
				FRAMEWORK_SEARCH_PATHS = (
					"$(inherited)",
					"$(PLATFORM_DIR)/Developer/Library/Frameworks",
				);
				HEADER_SEARCH_PATHS = "$(inherited)";
				INFOPLIST_FILE = Dependencies.xcodeproj/Dependencies_Info.plist;
				LD_RUNPATH_SEARCH_PATHS = "$(inherited) $(TOOLCHAIN_DIR)/usr/lib/swift/macosx";
				OTHER_CFLAGS = "$(inherited)";
				OTHER_LDFLAGS = "$(inherited)";
				OTHER_SWIFT_FLAGS = "$(inherited)";
				PRODUCT_BUNDLE_IDENTIFIER = Dependencies;
				PRODUCT_MODULE_NAME = "$(TARGET_NAME:c99extidentifier)";
				PRODUCT_NAME = "$(TARGET_NAME:c99extidentifier)";
				SKIP_INSTALL = YES;
				SWIFT_ACTIVE_COMPILATION_CONDITIONS = "$(inherited)";
				SWIFT_VERSION = 4.0;
				TARGET_NAME = Dependencies;
			};
			name = Release;
		};
		OBJ_70 /* Debug */ = {
			isa = XCBuildConfiguration;
			buildSettings = {
				DEFINES_MODULE = YES;
				LD = /usr/bin/true;
				OTHER_SWIFT_FLAGS = "-swift-version 4 -I $(TOOLCHAIN_DIR)/usr/lib/swift/pm/4 -target x86_64-apple-macosx10.10 -sdk /Volumes/Ajeya/Applications/Xcode-beta.app/Contents/Developer/Platforms/MacOSX.platform/Developer/SDKs/MacOSX10.14.sdk";
				SWIFT_VERSION = 4.0;
			};
			name = Debug;
		};
		OBJ_71 /* Release */ = {
			isa = XCBuildConfiguration;
			buildSettings = {
				DEFINES_MODULE = YES;
				LD = /usr/bin/true;
				OTHER_SWIFT_FLAGS = "-swift-version 4 -I $(TOOLCHAIN_DIR)/usr/lib/swift/pm/4 -target x86_64-apple-macosx10.10 -sdk /Volumes/Ajeya/Applications/Xcode-beta.app/Contents/Developer/Platforms/MacOSX.platform/Developer/SDKs/MacOSX10.14.sdk";
				SWIFT_VERSION = 4.0;
			};
			name = Release;
		};
		OBJ_75 /* Debug */ = {
			isa = XCBuildConfiguration;
			buildSettings = {
				DEFINES_MODULE = YES;
				ENABLE_TESTABILITY = YES;
				FRAMEWORK_SEARCH_PATHS = (
					"$(inherited)",
					"$(PLATFORM_DIR)/Developer/Library/Frameworks",
				);
				HEADER_SEARCH_PATHS = "$(inherited)";
				INFOPLIST_FILE = Dependencies.xcodeproj/ObjectMapper_Info.plist;
				LD_RUNPATH_SEARCH_PATHS = "$(inherited) $(TOOLCHAIN_DIR)/usr/lib/swift/macosx";
				OTHER_CFLAGS = "$(inherited)";
				OTHER_LDFLAGS = "$(inherited)";
				OTHER_SWIFT_FLAGS = "$(inherited)";
				PRODUCT_BUNDLE_IDENTIFIER = ObjectMapper;
				PRODUCT_MODULE_NAME = "$(TARGET_NAME:c99extidentifier)";
				PRODUCT_NAME = "$(TARGET_NAME:c99extidentifier)";
				SKIP_INSTALL = YES;
				SWIFT_ACTIVE_COMPILATION_CONDITIONS = "$(inherited)";
				SWIFT_VERSION = 3.0;
				TARGET_NAME = ObjectMapper;
			};
			name = Debug;
		};
		OBJ_76 /* Release */ = {
			isa = XCBuildConfiguration;
			buildSettings = {
				DEFINES_MODULE = YES;
				ENABLE_TESTABILITY = YES;
				FRAMEWORK_SEARCH_PATHS = (
					"$(inherited)",
					"$(PLATFORM_DIR)/Developer/Library/Frameworks",
				);
				HEADER_SEARCH_PATHS = "$(inherited)";
				INFOPLIST_FILE = Dependencies.xcodeproj/ObjectMapper_Info.plist;
				LD_RUNPATH_SEARCH_PATHS = "$(inherited) $(TOOLCHAIN_DIR)/usr/lib/swift/macosx";
				OTHER_CFLAGS = "$(inherited)";
				OTHER_LDFLAGS = "$(inherited)";
				OTHER_SWIFT_FLAGS = "$(inherited)";
				PRODUCT_BUNDLE_IDENTIFIER = ObjectMapper;
				PRODUCT_MODULE_NAME = "$(TARGET_NAME:c99extidentifier)";
				PRODUCT_NAME = "$(TARGET_NAME:c99extidentifier)";
				SKIP_INSTALL = YES;
				SWIFT_ACTIVE_COMPILATION_CONDITIONS = "$(inherited)";
				SWIFT_VERSION = 3.0;
				TARGET_NAME = ObjectMapper;
			};
			name = Release;
		};
/* End XCBuildConfiguration section */

/* Begin XCConfigurationList section */
		OBJ_103 /* Build configuration list for PBXNativeTarget "ObjectMapperPackageDescription" */ = {
			isa = XCConfigurationList;
			buildConfigurations = (
				OBJ_104 /* Debug */,
				OBJ_105 /* Release */,
			);
			defaultConfigurationIsVisible = 0;
			defaultConfigurationName = Release;
		};
		OBJ_108 /* Build configuration list for PBXNativeTarget "nlp" */ = {
			isa = XCConfigurationList;
			buildConfigurations = (
				OBJ_109 /* Debug */,
				OBJ_110 /* Release */,
			);
			defaultConfigurationIsVisible = 0;
			defaultConfigurationName = Release;
		};
		OBJ_123 /* Build configuration list for PBXNativeTarget "nlpPackageDescription" */ = {
			isa = XCConfigurationList;
			buildConfigurations = (
				OBJ_124 /* Debug */,
				OBJ_125 /* Release */,
			);
			defaultConfigurationIsVisible = 0;
			defaultConfigurationName = Release;
		};
		OBJ_2 /* Build configuration list for PBXProject "Dependencies" */ = {
			isa = XCConfigurationList;
			buildConfigurations = (
				OBJ_3 /* Debug */,
				OBJ_4 /* Release */,
			);
			defaultConfigurationIsVisible = 0;
			defaultConfigurationName = Release;
		};
		OBJ_56 /* Build configuration list for PBXNativeTarget "Dependencies" */ = {
			isa = XCConfigurationList;
			buildConfigurations = (
				OBJ_57 /* Debug */,
				OBJ_58 /* Release */,
			);
			defaultConfigurationIsVisible = 0;
			defaultConfigurationName = Release;
		};
		OBJ_69 /* Build configuration list for PBXNativeTarget "DependenciesPackageDescription" */ = {
			isa = XCConfigurationList;
			buildConfigurations = (
				OBJ_70 /* Debug */,
				OBJ_71 /* Release */,
			);
			defaultConfigurationIsVisible = 0;
			defaultConfigurationName = Release;
		};
		OBJ_74 /* Build configuration list for PBXNativeTarget "ObjectMapper" */ = {
			isa = XCConfigurationList;
			buildConfigurations = (
				OBJ_75 /* Debug */,
				OBJ_76 /* Release */,
			);
			defaultConfigurationIsVisible = 0;
			defaultConfigurationName = Release;
		};
/* End XCConfigurationList section */
	};
	rootObject = OBJ_1 /* Project object */;
}
