// !$*UTF8*$!
{
	archiveVersion = 1;
	classes = {
	};
	objectVersion = 46;
	objects = {

/* Begin PBXBuildFile section */
		OBJ_108 /* Package.swift in Sources */ = {isa = PBXBuildFile; fileRef = OBJ_6 /* Package.swift */; };
		OBJ_113 /* KBViewController.swift in Sources */ = {isa = PBXBuildFile; fileRef = OBJ_15 /* KBViewController.swift */; };
		OBJ_114 /* AJColorExtensions.swift in Sources */ = {isa = PBXBuildFile; fileRef = OBJ_17 /* AJColorExtensions.swift */; };
		OBJ_115 /* UIColorExtensions.swift in Sources */ = {isa = PBXBuildFile; fileRef = OBJ_18 /* UIColorExtensions.swift */; };
		OBJ_116 /* UIViewExtensions.swift in Sources */ = {isa = PBXBuildFile; fileRef = OBJ_19 /* UIViewExtensions.swift */; };
		OBJ_117 /* AJColor.swift in Sources */ = {isa = PBXBuildFile; fileRef = OBJ_21 /* AJColor.swift */; };
		OBJ_118 /* AJGradientColor.swift in Sources */ = {isa = PBXBuildFile; fileRef = OBJ_22 /* AJGradientColor.swift */; };
		OBJ_119 /* ButtonTheme.swift in Sources */ = {isa = PBXBuildFile; fileRef = OBJ_23 /* ButtonTheme.swift */; };
		OBJ_120 /* KeyAlignmentType.swift in Sources */ = {isa = PBXBuildFile; fileRef = OBJ_24 /* KeyAlignmentType.swift */; };
		OBJ_121 /* KeyModel.swift in Sources */ = {isa = PBXBuildFile; fileRef = OBJ_25 /* KeyModel.swift */; };
		OBJ_122 /* KeyboardFactory.swift in Sources */ = {isa = PBXBuildFile; fileRef = OBJ_26 /* KeyboardFactory.swift */; };
		OBJ_123 /* KeyboardModel.swift in Sources */ = {isa = PBXBuildFile; fileRef = OBJ_27 /* KeyboardModel.swift */; };
		OBJ_124 /* PredictionTheme.swift in Sources */ = {isa = PBXBuildFile; fileRef = OBJ_28 /* PredictionTheme.swift */; };
		OBJ_125 /* Theme.swift in Sources */ = {isa = PBXBuildFile; fileRef = OBJ_29 /* Theme.swift */; };
		OBJ_126 /* ThemeFactory.swift in Sources */ = {isa = PBXBuildFile; fileRef = OBJ_30 /* ThemeFactory.swift */; };
		OBJ_127 /* Themes.swift in Sources */ = {isa = PBXBuildFile; fileRef = OBJ_31 /* Themes.swift */; };
		OBJ_128 /* iDiacriticKeyboard.swift in Sources */ = {isa = PBXBuildFile; fileRef = OBJ_32 /* iDiacriticKeyboard.swift */; };
		OBJ_129 /* iKeyboard.swift in Sources */ = {isa = PBXBuildFile; fileRef = OBJ_33 /* iKeyboard.swift */; };
		OBJ_130 /* ButtonViewController.swift in Sources */ = {isa = PBXBuildFile; fileRef = OBJ_35 /* ButtonViewController.swift */; };
		OBJ_131 /* KBAlphaView.swift in Sources */ = {isa = PBXBuildFile; fileRef = OBJ_36 /* KBAlphaView.swift */; };
		OBJ_132 /* KBButton.swift in Sources */ = {isa = PBXBuildFile; fileRef = OBJ_37 /* KBButton.swift */; };
		OBJ_133 /* KBCommandButton.swift in Sources */ = {isa = PBXBuildFile; fileRef = OBJ_38 /* KBCommandButton.swift */; };
		OBJ_134 /* KBNumericView.swift in Sources */ = {isa = PBXBuildFile; fileRef = OBJ_39 /* KBNumericView.swift */; };
		OBJ_135 /* KBPredictionView.swift in Sources */ = {isa = PBXBuildFile; fileRef = OBJ_40 /* KBPredictionView.swift */; };
		OBJ_136 /* KBView.swift in Sources */ = {isa = PBXBuildFile; fileRef = OBJ_41 /* KBView.swift */; };
		OBJ_138 /* ObjectMapper.framework in Frameworks */ = {isa = PBXBuildFile; fileRef = ObjectMapper::ObjectMapper::Product /* ObjectMapper.framework */; };
		OBJ_139 /* nlp.framework in Frameworks */ = {isa = PBXBuildFile; fileRef = nlp::nlp::Product /* nlp.framework */; };
		OBJ_147 /* Package.swift in Sources */ = {isa = PBXBuildFile; fileRef = OBJ_42 /* Package.swift */; };
		OBJ_152 /* CustomDateFormatTransform.swift in Sources */ = {isa = PBXBuildFile; fileRef = OBJ_45 /* CustomDateFormatTransform.swift */; };
		OBJ_153 /* DataTransform.swift in Sources */ = {isa = PBXBuildFile; fileRef = OBJ_46 /* DataTransform.swift */; };
		OBJ_154 /* DateFormatterTransform.swift in Sources */ = {isa = PBXBuildFile; fileRef = OBJ_47 /* DateFormatterTransform.swift */; };
		OBJ_155 /* DateTransform.swift in Sources */ = {isa = PBXBuildFile; fileRef = OBJ_48 /* DateTransform.swift */; };
		OBJ_156 /* DictionaryTransform.swift in Sources */ = {isa = PBXBuildFile; fileRef = OBJ_49 /* DictionaryTransform.swift */; };
		OBJ_157 /* EnumOperators.swift in Sources */ = {isa = PBXBuildFile; fileRef = OBJ_50 /* EnumOperators.swift */; };
		OBJ_158 /* EnumTransform.swift in Sources */ = {isa = PBXBuildFile; fileRef = OBJ_51 /* EnumTransform.swift */; };
		OBJ_159 /* FromJSON.swift in Sources */ = {isa = PBXBuildFile; fileRef = OBJ_52 /* FromJSON.swift */; };
		OBJ_160 /* HexColorTransform.swift in Sources */ = {isa = PBXBuildFile; fileRef = OBJ_53 /* HexColorTransform.swift */; };
		OBJ_161 /* ISO8601DateTransform.swift in Sources */ = {isa = PBXBuildFile; fileRef = OBJ_54 /* ISO8601DateTransform.swift */; };
		OBJ_162 /* ImmutableMappable.swift in Sources */ = {isa = PBXBuildFile; fileRef = OBJ_55 /* ImmutableMappable.swift */; };
		OBJ_163 /* IntegerOperators.swift in Sources */ = {isa = PBXBuildFile; fileRef = OBJ_56 /* IntegerOperators.swift */; };
		OBJ_164 /* Map.swift in Sources */ = {isa = PBXBuildFile; fileRef = OBJ_57 /* Map.swift */; };
		OBJ_165 /* MapError.swift in Sources */ = {isa = PBXBuildFile; fileRef = OBJ_58 /* MapError.swift */; };
		OBJ_166 /* Mappable.swift in Sources */ = {isa = PBXBuildFile; fileRef = OBJ_59 /* Mappable.swift */; };
		OBJ_167 /* Mapper.swift in Sources */ = {isa = PBXBuildFile; fileRef = OBJ_60 /* Mapper.swift */; };
		OBJ_168 /* NSDecimalNumberTransform.swift in Sources */ = {isa = PBXBuildFile; fileRef = OBJ_61 /* NSDecimalNumberTransform.swift */; };
		OBJ_169 /* Operators.swift in Sources */ = {isa = PBXBuildFile; fileRef = OBJ_62 /* Operators.swift */; };
		OBJ_170 /* ToJSON.swift in Sources */ = {isa = PBXBuildFile; fileRef = OBJ_63 /* ToJSON.swift */; };
		OBJ_171 /* TransformOf.swift in Sources */ = {isa = PBXBuildFile; fileRef = OBJ_64 /* TransformOf.swift */; };
		OBJ_172 /* TransformOperators.swift in Sources */ = {isa = PBXBuildFile; fileRef = OBJ_65 /* TransformOperators.swift */; };
		OBJ_173 /* TransformType.swift in Sources */ = {isa = PBXBuildFile; fileRef = OBJ_66 /* TransformType.swift */; };
		OBJ_174 /* URLTransform.swift in Sources */ = {isa = PBXBuildFile; fileRef = OBJ_67 /* URLTransform.swift */; };
		OBJ_181 /* Package.swift in Sources */ = {isa = PBXBuildFile; fileRef = OBJ_44 /* Package.swift */; };
		OBJ_186 /* KannadaSentenceParser.swift in Sources */ = {isa = PBXBuildFile; fileRef = OBJ_70 /* KannadaSentenceParser.swift */; };
		OBJ_187 /* KannadaWordExtractor.swift in Sources */ = {isa = PBXBuildFile; fileRef = OBJ_71 /* KannadaWordExtractor.swift */; };
		OBJ_188 /* UnigramMO.swift in Sources */ = {isa = PBXBuildFile; fileRef = OBJ_73 /* UnigramMO.swift */; };
		OBJ_189 /* Predictor.swift in Sources */ = {isa = PBXBuildFile; fileRef = OBJ_74 /* Predictor.swift */; };
		OBJ_190 /* IPredictor.swift in Sources */ = {isa = PBXBuildFile; fileRef = OBJ_76 /* IPredictor.swift */; };
		OBJ_191 /* ISentenceParser.swift in Sources */ = {isa = PBXBuildFile; fileRef = OBJ_77 /* ISentenceParser.swift */; };
		OBJ_192 /* IStemmer.swift in Sources */ = {isa = PBXBuildFile; fileRef = OBJ_78 /* IStemmer.swift */; };
		OBJ_193 /* IWordExtractor.swift in Sources */ = {isa = PBXBuildFile; fileRef = OBJ_79 /* IWordExtractor.swift */; };
		OBJ_194 /* PredictiveKeyboardDelegate.swift in Sources */ = {isa = PBXBuildFile; fileRef = OBJ_80 /* PredictiveKeyboardDelegate.swift */; };
		OBJ_201 /* Package.swift in Sources */ = {isa = PBXBuildFile; fileRef = OBJ_81 /* Package.swift */; };
		OBJ_92 /* Dependencies.swift in Sources */ = {isa = PBXBuildFile; fileRef = OBJ_9 /* Dependencies.swift */; };
		OBJ_94 /* Keyboard.framework in Frameworks */ = {isa = PBXBuildFile; fileRef = Keyboard::Keyboard::Product /* Keyboard.framework */; };
		OBJ_95 /* ObjectMapper.framework in Frameworks */ = {isa = PBXBuildFile; fileRef = ObjectMapper::ObjectMapper::Product /* ObjectMapper.framework */; };
		OBJ_96 /* nlp.framework in Frameworks */ = {isa = PBXBuildFile; fileRef = nlp::nlp::Product /* nlp.framework */; };
/* End PBXBuildFile section */

/* Begin PBXFileReference section */
		Dependencies::Dependencies::Product /* Dependencies.framework */ = {isa = PBXFileReference; path = Dependencies.framework; sourceTree = BUILT_PRODUCTS_DIR; };
		Keyboard::Keyboard::Product /* Keyboard.framework */ = {isa = PBXFileReference; path = Keyboard.framework; sourceTree = BUILT_PRODUCTS_DIR; };
		OBJ_15 /* KBViewController.swift */ = {isa = PBXFileReference; path = KBViewController.swift; sourceTree = "<group>"; };
		OBJ_17 /* AJColorExtensions.swift */ = {isa = PBXFileReference; path = AJColorExtensions.swift; sourceTree = "<group>"; };
		OBJ_18 /* UIColorExtensions.swift */ = {isa = PBXFileReference; path = UIColorExtensions.swift; sourceTree = "<group>"; };
		OBJ_19 /* UIViewExtensions.swift */ = {isa = PBXFileReference; path = UIViewExtensions.swift; sourceTree = "<group>"; };
		OBJ_21 /* AJColor.swift */ = {isa = PBXFileReference; path = AJColor.swift; sourceTree = "<group>"; };
		OBJ_22 /* AJGradientColor.swift */ = {isa = PBXFileReference; path = AJGradientColor.swift; sourceTree = "<group>"; };
		OBJ_23 /* ButtonTheme.swift */ = {isa = PBXFileReference; path = ButtonTheme.swift; sourceTree = "<group>"; };
		OBJ_24 /* KeyAlignmentType.swift */ = {isa = PBXFileReference; path = KeyAlignmentType.swift; sourceTree = "<group>"; };
		OBJ_25 /* KeyModel.swift */ = {isa = PBXFileReference; path = KeyModel.swift; sourceTree = "<group>"; };
		OBJ_26 /* KeyboardFactory.swift */ = {isa = PBXFileReference; path = KeyboardFactory.swift; sourceTree = "<group>"; };
		OBJ_27 /* KeyboardModel.swift */ = {isa = PBXFileReference; path = KeyboardModel.swift; sourceTree = "<group>"; };
		OBJ_28 /* PredictionTheme.swift */ = {isa = PBXFileReference; path = PredictionTheme.swift; sourceTree = "<group>"; };
		OBJ_29 /* Theme.swift */ = {isa = PBXFileReference; path = Theme.swift; sourceTree = "<group>"; };
		OBJ_30 /* ThemeFactory.swift */ = {isa = PBXFileReference; path = ThemeFactory.swift; sourceTree = "<group>"; };
		OBJ_31 /* Themes.swift */ = {isa = PBXFileReference; path = Themes.swift; sourceTree = "<group>"; };
		OBJ_32 /* iDiacriticKeyboard.swift */ = {isa = PBXFileReference; path = iDiacriticKeyboard.swift; sourceTree = "<group>"; };
		OBJ_33 /* iKeyboard.swift */ = {isa = PBXFileReference; path = iKeyboard.swift; sourceTree = "<group>"; };
		OBJ_35 /* ButtonViewController.swift */ = {isa = PBXFileReference; path = ButtonViewController.swift; sourceTree = "<group>"; };
		OBJ_36 /* KBAlphaView.swift */ = {isa = PBXFileReference; path = KBAlphaView.swift; sourceTree = "<group>"; };
		OBJ_37 /* KBButton.swift */ = {isa = PBXFileReference; path = KBButton.swift; sourceTree = "<group>"; };
		OBJ_38 /* KBCommandButton.swift */ = {isa = PBXFileReference; path = KBCommandButton.swift; sourceTree = "<group>"; };
		OBJ_39 /* KBNumericView.swift */ = {isa = PBXFileReference; path = KBNumericView.swift; sourceTree = "<group>"; };
		OBJ_40 /* KBPredictionView.swift */ = {isa = PBXFileReference; path = KBPredictionView.swift; sourceTree = "<group>"; };
		OBJ_41 /* KBView.swift */ = {isa = PBXFileReference; path = KBView.swift; sourceTree = "<group>"; };
		OBJ_42 /* Package.swift */ = {isa = PBXFileReference; explicitFileType = sourcecode.swift; name = Package.swift; path = "/Users/ajeyatj/Documents/iKanType/Dependencies/.build/checkouts/Keyboard.git--4482197071231447910/Package.swift"; sourceTree = "<group>"; };
		OBJ_44 /* Package.swift */ = {isa = PBXFileReference; explicitFileType = sourcecode.swift; name = Package.swift; path = "/Users/ajeyatj/Documents/iKanType/Dependencies/.build/checkouts/ObjectMapper.git-8187353239119286373/Package.swift"; sourceTree = "<group>"; };
		OBJ_45 /* CustomDateFormatTransform.swift */ = {isa = PBXFileReference; path = CustomDateFormatTransform.swift; sourceTree = "<group>"; };
		OBJ_46 /* DataTransform.swift */ = {isa = PBXFileReference; path = DataTransform.swift; sourceTree = "<group>"; };
		OBJ_47 /* DateFormatterTransform.swift */ = {isa = PBXFileReference; path = DateFormatterTransform.swift; sourceTree = "<group>"; };
		OBJ_48 /* DateTransform.swift */ = {isa = PBXFileReference; path = DateTransform.swift; sourceTree = "<group>"; };
		OBJ_49 /* DictionaryTransform.swift */ = {isa = PBXFileReference; path = DictionaryTransform.swift; sourceTree = "<group>"; };
		OBJ_50 /* EnumOperators.swift */ = {isa = PBXFileReference; path = EnumOperators.swift; sourceTree = "<group>"; };
		OBJ_51 /* EnumTransform.swift */ = {isa = PBXFileReference; path = EnumTransform.swift; sourceTree = "<group>"; };
		OBJ_52 /* FromJSON.swift */ = {isa = PBXFileReference; path = FromJSON.swift; sourceTree = "<group>"; };
		OBJ_53 /* HexColorTransform.swift */ = {isa = PBXFileReference; path = HexColorTransform.swift; sourceTree = "<group>"; };
		OBJ_54 /* ISO8601DateTransform.swift */ = {isa = PBXFileReference; path = ISO8601DateTransform.swift; sourceTree = "<group>"; };
		OBJ_55 /* ImmutableMappable.swift */ = {isa = PBXFileReference; path = ImmutableMappable.swift; sourceTree = "<group>"; };
		OBJ_56 /* IntegerOperators.swift */ = {isa = PBXFileReference; path = IntegerOperators.swift; sourceTree = "<group>"; };
		OBJ_57 /* Map.swift */ = {isa = PBXFileReference; path = Map.swift; sourceTree = "<group>"; };
		OBJ_58 /* MapError.swift */ = {isa = PBXFileReference; path = MapError.swift; sourceTree = "<group>"; };
		OBJ_59 /* Mappable.swift */ = {isa = PBXFileReference; path = Mappable.swift; sourceTree = "<group>"; };
		OBJ_6 /* Package.swift */ = {isa = PBXFileReference; explicitFileType = sourcecode.swift; path = Package.swift; sourceTree = "<group>"; };
		OBJ_60 /* Mapper.swift */ = {isa = PBXFileReference; path = Mapper.swift; sourceTree = "<group>"; };
		OBJ_61 /* NSDecimalNumberTransform.swift */ = {isa = PBXFileReference; path = NSDecimalNumberTransform.swift; sourceTree = "<group>"; };
		OBJ_62 /* Operators.swift */ = {isa = PBXFileReference; path = Operators.swift; sourceTree = "<group>"; };
		OBJ_63 /* ToJSON.swift */ = {isa = PBXFileReference; path = ToJSON.swift; sourceTree = "<group>"; };
		OBJ_64 /* TransformOf.swift */ = {isa = PBXFileReference; path = TransformOf.swift; sourceTree = "<group>"; };
		OBJ_65 /* TransformOperators.swift */ = {isa = PBXFileReference; path = TransformOperators.swift; sourceTree = "<group>"; };
		OBJ_66 /* TransformType.swift */ = {isa = PBXFileReference; path = TransformType.swift; sourceTree = "<group>"; };
		OBJ_67 /* URLTransform.swift */ = {isa = PBXFileReference; path = URLTransform.swift; sourceTree = "<group>"; };
		OBJ_70 /* KannadaSentenceParser.swift */ = {isa = PBXFileReference; path = KannadaSentenceParser.swift; sourceTree = "<group>"; };
		OBJ_71 /* KannadaWordExtractor.swift */ = {isa = PBXFileReference; path = KannadaWordExtractor.swift; sourceTree = "<group>"; };
		OBJ_73 /* UnigramMO.swift */ = {isa = PBXFileReference; path = UnigramMO.swift; sourceTree = "<group>"; };
		OBJ_74 /* Predictor.swift */ = {isa = PBXFileReference; path = Predictor.swift; sourceTree = "<group>"; };
		OBJ_76 /* IPredictor.swift */ = {isa = PBXFileReference; path = IPredictor.swift; sourceTree = "<group>"; };
		OBJ_77 /* ISentenceParser.swift */ = {isa = PBXFileReference; path = ISentenceParser.swift; sourceTree = "<group>"; };
		OBJ_78 /* IStemmer.swift */ = {isa = PBXFileReference; path = IStemmer.swift; sourceTree = "<group>"; };
		OBJ_79 /* IWordExtractor.swift */ = {isa = PBXFileReference; path = IWordExtractor.swift; sourceTree = "<group>"; };
		OBJ_80 /* PredictiveKeyboardDelegate.swift */ = {isa = PBXFileReference; path = PredictiveKeyboardDelegate.swift; sourceTree = "<group>"; };
		OBJ_81 /* Package.swift */ = {isa = PBXFileReference; explicitFileType = sourcecode.swift; name = Package.swift; path = "/Users/ajeyatj/Documents/iKanType/Dependencies/.build/checkouts/nlp.git-6489977984236536171/Package.swift"; sourceTree = "<group>"; };
		OBJ_9 /* Dependencies.swift */ = {isa = PBXFileReference; path = Dependencies.swift; sourceTree = "<group>"; };
		ObjectMapper::ObjectMapper::Product /* ObjectMapper.framework */ = {isa = PBXFileReference; path = ObjectMapper.framework; sourceTree = BUILT_PRODUCTS_DIR; };
		nlp::nlp::Product /* nlp.framework */ = {isa = PBXFileReference; path = nlp.framework; sourceTree = BUILT_PRODUCTS_DIR; };
/* End PBXFileReference section */

/* Begin PBXFrameworksBuildPhase section */
		OBJ_137 /* Frameworks */ = {
			isa = PBXFrameworksBuildPhase;
			files = (
				OBJ_138 /* ObjectMapper.framework in Frameworks */,
				OBJ_139 /* nlp.framework in Frameworks */,
			);
		};
		OBJ_175 /* Frameworks */ = {
			isa = PBXFrameworksBuildPhase;
			files = (
			);
		};
		OBJ_195 /* Frameworks */ = {
			isa = PBXFrameworksBuildPhase;
			files = (
			);
		};
		OBJ_93 /* Frameworks */ = {
			isa = PBXFrameworksBuildPhase;
			files = (
				OBJ_94 /* Keyboard.framework in Frameworks */,
				OBJ_95 /* ObjectMapper.framework in Frameworks */,
				OBJ_96 /* nlp.framework in Frameworks */,
			);
		};
/* End PBXFrameworksBuildPhase section */

/* Begin PBXGroup section */
		OBJ_10 /* Tests */ = {
			isa = PBXGroup;
			children = (
			);
			name = Tests;
			path = "";
			sourceTree = SOURCE_ROOT;
		};
		OBJ_11 /* Dependencies */ = {
			isa = PBXGroup;
			children = (
				OBJ_12 /* Keyboard 0.1.1 */,
				OBJ_43 /* ObjectMapper 3.3.0 */,
				OBJ_68 /* nlp 0.1.0 */,
			);
			name = Dependencies;
			path = "";
			sourceTree = "<group>";
		};
		OBJ_12 /* Keyboard 0.1.1 */ = {
			isa = PBXGroup;
			children = (
				OBJ_13 /* Keyboard */,
				OBJ_42 /* Package.swift */,
			);
			name = "Keyboard 0.1.1";
			path = "";
			sourceTree = SOURCE_ROOT;
		};
		OBJ_13 /* Keyboard */ = {
			isa = PBXGroup;
			children = (
				OBJ_14 /* Controller */,
				OBJ_16 /* Extensions */,
				OBJ_20 /* Model */,
				OBJ_34 /* View */,
			);
			name = Keyboard;
			path = ".build/checkouts/Keyboard.git--4482197071231447910/Sources/Keyboard";
			sourceTree = SOURCE_ROOT;
		};
		OBJ_14 /* Controller */ = {
			isa = PBXGroup;
			children = (
				OBJ_15 /* KBViewController.swift */,
			);
			name = Controller;
			path = Controller;
			sourceTree = "<group>";
		};
		OBJ_16 /* Extensions */ = {
			isa = PBXGroup;
			children = (
				OBJ_17 /* AJColorExtensions.swift */,
				OBJ_18 /* UIColorExtensions.swift */,
				OBJ_19 /* UIViewExtensions.swift */,
			);
			name = Extensions;
			path = Extensions;
			sourceTree = "<group>";
		};
		OBJ_20 /* Model */ = {
			isa = PBXGroup;
			children = (
				OBJ_21 /* AJColor.swift */,
				OBJ_22 /* AJGradientColor.swift */,
				OBJ_23 /* ButtonTheme.swift */,
				OBJ_24 /* KeyAlignmentType.swift */,
				OBJ_25 /* KeyModel.swift */,
				OBJ_26 /* KeyboardFactory.swift */,
				OBJ_27 /* KeyboardModel.swift */,
				OBJ_28 /* PredictionTheme.swift */,
				OBJ_29 /* Theme.swift */,
				OBJ_30 /* ThemeFactory.swift */,
				OBJ_31 /* Themes.swift */,
				OBJ_32 /* iDiacriticKeyboard.swift */,
				OBJ_33 /* iKeyboard.swift */,
			);
			name = Model;
			path = Model;
			sourceTree = "<group>";
		};
		OBJ_34 /* View */ = {
			isa = PBXGroup;
			children = (
				OBJ_35 /* ButtonViewController.swift */,
				OBJ_36 /* KBAlphaView.swift */,
				OBJ_37 /* KBButton.swift */,
				OBJ_38 /* KBCommandButton.swift */,
				OBJ_39 /* KBNumericView.swift */,
				OBJ_40 /* KBPredictionView.swift */,
				OBJ_41 /* KBView.swift */,
			);
			name = View;
			path = View;
			sourceTree = "<group>";
		};
		OBJ_43 /* ObjectMapper 3.3.0 */ = {
			isa = PBXGroup;
			children = (
				OBJ_44 /* Package.swift */,
				OBJ_45 /* CustomDateFormatTransform.swift */,
				OBJ_46 /* DataTransform.swift */,
				OBJ_47 /* DateFormatterTransform.swift */,
				OBJ_48 /* DateTransform.swift */,
				OBJ_49 /* DictionaryTransform.swift */,
				OBJ_50 /* EnumOperators.swift */,
				OBJ_51 /* EnumTransform.swift */,
				OBJ_52 /* FromJSON.swift */,
				OBJ_53 /* HexColorTransform.swift */,
				OBJ_54 /* ISO8601DateTransform.swift */,
				OBJ_55 /* ImmutableMappable.swift */,
				OBJ_56 /* IntegerOperators.swift */,
				OBJ_57 /* Map.swift */,
				OBJ_58 /* MapError.swift */,
				OBJ_59 /* Mappable.swift */,
				OBJ_60 /* Mapper.swift */,
				OBJ_61 /* NSDecimalNumberTransform.swift */,
				OBJ_62 /* Operators.swift */,
				OBJ_63 /* ToJSON.swift */,
				OBJ_64 /* TransformOf.swift */,
				OBJ_65 /* TransformOperators.swift */,
				OBJ_66 /* TransformType.swift */,
				OBJ_67 /* URLTransform.swift */,
			);
			name = "ObjectMapper 3.3.0";
			path = ".build/checkouts/ObjectMapper.git-8187353239119286373/Sources";
			sourceTree = SOURCE_ROOT;
		};
		OBJ_5 = {
			isa = PBXGroup;
			children = (
				OBJ_6 /* Package.swift */,
				OBJ_7 /* Sources */,
				OBJ_10 /* Tests */,
				OBJ_11 /* Dependencies */,
				OBJ_82 /* Products */,
			);
			path = "";
			sourceTree = "<group>";
		};
		OBJ_68 /* nlp 0.1.0 */ = {
			isa = PBXGroup;
			children = (
				OBJ_69 /* nlp */,
				OBJ_81 /* Package.swift */,
			);
			name = "nlp 0.1.0";
			path = "";
			sourceTree = SOURCE_ROOT;
		};
		OBJ_69 /* nlp */ = {
			isa = PBXGroup;
			children = (
				OBJ_70 /* KannadaSentenceParser.swift */,
				OBJ_71 /* KannadaWordExtractor.swift */,
				OBJ_72 /* Model */,
				OBJ_74 /* Predictor.swift */,
				OBJ_75 /* Protocols */,
			);
			name = nlp;
			path = ".build/checkouts/nlp.git-6489977984236536171/Sources/nlp";
			sourceTree = SOURCE_ROOT;
		};
		OBJ_7 /* Sources */ = {
			isa = PBXGroup;
			children = (
				OBJ_8 /* Dependencies */,
			);
			name = Sources;
			path = "";
			sourceTree = SOURCE_ROOT;
		};
		OBJ_72 /* Model */ = {
			isa = PBXGroup;
			children = (
				OBJ_73 /* UnigramMO.swift */,
			);
			name = Model;
			path = Model;
			sourceTree = "<group>";
		};
		OBJ_75 /* Protocols */ = {
			isa = PBXGroup;
			children = (
				OBJ_76 /* IPredictor.swift */,
				OBJ_77 /* ISentenceParser.swift */,
				OBJ_78 /* IStemmer.swift */,
				OBJ_79 /* IWordExtractor.swift */,
				OBJ_80 /* PredictiveKeyboardDelegate.swift */,
			);
			name = Protocols;
			path = Protocols;
			sourceTree = "<group>";
		};
		OBJ_8 /* Dependencies */ = {
			isa = PBXGroup;
			children = (
				OBJ_9 /* Dependencies.swift */,
			);
			name = Dependencies;
			path = "";
			sourceTree = SOURCE_ROOT;
		};
		OBJ_82 /* Products */ = {
			isa = PBXGroup;
			children = (
				ObjectMapper::ObjectMapper::Product /* ObjectMapper.framework */,
				Keyboard::Keyboard::Product /* Keyboard.framework */,
				Dependencies::Dependencies::Product /* Dependencies.framework */,
				nlp::nlp::Product /* nlp.framework */,
			);
			name = Products;
			path = "";
			sourceTree = BUILT_PRODUCTS_DIR;
		};
/* End PBXGroup section */

/* Begin PBXNativeTarget section */
		Dependencies::Dependencies /* Dependencies */ = {
			isa = PBXNativeTarget;
			buildConfigurationList = OBJ_88 /* Build configuration list for PBXNativeTarget "Dependencies" */;
			buildPhases = (
				OBJ_91 /* Sources */,
				OBJ_93 /* Frameworks */,
			);
			buildRules = (
			);
			dependencies = (
				OBJ_97 /* PBXTargetDependency */,
				OBJ_99 /* PBXTargetDependency */,
				OBJ_101 /* PBXTargetDependency */,
			);
			name = Dependencies;
			productName = Dependencies;
			productReference = Dependencies::Dependencies::Product /* Dependencies.framework */;
			productType = "com.apple.product-type.framework";
		};
		Dependencies::SwiftPMPackageDescription /* DependenciesPackageDescription */ = {
			isa = PBXNativeTarget;
			buildConfigurationList = OBJ_104 /* Build configuration list for PBXNativeTarget "DependenciesPackageDescription" */;
			buildPhases = (
				OBJ_107 /* Sources */,
			);
			buildRules = (
			);
			dependencies = (
			);
			name = DependenciesPackageDescription;
			productName = DependenciesPackageDescription;
			productType = "com.apple.product-type.framework";
		};
		Keyboard::Keyboard /* Keyboard */ = {
			isa = PBXNativeTarget;
			buildConfigurationList = OBJ_109 /* Build configuration list for PBXNativeTarget "Keyboard" */;
			buildPhases = (
				OBJ_112 /* Sources */,
				OBJ_137 /* Frameworks */,
			);
			buildRules = (
			);
			dependencies = (
				OBJ_140 /* PBXTargetDependency */,
				OBJ_141 /* PBXTargetDependency */,
			);
			name = Keyboard;
			productName = Keyboard;
			productReference = Keyboard::Keyboard::Product /* Keyboard.framework */;
			productType = "com.apple.product-type.framework";
		};
		Keyboard::SwiftPMPackageDescription /* KeyboardPackageDescription */ = {
			isa = PBXNativeTarget;
			buildConfigurationList = OBJ_143 /* Build configuration list for PBXNativeTarget "KeyboardPackageDescription" */;
			buildPhases = (
				OBJ_146 /* Sources */,
			);
			buildRules = (
			);
			dependencies = (
			);
			name = KeyboardPackageDescription;
			productName = KeyboardPackageDescription;
			productType = "com.apple.product-type.framework";
		};
		ObjectMapper::ObjectMapper /* ObjectMapper */ = {
			isa = PBXNativeTarget;
			buildConfigurationList = OBJ_148 /* Build configuration list for PBXNativeTarget "ObjectMapper" */;
			buildPhases = (
				OBJ_151 /* Sources */,
				OBJ_175 /* Frameworks */,
			);
			buildRules = (
			);
			dependencies = (
			);
			name = ObjectMapper;
			productName = ObjectMapper;
			productReference = ObjectMapper::ObjectMapper::Product /* ObjectMapper.framework */;
			productType = "com.apple.product-type.framework";
		};
		ObjectMapper::SwiftPMPackageDescription /* ObjectMapperPackageDescription */ = {
			isa = PBXNativeTarget;
			buildConfigurationList = OBJ_177 /* Build configuration list for PBXNativeTarget "ObjectMapperPackageDescription" */;
			buildPhases = (
				OBJ_180 /* Sources */,
			);
			buildRules = (
			);
			dependencies = (
			);
			name = ObjectMapperPackageDescription;
			productName = ObjectMapperPackageDescription;
			productType = "com.apple.product-type.framework";
		};
		nlp::SwiftPMPackageDescription /* nlpPackageDescription */ = {
			isa = PBXNativeTarget;
			buildConfigurationList = OBJ_197 /* Build configuration list for PBXNativeTarget "nlpPackageDescription" */;
			buildPhases = (
				OBJ_200 /* Sources */,
			);
			buildRules = (
			);
			dependencies = (
			);
			name = nlpPackageDescription;
			productName = nlpPackageDescription;
			productType = "com.apple.product-type.framework";
		};
		nlp::nlp /* nlp */ = {
			isa = PBXNativeTarget;
			buildConfigurationList = OBJ_182 /* Build configuration list for PBXNativeTarget "nlp" */;
			buildPhases = (
				OBJ_185 /* Sources */,
				OBJ_195 /* Frameworks */,
			);
			buildRules = (
			);
			dependencies = (
			);
			name = nlp;
			productName = nlp;
			productReference = nlp::nlp::Product /* nlp.framework */;
			productType = "com.apple.product-type.framework";
		};
/* End PBXNativeTarget section */

/* Begin PBXProject section */
		OBJ_1 /* Project object */ = {
			isa = PBXProject;
			attributes = {
				LastUpgradeCheck = 9999;
			};
			buildConfigurationList = OBJ_2 /* Build configuration list for PBXProject "Dependencies" */;
			compatibilityVersion = "Xcode 3.2";
			developmentRegion = English;
			hasScannedForEncodings = 0;
			knownRegions = (
				en,
			);
			mainGroup = OBJ_5;
			productRefGroup = OBJ_82 /* Products */;
			projectDirPath = .;
			targets = (
				Dependencies::Dependencies /* Dependencies */,
				Dependencies::SwiftPMPackageDescription /* DependenciesPackageDescription */,
				Keyboard::Keyboard /* Keyboard */,
				Keyboard::SwiftPMPackageDescription /* KeyboardPackageDescription */,
				ObjectMapper::ObjectMapper /* ObjectMapper */,
				ObjectMapper::SwiftPMPackageDescription /* ObjectMapperPackageDescription */,
				nlp::nlp /* nlp */,
				nlp::SwiftPMPackageDescription /* nlpPackageDescription */,
			);
		};
/* End PBXProject section */

/* Begin PBXSourcesBuildPhase section */
		OBJ_107 /* Sources */ = {
			isa = PBXSourcesBuildPhase;
			files = (
				OBJ_108 /* Package.swift in Sources */,
			);
		};
		OBJ_112 /* Sources */ = {
			isa = PBXSourcesBuildPhase;
			files = (
				OBJ_113 /* KBViewController.swift in Sources */,
				OBJ_114 /* AJColorExtensions.swift in Sources */,
				OBJ_115 /* UIColorExtensions.swift in Sources */,
				OBJ_116 /* UIViewExtensions.swift in Sources */,
				OBJ_117 /* AJColor.swift in Sources */,
				OBJ_118 /* AJGradientColor.swift in Sources */,
				OBJ_119 /* ButtonTheme.swift in Sources */,
				OBJ_120 /* KeyAlignmentType.swift in Sources */,
				OBJ_121 /* KeyModel.swift in Sources */,
				OBJ_122 /* KeyboardFactory.swift in Sources */,
				OBJ_123 /* KeyboardModel.swift in Sources */,
				OBJ_124 /* PredictionTheme.swift in Sources */,
				OBJ_125 /* Theme.swift in Sources */,
				OBJ_126 /* ThemeFactory.swift in Sources */,
				OBJ_127 /* Themes.swift in Sources */,
				OBJ_128 /* iDiacriticKeyboard.swift in Sources */,
				OBJ_129 /* iKeyboard.swift in Sources */,
				OBJ_130 /* ButtonViewController.swift in Sources */,
				OBJ_131 /* KBAlphaView.swift in Sources */,
				OBJ_132 /* KBButton.swift in Sources */,
				OBJ_133 /* KBCommandButton.swift in Sources */,
				OBJ_134 /* KBNumericView.swift in Sources */,
				OBJ_135 /* KBPredictionView.swift in Sources */,
				OBJ_136 /* KBView.swift in Sources */,
			);
		};
		OBJ_146 /* Sources */ = {
			isa = PBXSourcesBuildPhase;
			files = (
				OBJ_147 /* Package.swift in Sources */,
			);
		};
		OBJ_151 /* Sources */ = {
			isa = PBXSourcesBuildPhase;
			files = (
				OBJ_152 /* CustomDateFormatTransform.swift in Sources */,
				OBJ_153 /* DataTransform.swift in Sources */,
				OBJ_154 /* DateFormatterTransform.swift in Sources */,
				OBJ_155 /* DateTransform.swift in Sources */,
				OBJ_156 /* DictionaryTransform.swift in Sources */,
				OBJ_157 /* EnumOperators.swift in Sources */,
				OBJ_158 /* EnumTransform.swift in Sources */,
				OBJ_159 /* FromJSON.swift in Sources */,
				OBJ_160 /* HexColorTransform.swift in Sources */,
				OBJ_161 /* ISO8601DateTransform.swift in Sources */,
				OBJ_162 /* ImmutableMappable.swift in Sources */,
				OBJ_163 /* IntegerOperators.swift in Sources */,
				OBJ_164 /* Map.swift in Sources */,
				OBJ_165 /* MapError.swift in Sources */,
				OBJ_166 /* Mappable.swift in Sources */,
				OBJ_167 /* Mapper.swift in Sources */,
				OBJ_168 /* NSDecimalNumberTransform.swift in Sources */,
				OBJ_169 /* Operators.swift in Sources */,
				OBJ_170 /* ToJSON.swift in Sources */,
				OBJ_171 /* TransformOf.swift in Sources */,
				OBJ_172 /* TransformOperators.swift in Sources */,
				OBJ_173 /* TransformType.swift in Sources */,
				OBJ_174 /* URLTransform.swift in Sources */,
			);
		};
		OBJ_180 /* Sources */ = {
			isa = PBXSourcesBuildPhase;
			files = (
				OBJ_181 /* Package.swift in Sources */,
			);
		};
		OBJ_185 /* Sources */ = {
			isa = PBXSourcesBuildPhase;
			files = (
				OBJ_186 /* KannadaSentenceParser.swift in Sources */,
				OBJ_187 /* KannadaWordExtractor.swift in Sources */,
				OBJ_188 /* UnigramMO.swift in Sources */,
				OBJ_189 /* Predictor.swift in Sources */,
				OBJ_190 /* IPredictor.swift in Sources */,
				OBJ_191 /* ISentenceParser.swift in Sources */,
				OBJ_192 /* IStemmer.swift in Sources */,
				OBJ_193 /* IWordExtractor.swift in Sources */,
				OBJ_194 /* PredictiveKeyboardDelegate.swift in Sources */,
			);
		};
		OBJ_200 /* Sources */ = {
			isa = PBXSourcesBuildPhase;
			files = (
				OBJ_201 /* Package.swift in Sources */,
			);
		};
		OBJ_91 /* Sources */ = {
			isa = PBXSourcesBuildPhase;
			files = (
				OBJ_92 /* Dependencies.swift in Sources */,
			);
		};
/* End PBXSourcesBuildPhase section */

/* Begin PBXTargetDependency section */
		OBJ_101 /* PBXTargetDependency */ = {
			isa = PBXTargetDependency;
			target = nlp::nlp /* nlp */;
		};
		OBJ_140 /* PBXTargetDependency */ = {
			isa = PBXTargetDependency;
			target = ObjectMapper::ObjectMapper /* ObjectMapper */;
		};
		OBJ_141 /* PBXTargetDependency */ = {
			isa = PBXTargetDependency;
			target = nlp::nlp /* nlp */;
		};
		OBJ_97 /* PBXTargetDependency */ = {
			isa = PBXTargetDependency;
			target = Keyboard::Keyboard /* Keyboard */;
		};
		OBJ_99 /* PBXTargetDependency */ = {
			isa = PBXTargetDependency;
			target = ObjectMapper::ObjectMapper /* ObjectMapper */;
		};
/* End PBXTargetDependency section */

/* Begin XCBuildConfiguration section */
		OBJ_105 /* Debug */ = {
			isa = XCBuildConfiguration;
			buildSettings = {
				DEFINES_MODULE = YES;
				LD = /usr/bin/true;
				OTHER_SWIFT_FLAGS = "-swift-version 4 -I $(TOOLCHAIN_DIR)/usr/lib/swift/pm/4 -target x86_64-apple-macosx10.10 -sdk /Volumes/Ajeya/Applications/Xcode-beta.app/Contents/Developer/Platforms/MacOSX.platform/Developer/SDKs/MacOSX10.14.sdk";
				SWIFT_VERSION = 4.0;
			};
			name = Debug;
		};
		OBJ_106 /* Release */ = {
			isa = XCBuildConfiguration;
			buildSettings = {
				DEFINES_MODULE = YES;
				LD = /usr/bin/true;
				OTHER_SWIFT_FLAGS = "-swift-version 4 -I $(TOOLCHAIN_DIR)/usr/lib/swift/pm/4 -target x86_64-apple-macosx10.10 -sdk /Volumes/Ajeya/Applications/Xcode-beta.app/Contents/Developer/Platforms/MacOSX.platform/Developer/SDKs/MacOSX10.14.sdk";
				SWIFT_VERSION = 4.0;
			};
			name = Release;
		};
		OBJ_110 /* Debug */ = {
			isa = XCBuildConfiguration;
			buildSettings = {
				DEFINES_MODULE = YES;
				ENABLE_TESTABILITY = YES;
				FRAMEWORK_SEARCH_PATHS = (
					"$(inherited)",
					"$(PLATFORM_DIR)/Developer/Library/Frameworks",
				);
				HEADER_SEARCH_PATHS = "$(inherited)";
				INFOPLIST_FILE = Dependencies.xcodeproj/Keyboard_Info.plist;
				LD_RUNPATH_SEARCH_PATHS = "$(inherited) $(TOOLCHAIN_DIR)/usr/lib/swift/macosx";
				OTHER_CFLAGS = "$(inherited)";
				OTHER_LDFLAGS = "$(inherited)";
				OTHER_SWIFT_FLAGS = "$(inherited)";
				PRODUCT_BUNDLE_IDENTIFIER = Keyboard;
				PRODUCT_MODULE_NAME = "$(TARGET_NAME:c99extidentifier)";
				PRODUCT_NAME = "$(TARGET_NAME:c99extidentifier)";
				SKIP_INSTALL = YES;
				SWIFT_ACTIVE_COMPILATION_CONDITIONS = "$(inherited)";
				SWIFT_VERSION = 4.2;
				TARGET_NAME = Keyboard;
			};
			name = Debug;
		};
		OBJ_111 /* Release */ = {
			isa = XCBuildConfiguration;
			buildSettings = {
				DEFINES_MODULE = YES;
				ENABLE_TESTABILITY = YES;
				FRAMEWORK_SEARCH_PATHS = (
					"$(inherited)",
					"$(PLATFORM_DIR)/Developer/Library/Frameworks",
				);
				HEADER_SEARCH_PATHS = "$(inherited)";
				INFOPLIST_FILE = Dependencies.xcodeproj/Keyboard_Info.plist;
				LD_RUNPATH_SEARCH_PATHS = "$(inherited) $(TOOLCHAIN_DIR)/usr/lib/swift/macosx";
				OTHER_CFLAGS = "$(inherited)";
				OTHER_LDFLAGS = "$(inherited)";
				OTHER_SWIFT_FLAGS = "$(inherited)";
				PRODUCT_BUNDLE_IDENTIFIER = Keyboard;
				PRODUCT_MODULE_NAME = "$(TARGET_NAME:c99extidentifier)";
				PRODUCT_NAME = "$(TARGET_NAME:c99extidentifier)";
				SKIP_INSTALL = YES;
				SWIFT_ACTIVE_COMPILATION_CONDITIONS = "$(inherited)";
				SWIFT_VERSION = 4.2;
				TARGET_NAME = Keyboard;
			};
			name = Release;
		};
		OBJ_144 /* Debug */ = {
			isa = XCBuildConfiguration;
			buildSettings = {
				DEFINES_MODULE = YES;
				LD = /usr/bin/true;
				OTHER_SWIFT_FLAGS = "-swift-version 4.2 -I $(TOOLCHAIN_DIR)/usr/lib/swift/pm/4_2 -target x86_64-apple-macosx10.10 -sdk /Volumes/Ajeya/Applications/Xcode-beta.app/Contents/Developer/Platforms/MacOSX.platform/Developer/SDKs/MacOSX10.14.sdk";
				SWIFT_VERSION = 4.2;
			};
			name = Debug;
		};
		OBJ_145 /* Release */ = {
			isa = XCBuildConfiguration;
			buildSettings = {
				DEFINES_MODULE = YES;
				LD = /usr/bin/true;
				OTHER_SWIFT_FLAGS = "-swift-version 4.2 -I $(TOOLCHAIN_DIR)/usr/lib/swift/pm/4_2 -target x86_64-apple-macosx10.10 -sdk /Volumes/Ajeya/Applications/Xcode-beta.app/Contents/Developer/Platforms/MacOSX.platform/Developer/SDKs/MacOSX10.14.sdk";
				SWIFT_VERSION = 4.2;
			};
			name = Release;
		};
		OBJ_149 /* Debug */ = {
			isa = XCBuildConfiguration;
			buildSettings = {
				DEFINES_MODULE = YES;
				ENABLE_TESTABILITY = YES;
				FRAMEWORK_SEARCH_PATHS = (
					"$(inherited)",
					"$(PLATFORM_DIR)/Developer/Library/Frameworks",
				);
				HEADER_SEARCH_PATHS = "$(inherited)";
				INFOPLIST_FILE = Dependencies.xcodeproj/ObjectMapper_Info.plist;
				LD_RUNPATH_SEARCH_PATHS = "$(inherited) $(TOOLCHAIN_DIR)/usr/lib/swift/macosx";
				OTHER_CFLAGS = "$(inherited)";
				OTHER_LDFLAGS = "$(inherited)";
				OTHER_SWIFT_FLAGS = "$(inherited)";
				PRODUCT_BUNDLE_IDENTIFIER = ObjectMapper;
				PRODUCT_MODULE_NAME = "$(TARGET_NAME:c99extidentifier)";
				PRODUCT_NAME = "$(TARGET_NAME:c99extidentifier)";
				SKIP_INSTALL = YES;
				SWIFT_ACTIVE_COMPILATION_CONDITIONS = "$(inherited)";
				SWIFT_VERSION = 3.0;
				TARGET_NAME = ObjectMapper;
			};
			name = Debug;
		};
		OBJ_150 /* Release */ = {
			isa = XCBuildConfiguration;
			buildSettings = {
				DEFINES_MODULE = YES;
				ENABLE_TESTABILITY = YES;
				FRAMEWORK_SEARCH_PATHS = (
					"$(inherited)",
					"$(PLATFORM_DIR)/Developer/Library/Frameworks",
				);
				HEADER_SEARCH_PATHS = "$(inherited)";
				INFOPLIST_FILE = Dependencies.xcodeproj/ObjectMapper_Info.plist;
				LD_RUNPATH_SEARCH_PATHS = "$(inherited) $(TOOLCHAIN_DIR)/usr/lib/swift/macosx";
				OTHER_CFLAGS = "$(inherited)";
				OTHER_LDFLAGS = "$(inherited)";
				OTHER_SWIFT_FLAGS = "$(inherited)";
				PRODUCT_BUNDLE_IDENTIFIER = ObjectMapper;
				PRODUCT_MODULE_NAME = "$(TARGET_NAME:c99extidentifier)";
				PRODUCT_NAME = "$(TARGET_NAME:c99extidentifier)";
				SKIP_INSTALL = YES;
				SWIFT_ACTIVE_COMPILATION_CONDITIONS = "$(inherited)";
				SWIFT_VERSION = 3.0;
				TARGET_NAME = ObjectMapper;
			};
			name = Release;
		};
		OBJ_178 /* Debug */ = {
			isa = XCBuildConfiguration;
			buildSettings = {
				DEFINES_MODULE = YES;
				LD = /usr/bin/true;
				OTHER_SWIFT_FLAGS = "-swift-version 3 -I $(TOOLCHAIN_DIR)/usr/lib/swift/pm/3 -target x86_64-apple-macosx10.10 -sdk /Volumes/Ajeya/Applications/Xcode-beta.app/Contents/Developer/Platforms/MacOSX.platform/Developer/SDKs/MacOSX10.14.sdk";
				SWIFT_VERSION = 3.0;
			};
			name = Debug;
		};
		OBJ_179 /* Release */ = {
			isa = XCBuildConfiguration;
			buildSettings = {
				DEFINES_MODULE = YES;
				LD = /usr/bin/true;
				OTHER_SWIFT_FLAGS = "-swift-version 3 -I $(TOOLCHAIN_DIR)/usr/lib/swift/pm/3 -target x86_64-apple-macosx10.10 -sdk /Volumes/Ajeya/Applications/Xcode-beta.app/Contents/Developer/Platforms/MacOSX.platform/Developer/SDKs/MacOSX10.14.sdk";
				SWIFT_VERSION = 3.0;
			};
			name = Release;
		};
		OBJ_183 /* Debug */ = {
			isa = XCBuildConfiguration;
			buildSettings = {
				DEFINES_MODULE = YES;
				ENABLE_TESTABILITY = YES;
				FRAMEWORK_SEARCH_PATHS = (
					"$(inherited)",
					"$(PLATFORM_DIR)/Developer/Library/Frameworks",
				);
				HEADER_SEARCH_PATHS = "$(inherited)";
				INFOPLIST_FILE = Dependencies.xcodeproj/nlp_Info.plist;
				LD_RUNPATH_SEARCH_PATHS = "$(inherited) $(TOOLCHAIN_DIR)/usr/lib/swift/macosx";
				OTHER_CFLAGS = "$(inherited)";
				OTHER_LDFLAGS = "$(inherited)";
				OTHER_SWIFT_FLAGS = "$(inherited)";
				PRODUCT_BUNDLE_IDENTIFIER = nlp;
				PRODUCT_MODULE_NAME = "$(TARGET_NAME:c99extidentifier)";
				PRODUCT_NAME = "$(TARGET_NAME:c99extidentifier)";
				SKIP_INSTALL = YES;
				SWIFT_ACTIVE_COMPILATION_CONDITIONS = "$(inherited)";
				SWIFT_VERSION = 4.2;
				TARGET_NAME = nlp;
			};
			name = Debug;
		};
		OBJ_184 /* Release */ = {
			isa = XCBuildConfiguration;
			buildSettings = {
				DEFINES_MODULE = YES;
				ENABLE_TESTABILITY = YES;
				FRAMEWORK_SEARCH_PATHS = (
					"$(inherited)",
					"$(PLATFORM_DIR)/Developer/Library/Frameworks",
				);
				HEADER_SEARCH_PATHS = "$(inherited)";
				INFOPLIST_FILE = Dependencies.xcodeproj/nlp_Info.plist;
				LD_RUNPATH_SEARCH_PATHS = "$(inherited) $(TOOLCHAIN_DIR)/usr/lib/swift/macosx";
				OTHER_CFLAGS = "$(inherited)";
				OTHER_LDFLAGS = "$(inherited)";
				OTHER_SWIFT_FLAGS = "$(inherited)";
				PRODUCT_BUNDLE_IDENTIFIER = nlp;
				PRODUCT_MODULE_NAME = "$(TARGET_NAME:c99extidentifier)";
				PRODUCT_NAME = "$(TARGET_NAME:c99extidentifier)";
				SKIP_INSTALL = YES;
				SWIFT_ACTIVE_COMPILATION_CONDITIONS = "$(inherited)";
				SWIFT_VERSION = 4.2;
				TARGET_NAME = nlp;
			};
			name = Release;
		};
		OBJ_198 /* Debug */ = {
			isa = XCBuildConfiguration;
			buildSettings = {
				DEFINES_MODULE = YES;
				LD = /usr/bin/true;
				OTHER_SWIFT_FLAGS = "-swift-version 4.2 -I $(TOOLCHAIN_DIR)/usr/lib/swift/pm/4_2 -target x86_64-apple-macosx10.10 -sdk /Volumes/Ajeya/Applications/Xcode-beta.app/Contents/Developer/Platforms/MacOSX.platform/Developer/SDKs/MacOSX10.14.sdk";
				SWIFT_VERSION = 4.2;
			};
			name = Debug;
		};
		OBJ_199 /* Release */ = {
			isa = XCBuildConfiguration;
			buildSettings = {
				DEFINES_MODULE = YES;
				LD = /usr/bin/true;
				OTHER_SWIFT_FLAGS = "-swift-version 4.2 -I $(TOOLCHAIN_DIR)/usr/lib/swift/pm/4_2 -target x86_64-apple-macosx10.10 -sdk /Volumes/Ajeya/Applications/Xcode-beta.app/Contents/Developer/Platforms/MacOSX.platform/Developer/SDKs/MacOSX10.14.sdk";
				SWIFT_VERSION = 4.2;
			};
			name = Release;
		};
		OBJ_3 /* Debug */ = {
			isa = XCBuildConfiguration;
			buildSettings = {
				CLANG_ENABLE_OBJC_ARC = YES;
				COMBINE_HIDPI_IMAGES = YES;
				COPY_PHASE_STRIP = NO;
				DEBUG_INFORMATION_FORMAT = dwarf;
				DYLIB_INSTALL_NAME_BASE = "@rpath";
				ENABLE_NS_ASSERTIONS = YES;
				GCC_OPTIMIZATION_LEVEL = 0;
				GCC_PREPROCESSOR_DEFINITIONS = (
					"DEBUG=1",
					"$(inherited)",
				);
				MACOSX_DEPLOYMENT_TARGET = 10.10;
				ONLY_ACTIVE_ARCH = YES;
				OTHER_SWIFT_FLAGS = "-DXcode";
				PRODUCT_NAME = "$(TARGET_NAME)";
				SDKROOT = iphoneos;
				SWIFT_ACTIVE_COMPILATION_CONDITIONS = "SWIFT_PACKAGE DEBUG";
				SWIFT_OPTIMIZATION_LEVEL = "-Onone";
				USE_HEADERMAP = NO;
			};
			name = Debug;
		};
		OBJ_4 /* Release */ = {
			isa = XCBuildConfiguration;
			buildSettings = {
				CLANG_ENABLE_OBJC_ARC = YES;
				COMBINE_HIDPI_IMAGES = YES;
				COPY_PHASE_STRIP = YES;
				DEBUG_INFORMATION_FORMAT = "dwarf-with-dsym";
				DYLIB_INSTALL_NAME_BASE = "@rpath";
				GCC_OPTIMIZATION_LEVEL = s;
				MACOSX_DEPLOYMENT_TARGET = 10.10;
				OTHER_SWIFT_FLAGS = "-DXcode";
				PRODUCT_NAME = "$(TARGET_NAME)";
				SDKROOT = iphoneos;
				SWIFT_ACTIVE_COMPILATION_CONDITIONS = SWIFT_PACKAGE;
				SWIFT_OPTIMIZATION_LEVEL = "-Owholemodule";
				USE_HEADERMAP = NO;
			};
			name = Release;
		};
		OBJ_89 /* Debug */ = {
			isa = XCBuildConfiguration;
			buildSettings = {
				DEFINES_MODULE = YES;
				ENABLE_TESTABILITY = YES;
				FRAMEWORK_SEARCH_PATHS = (
					"$(inherited)",
					"$(PLATFORM_DIR)/Developer/Library/Frameworks",
				);
				HEADER_SEARCH_PATHS = "$(inherited)";
				INFOPLIST_FILE = Dependencies.xcodeproj/Dependencies_Info.plist;
				LD_RUNPATH_SEARCH_PATHS = "$(inherited) $(TOOLCHAIN_DIR)/usr/lib/swift/macosx";
				OTHER_CFLAGS = "$(inherited)";
				OTHER_LDFLAGS = "$(inherited)";
				OTHER_SWIFT_FLAGS = "$(inherited)";
				PRODUCT_BUNDLE_IDENTIFIER = Dependencies;
				PRODUCT_MODULE_NAME = "$(TARGET_NAME:c99extidentifier)";
				PRODUCT_NAME = "$(TARGET_NAME:c99extidentifier)";
				SKIP_INSTALL = YES;
				SWIFT_ACTIVE_COMPILATION_CONDITIONS = "$(inherited)";
				SWIFT_VERSION = 4.0;
				TARGET_NAME = Dependencies;
			};
			name = Debug;
		};
		OBJ_90 /* Release */ = {
			isa = XCBuildConfiguration;
			buildSettings = {
				DEFINES_MODULE = YES;
				ENABLE_TESTABILITY = YES;
				FRAMEWORK_SEARCH_PATHS = (
					"$(inherited)",
					"$(PLATFORM_DIR)/Developer/Library/Frameworks",
				);
				HEADER_SEARCH_PATHS = "$(inherited)";
				INFOPLIST_FILE = Dependencies.xcodeproj/Dependencies_Info.plist;
				LD_RUNPATH_SEARCH_PATHS = "$(inherited) $(TOOLCHAIN_DIR)/usr/lib/swift/macosx";
				OTHER_CFLAGS = "$(inherited)";
				OTHER_LDFLAGS = "$(inherited)";
				OTHER_SWIFT_FLAGS = "$(inherited)";
				PRODUCT_BUNDLE_IDENTIFIER = Dependencies;
				PRODUCT_MODULE_NAME = "$(TARGET_NAME:c99extidentifier)";
				PRODUCT_NAME = "$(TARGET_NAME:c99extidentifier)";
				SKIP_INSTALL = YES;
				SWIFT_ACTIVE_COMPILATION_CONDITIONS = "$(inherited)";
				SWIFT_VERSION = 4.0;
				TARGET_NAME = Dependencies;
			};
			name = Release;
		};
/* End XCBuildConfiguration section */

/* Begin XCConfigurationList section */
		OBJ_104 /* Build configuration list for PBXNativeTarget "DependenciesPackageDescription" */ = {
			isa = XCConfigurationList;
			buildConfigurations = (
				OBJ_105 /* Debug */,
				OBJ_106 /* Release */,
			);
			defaultConfigurationIsVisible = 0;
			defaultConfigurationName = Release;
		};
		OBJ_109 /* Build configuration list for PBXNativeTarget "Keyboard" */ = {
			isa = XCConfigurationList;
			buildConfigurations = (
				OBJ_110 /* Debug */,
				OBJ_111 /* Release */,
			);
			defaultConfigurationIsVisible = 0;
			defaultConfigurationName = Release;
		};
		OBJ_143 /* Build configuration list for PBXNativeTarget "KeyboardPackageDescription" */ = {
			isa = XCConfigurationList;
			buildConfigurations = (
				OBJ_144 /* Debug */,
				OBJ_145 /* Release */,
			);
			defaultConfigurationIsVisible = 0;
			defaultConfigurationName = Release;
		};
		OBJ_148 /* Build configuration list for PBXNativeTarget "ObjectMapper" */ = {
			isa = XCConfigurationList;
			buildConfigurations = (
				OBJ_149 /* Debug */,
				OBJ_150 /* Release */,
			);
			defaultConfigurationIsVisible = 0;
			defaultConfigurationName = Release;
		};
		OBJ_177 /* Build configuration list for PBXNativeTarget "ObjectMapperPackageDescription" */ = {
			isa = XCConfigurationList;
			buildConfigurations = (
				OBJ_178 /* Debug */,
				OBJ_179 /* Release */,
			);
			defaultConfigurationIsVisible = 0;
			defaultConfigurationName = Release;
		};
		OBJ_182 /* Build configuration list for PBXNativeTarget "nlp" */ = {
			isa = XCConfigurationList;
			buildConfigurations = (
				OBJ_183 /* Debug */,
				OBJ_184 /* Release */,
			);
			defaultConfigurationIsVisible = 0;
			defaultConfigurationName = Release;
		};
		OBJ_197 /* Build configuration list for PBXNativeTarget "nlpPackageDescription" */ = {
			isa = XCConfigurationList;
			buildConfigurations = (
				OBJ_198 /* Debug */,
				OBJ_199 /* Release */,
			);
			defaultConfigurationIsVisible = 0;
			defaultConfigurationName = Release;
		};
		OBJ_2 /* Build configuration list for PBXProject "Dependencies" */ = {
			isa = XCConfigurationList;
			buildConfigurations = (
				OBJ_3 /* Debug */,
				OBJ_4 /* Release */,
			);
			defaultConfigurationIsVisible = 0;
			defaultConfigurationName = Release;
		};
		OBJ_88 /* Build configuration list for PBXNativeTarget "Dependencies" */ = {
			isa = XCConfigurationList;
			buildConfigurations = (
				OBJ_89 /* Debug */,
				OBJ_90 /* Release */,
			);
			defaultConfigurationIsVisible = 0;
			defaultConfigurationName = Release;
		};
/* End XCConfigurationList section */
	};
	rootObject = OBJ_1 /* Project object */;
}
