// !$*UTF8*$!
{
	archiveVersion = 1;
	classes = {
	};
	objectVersion = 51;
	objects = {

/* Begin PBXBuildFile section */
		590C586121475C5400CCDE86 /* ThemeCell.swift in Sources */ = {isa = PBXBuildFile; fileRef = 590C586021475C5400CCDE86 /* ThemeCell.swift */; };
		590C586721476DB500CCDE86 /* du.theme in Resources */ = {isa = PBXBuildFile; fileRef = 590C586621476DB500CCDE86 /* du.theme */; };
		590C586921476E5400CCDE86 /* gold.theme in Resources */ = {isa = PBXBuildFile; fileRef = 590C586821476E5400CCDE86 /* gold.theme */; };
		590C586A21476ED700CCDE86 /* du.theme in Resources */ = {isa = PBXBuildFile; fileRef = 590C586621476DB500CCDE86 /* du.theme */; };
		590C586B21476ED700CCDE86 /* du.theme in Resources */ = {isa = PBXBuildFile; fileRef = 590C586621476DB500CCDE86 /* du.theme */; };
		590C586C21476EDA00CCDE86 /* gold.theme in Resources */ = {isa = PBXBuildFile; fileRef = 590C586821476E5400CCDE86 /* gold.theme */; };
		590C586D21476EDB00CCDE86 /* gold.theme in Resources */ = {isa = PBXBuildFile; fileRef = 590C586821476E5400CCDE86 /* gold.theme */; };
		590C586F21476F0A00CCDE86 /* milkyway.theme in Resources */ = {isa = PBXBuildFile; fileRef = 590C586E21476F0A00CCDE86 /* milkyway.theme */; };
		590C587021476F2D00CCDE86 /* milkyway.theme in Resources */ = {isa = PBXBuildFile; fileRef = 590C586E21476F0A00CCDE86 /* milkyway.theme */; };
		590C587121476F2D00CCDE86 /* milkyway.theme in Resources */ = {isa = PBXBuildFile; fileRef = 590C586E21476F0A00CCDE86 /* milkyway.theme */; };
		590C587321476F6200CCDE86 /* purple.theme in Resources */ = {isa = PBXBuildFile; fileRef = 590C587221476F6200CCDE86 /* purple.theme */; };
		590C587521476F9D00CCDE86 /* space.theme in Resources */ = {isa = PBXBuildFile; fileRef = 590C587421476F9D00CCDE86 /* space.theme */; };
		590C587721476FC200CCDE86 /* transformers.theme in Resources */ = {isa = PBXBuildFile; fileRef = 590C587621476FC200CCDE86 /* transformers.theme */; };
		590C587821476FE100CCDE86 /* transformers.theme in Resources */ = {isa = PBXBuildFile; fileRef = 590C587621476FC200CCDE86 /* transformers.theme */; };
		590C587921476FE100CCDE86 /* transformers.theme in Resources */ = {isa = PBXBuildFile; fileRef = 590C587621476FC200CCDE86 /* transformers.theme */; };
		590C587A21476FE500CCDE86 /* space.theme in Resources */ = {isa = PBXBuildFile; fileRef = 590C587421476F9D00CCDE86 /* space.theme */; };
		590C587B21476FE500CCDE86 /* space.theme in Resources */ = {isa = PBXBuildFile; fileRef = 590C587421476F9D00CCDE86 /* space.theme */; };
		590C587C21476FE900CCDE86 /* purple.theme in Resources */ = {isa = PBXBuildFile; fileRef = 590C587221476F6200CCDE86 /* purple.theme */; };
		590C587D21476FE900CCDE86 /* purple.theme in Resources */ = {isa = PBXBuildFile; fileRef = 590C587221476F6200CCDE86 /* purple.theme */; };
		59131810214D7E6400702F5D /* player.theme in Resources */ = {isa = PBXBuildFile; fileRef = 5913180B214D7E6400702F5D /* player.theme */; };
		59131811214D7E6C00702F5D /* player.theme in Resources */ = {isa = PBXBuildFile; fileRef = 5913180B214D7E6400702F5D /* player.theme */; };
		59131812214D7E6D00702F5D /* player.theme in Resources */ = {isa = PBXBuildFile; fileRef = 5913180B214D7E6400702F5D /* player.theme */; };
		59146B0D2145F35B00F01D90 /* Keyboard.framework in Frameworks */ = {isa = PBXBuildFile; fileRef = 59146B042145F35A00F01D90 /* Keyboard.framework */; };
		59146B142145F35B00F01D90 /* KeyboardTests.swift in Sources */ = {isa = PBXBuildFile; fileRef = 59146B132145F35B00F01D90 /* KeyboardTests.swift */; };
		59146B192145F35B00F01D90 /* Keyboard.framework in Frameworks */ = {isa = PBXBuildFile; fileRef = 59146B042145F35A00F01D90 /* Keyboard.framework */; };
		59146B1A2145F35B00F01D90 /* Keyboard.framework in Embed Frameworks */ = {isa = PBXBuildFile; fileRef = 59146B042145F35A00F01D90 /* Keyboard.framework */; settings = {ATTRIBUTES = (CodeSignOnCopy, RemoveHeadersOnCopy, ); }; };
		59146B3F2145F39E00F01D90 /* AJColor.swift in Sources */ = {isa = PBXBuildFile; fileRef = 59146B232145F39E00F01D90 /* AJColor.swift */; };
		59146B402145F39E00F01D90 /* iKeyboard.swift in Sources */ = {isa = PBXBuildFile; fileRef = 59146B242145F39E00F01D90 /* iKeyboard.swift */; };
		59146B412145F39E00F01D90 /* iDiacriticKeyboard.swift in Sources */ = {isa = PBXBuildFile; fileRef = 59146B252145F39E00F01D90 /* iDiacriticKeyboard.swift */; };
		59146B422145F39E00F01D90 /* PredictionTheme.swift in Sources */ = {isa = PBXBuildFile; fileRef = 59146B262145F39E00F01D90 /* PredictionTheme.swift */; };
		59146B432145F39E00F01D90 /* Themes.swift in Sources */ = {isa = PBXBuildFile; fileRef = 59146B272145F39E00F01D90 /* Themes.swift */; };
		59146B442145F39E00F01D90 /* ButtonTheme.swift in Sources */ = {isa = PBXBuildFile; fileRef = 59146B282145F39E00F01D90 /* ButtonTheme.swift */; };
		59146B452145F39E00F01D90 /* ThemeFactory.swift in Sources */ = {isa = PBXBuildFile; fileRef = 59146B292145F39E00F01D90 /* ThemeFactory.swift */; };
		59146B462145F39E00F01D90 /* AJGradientColor.swift in Sources */ = {isa = PBXBuildFile; fileRef = 59146B2A2145F39E00F01D90 /* AJGradientColor.swift */; };
		59146B472145F39E00F01D90 /* KeyboardFactory.swift in Sources */ = {isa = PBXBuildFile; fileRef = 59146B2B2145F39E00F01D90 /* KeyboardFactory.swift */; };
		59146B482145F39E00F01D90 /* KeyAlignmentType.swift in Sources */ = {isa = PBXBuildFile; fileRef = 59146B2C2145F39E00F01D90 /* KeyAlignmentType.swift */; };
		59146B492145F39E00F01D90 /* Theme.swift in Sources */ = {isa = PBXBuildFile; fileRef = 59146B2D2145F39E00F01D90 /* Theme.swift */; };
		59146B4A2145F39E00F01D90 /* KeyModel.swift in Sources */ = {isa = PBXBuildFile; fileRef = 59146B2E2145F39E00F01D90 /* KeyModel.swift */; };
		59146B4B2145F39E00F01D90 /* KeyboardModel.swift in Sources */ = {isa = PBXBuildFile; fileRef = 59146B2F2145F39E00F01D90 /* KeyboardModel.swift */; };
		59146B4C2145F39E00F01D90 /* KBNumericView.swift in Sources */ = {isa = PBXBuildFile; fileRef = 59146B312145F39E00F01D90 /* KBNumericView.swift */; };
		59146B4D2145F39E00F01D90 /* KBView.swift in Sources */ = {isa = PBXBuildFile; fileRef = 59146B322145F39E00F01D90 /* KBView.swift */; };
		59146B4E2145F39E00F01D90 /* KBButton.swift in Sources */ = {isa = PBXBuildFile; fileRef = 59146B332145F39E00F01D90 /* KBButton.swift */; };
		59146B4F2145F39E00F01D90 /* Keyboard.storyboard in Resources */ = {isa = PBXBuildFile; fileRef = 59146B342145F39E00F01D90 /* Keyboard.storyboard */; };
		59146B502145F39E00F01D90 /* ButtonViewController.swift in Sources */ = {isa = PBXBuildFile; fileRef = 59146B352145F39E00F01D90 /* ButtonViewController.swift */; };
		59146B512145F39E00F01D90 /* KBAlphaView.swift in Sources */ = {isa = PBXBuildFile; fileRef = 59146B362145F39E00F01D90 /* KBAlphaView.swift */; };
		59146B522145F39E00F01D90 /* KBCommandButton.swift in Sources */ = {isa = PBXBuildFile; fileRef = 59146B372145F39E00F01D90 /* KBCommandButton.swift */; };
		59146B532145F39E00F01D90 /* KBPredictionView.swift in Sources */ = {isa = PBXBuildFile; fileRef = 59146B382145F39E00F01D90 /* KBPredictionView.swift */; };
		59146B542145F39E00F01D90 /* UIViewExtensions.swift in Sources */ = {isa = PBXBuildFile; fileRef = 59146B3A2145F39E00F01D90 /* UIViewExtensions.swift */; };
		59146B552145F39E00F01D90 /* AJColorExtensions.swift in Sources */ = {isa = PBXBuildFile; fileRef = 59146B3B2145F39E00F01D90 /* AJColorExtensions.swift */; };
		59146B562145F39E00F01D90 /* UIColorExtensions.swift in Sources */ = {isa = PBXBuildFile; fileRef = 59146B3C2145F39E00F01D90 /* UIColorExtensions.swift */; };
		59146B572145F39E00F01D90 /* KBViewController.swift in Sources */ = {isa = PBXBuildFile; fileRef = 59146B3E2145F39E00F01D90 /* KBViewController.swift */; };
		59146B5821461BE900F01D90 /* Keyboard.storyboard in Resources */ = {isa = PBXBuildFile; fileRef = 59146B342145F39E00F01D90 /* Keyboard.storyboard */; };
		59146B5921461C7D00F01D90 /* Assets.xcassets in Resources */ = {isa = PBXBuildFile; fileRef = 597A23272144DD370081C8E1 /* Assets.xcassets */; };
		59146B5A21461C8B00F01D90 /* kn.json in Resources */ = {isa = PBXBuildFile; fileRef = 597A23682144DDE40081C8E1 /* kn.json */; };
		59146B5B21461C8F00F01D90 /* NGramModel.xcdatamodeld in Sources */ = {isa = PBXBuildFile; fileRef = 597A23692144DDE40081C8E1 /* NGramModel.xcdatamodeld */; };
		59146B5C21461C9500F01D90 /* default.theme in Resources */ = {isa = PBXBuildFile; fileRef = 597A236C2144DDE40081C8E1 /* default.theme */; };
		59146B5D21461C9700F01D90 /* dark.theme in Resources */ = {isa = PBXBuildFile; fileRef = 597A236D2144DDE40081C8E1 /* dark.theme */; };
		59146B5E21461C9A00F01D90 /* NGramModel.sqlite in Resources */ = {isa = PBXBuildFile; fileRef = 597A236E2144DDE40081C8E1 /* NGramModel.sqlite */; };
		59146B5F21461EDC00F01D90 /* Keyboard.framework in Frameworks */ = {isa = PBXBuildFile; fileRef = 59146B042145F35A00F01D90 /* Keyboard.framework */; };
		59146B6021461F1A00F01D90 /* ObjectMapper.framework in Frameworks */ = {isa = PBXBuildFile; fileRef = 597A23632144DDC40081C8E1 /* ObjectMapper.framework */; };
		59146B6121461F1F00F01D90 /* nlp.framework in Frameworks */ = {isa = PBXBuildFile; fileRef = 597A23652144DDC40081C8E1 /* nlp.framework */; };
		59146B62214625E900F01D90 /* KBViewController.swift in Sources */ = {isa = PBXBuildFile; fileRef = 59146B3E2145F39E00F01D90 /* KBViewController.swift */; };
		59146B63214625EF00F01D90 /* UIViewExtensions.swift in Sources */ = {isa = PBXBuildFile; fileRef = 59146B3A2145F39E00F01D90 /* UIViewExtensions.swift */; };
		59146B64214625EF00F01D90 /* AJColorExtensions.swift in Sources */ = {isa = PBXBuildFile; fileRef = 59146B3B2145F39E00F01D90 /* AJColorExtensions.swift */; };
		59146B65214625EF00F01D90 /* UIColorExtensions.swift in Sources */ = {isa = PBXBuildFile; fileRef = 59146B3C2145F39E00F01D90 /* UIColorExtensions.swift */; };
		59146B66214625F800F01D90 /* AJColor.swift in Sources */ = {isa = PBXBuildFile; fileRef = 59146B232145F39E00F01D90 /* AJColor.swift */; };
		59146B67214625F800F01D90 /* iKeyboard.swift in Sources */ = {isa = PBXBuildFile; fileRef = 59146B242145F39E00F01D90 /* iKeyboard.swift */; };
		59146B68214625F800F01D90 /* iDiacriticKeyboard.swift in Sources */ = {isa = PBXBuildFile; fileRef = 59146B252145F39E00F01D90 /* iDiacriticKeyboard.swift */; };
		59146B69214625F800F01D90 /* PredictionTheme.swift in Sources */ = {isa = PBXBuildFile; fileRef = 59146B262145F39E00F01D90 /* PredictionTheme.swift */; };
		59146B6A214625F800F01D90 /* Themes.swift in Sources */ = {isa = PBXBuildFile; fileRef = 59146B272145F39E00F01D90 /* Themes.swift */; };
		59146B6B214625F800F01D90 /* ButtonTheme.swift in Sources */ = {isa = PBXBuildFile; fileRef = 59146B282145F39E00F01D90 /* ButtonTheme.swift */; };
		59146B6C214625F800F01D90 /* ThemeFactory.swift in Sources */ = {isa = PBXBuildFile; fileRef = 59146B292145F39E00F01D90 /* ThemeFactory.swift */; };
		59146B6D214625F800F01D90 /* AJGradientColor.swift in Sources */ = {isa = PBXBuildFile; fileRef = 59146B2A2145F39E00F01D90 /* AJGradientColor.swift */; };
		59146B6E214625F800F01D90 /* KeyboardFactory.swift in Sources */ = {isa = PBXBuildFile; fileRef = 59146B2B2145F39E00F01D90 /* KeyboardFactory.swift */; };
		59146B6F214625F800F01D90 /* KeyAlignmentType.swift in Sources */ = {isa = PBXBuildFile; fileRef = 59146B2C2145F39E00F01D90 /* KeyAlignmentType.swift */; };
		59146B70214625F800F01D90 /* Theme.swift in Sources */ = {isa = PBXBuildFile; fileRef = 59146B2D2145F39E00F01D90 /* Theme.swift */; };
		59146B71214625F800F01D90 /* KeyModel.swift in Sources */ = {isa = PBXBuildFile; fileRef = 59146B2E2145F39E00F01D90 /* KeyModel.swift */; };
		59146B72214625F800F01D90 /* KeyboardModel.swift in Sources */ = {isa = PBXBuildFile; fileRef = 59146B2F2145F39E00F01D90 /* KeyboardModel.swift */; };
		59146B732146261100F01D90 /* KBNumericView.swift in Sources */ = {isa = PBXBuildFile; fileRef = 59146B312145F39E00F01D90 /* KBNumericView.swift */; };
		59146B742146261100F01D90 /* KBView.swift in Sources */ = {isa = PBXBuildFile; fileRef = 59146B322145F39E00F01D90 /* KBView.swift */; };
		59146B752146261100F01D90 /* KBButton.swift in Sources */ = {isa = PBXBuildFile; fileRef = 59146B332145F39E00F01D90 /* KBButton.swift */; };
		59146B762146261100F01D90 /* ButtonViewController.swift in Sources */ = {isa = PBXBuildFile; fileRef = 59146B352145F39E00F01D90 /* ButtonViewController.swift */; };
		59146B772146261100F01D90 /* KBAlphaView.swift in Sources */ = {isa = PBXBuildFile; fileRef = 59146B362145F39E00F01D90 /* KBAlphaView.swift */; };
		59146B782146261100F01D90 /* KBCommandButton.swift in Sources */ = {isa = PBXBuildFile; fileRef = 59146B372145F39E00F01D90 /* KBCommandButton.swift */; };
		59146B792146261100F01D90 /* KBPredictionView.swift in Sources */ = {isa = PBXBuildFile; fileRef = 59146B382145F39E00F01D90 /* KBPredictionView.swift */; };
		59146B7B21462AC000F01D90 /* NGramModel.sqlite-wal in Resources */ = {isa = PBXBuildFile; fileRef = 59146B7A21462ABF00F01D90 /* NGramModel.sqlite-wal */; };
		59146B7C21462AC400F01D90 /* NGramModel.sqlite-wal in Resources */ = {isa = PBXBuildFile; fileRef = 59146B7A21462ABF00F01D90 /* NGramModel.sqlite-wal */; };
		59146B7D21462AC500F01D90 /* NGramModel.sqlite-wal in Resources */ = {isa = PBXBuildFile; fileRef = 59146B7A21462ABF00F01D90 /* NGramModel.sqlite-wal */; };
		597A231F2144DD370081C8E1 /* AppDelegate.swift in Sources */ = {isa = PBXBuildFile; fileRef = 597A231E2144DD370081C8E1 /* AppDelegate.swift */; };
		597A23212144DD370081C8E1 /* FirstViewController.swift in Sources */ = {isa = PBXBuildFile; fileRef = 597A23202144DD370081C8E1 /* FirstViewController.swift */; };
		597A23232144DD370081C8E1 /* ThemeViewController.swift in Sources */ = {isa = PBXBuildFile; fileRef = 597A23222144DD370081C8E1 /* ThemeViewController.swift */; };
		597A23262144DD370081C8E1 /* Main.storyboard in Resources */ = {isa = PBXBuildFile; fileRef = 597A23242144DD370081C8E1 /* Main.storyboard */; };
		597A23282144DD370081C8E1 /* Assets.xcassets in Resources */ = {isa = PBXBuildFile; fileRef = 597A23272144DD370081C8E1 /* Assets.xcassets */; };
		597A232B2144DD370081C8E1 /* LaunchScreen.storyboard in Resources */ = {isa = PBXBuildFile; fileRef = 597A23292144DD370081C8E1 /* LaunchScreen.storyboard */; };
		597A23362144DD380081C8E1 /* iKanTypeTests.swift in Sources */ = {isa = PBXBuildFile; fileRef = 597A23352144DD380081C8E1 /* iKanTypeTests.swift */; };
		597A23412144DD380081C8E1 /* iKanTypeUITests.swift in Sources */ = {isa = PBXBuildFile; fileRef = 597A23402144DD380081C8E1 /* iKanTypeUITests.swift */; };
		597A236F2144DDE40081C8E1 /* kn.json in Resources */ = {isa = PBXBuildFile; fileRef = 597A23682144DDE40081C8E1 /* kn.json */; };
		597A23702144DDE40081C8E1 /* NGramModel.xcdatamodeld in Sources */ = {isa = PBXBuildFile; fileRef = 597A23692144DDE40081C8E1 /* NGramModel.xcdatamodeld */; };
		597A23712144DDE40081C8E1 /* default.theme in Resources */ = {isa = PBXBuildFile; fileRef = 597A236C2144DDE40081C8E1 /* default.theme */; };
		597A23722144DDE40081C8E1 /* dark.theme in Resources */ = {isa = PBXBuildFile; fileRef = 597A236D2144DDE40081C8E1 /* dark.theme */; };
		597A23732144DDE40081C8E1 /* NGramModel.sqlite in Resources */ = {isa = PBXBuildFile; fileRef = 597A236E2144DDE40081C8E1 /* NGramModel.sqlite */; };
		597A237C2144DF390081C8E1 /* KeyboardViewController.swift in Sources */ = {isa = PBXBuildFile; fileRef = 597A237B2144DF390081C8E1 /* KeyboardViewController.swift */; };
		597A23802144DF390081C8E1 /* Kannada.appex in Embed App Extensions */ = {isa = PBXBuildFile; fileRef = 597A23792144DF390081C8E1 /* Kannada.appex */; settings = {ATTRIBUTES = (RemoveHeadersOnCopy, ); }; };
		597A23882144DFE40081C8E1 /* kn.json in Resources */ = {isa = PBXBuildFile; fileRef = 597A23682144DDE40081C8E1 /* kn.json */; };
		597A23892144DFE90081C8E1 /* NGramModel.xcdatamodeld in Sources */ = {isa = PBXBuildFile; fileRef = 597A23692144DDE40081C8E1 /* NGramModel.xcdatamodeld */; };
		597A238B2144DFF60081C8E1 /* default.theme in Resources */ = {isa = PBXBuildFile; fileRef = 597A236C2144DDE40081C8E1 /* default.theme */; };
		597A238C2144DFF90081C8E1 /* dark.theme in Resources */ = {isa = PBXBuildFile; fileRef = 597A236D2144DDE40081C8E1 /* dark.theme */; };
		597A238D2144E1AC0081C8E1 /* Assets.xcassets in Resources */ = {isa = PBXBuildFile; fileRef = 597A23272144DD370081C8E1 /* Assets.xcassets */; };
		597A23BE2144E83A0081C8E1 /* nlp.framework in Frameworks */ = {isa = PBXBuildFile; fileRef = 597A23652144DDC40081C8E1 /* nlp.framework */; };
		597A23BF2144E83E0081C8E1 /* ObjectMapper.framework in Frameworks */ = {isa = PBXBuildFile; fileRef = 597A23632144DDC40081C8E1 /* ObjectMapper.framework */; };
		597A23C02144E8910081C8E1 /* ObjectMapper.framework in Frameworks */ = {isa = PBXBuildFile; fileRef = 597A23632144DDC40081C8E1 /* ObjectMapper.framework */; };
		597A23C12144E8910081C8E1 /* ObjectMapper.framework in Embed Frameworks */ = {isa = PBXBuildFile; fileRef = 597A23632144DDC40081C8E1 /* ObjectMapper.framework */; settings = {ATTRIBUTES = (CodeSignOnCopy, RemoveHeadersOnCopy, ); }; };
		597A23C42144E8970081C8E1 /* nlp.framework in Frameworks */ = {isa = PBXBuildFile; fileRef = 597A23652144DDC40081C8E1 /* nlp.framework */; };
		597A23C52144E8970081C8E1 /* nlp.framework in Embed Frameworks */ = {isa = PBXBuildFile; fileRef = 597A23652144DDC40081C8E1 /* nlp.framework */; settings = {ATTRIBUTES = (CodeSignOnCopy, RemoveHeadersOnCopy, ); }; };
		597A23C82144EEF40081C8E1 /* NGramModel.sqlite in Resources */ = {isa = PBXBuildFile; fileRef = 597A236E2144DDE40081C8E1 /* NGramModel.sqlite */; };
		59932287214632770019C5FC /* NGramModel.sqlite-shm in Resources */ = {isa = PBXBuildFile; fileRef = 59932282214632770019C5FC /* NGramModel.sqlite-shm */; };
		599322882146327D0019C5FC /* NGramModel.sqlite-shm in Resources */ = {isa = PBXBuildFile; fileRef = 59932282214632770019C5FC /* NGramModel.sqlite-shm */; };
		599322892146327D0019C5FC /* NGramModel.sqlite-shm in Resources */ = {isa = PBXBuildFile; fileRef = 59932282214632770019C5FC /* NGramModel.sqlite-shm */; };
/* End PBXBuildFile section */

/* Begin PBXContainerItemProxy section */
		59146B0E2145F35B00F01D90 /* PBXContainerItemProxy */ = {
			isa = PBXContainerItemProxy;
			containerPortal = 597A23132144DD360081C8E1 /* Project object */;
			proxyType = 1;
			remoteGlobalIDString = 59146B032145F35A00F01D90;
			remoteInfo = Keyboard;
		};
		59146B102145F35B00F01D90 /* PBXContainerItemProxy */ = {
			isa = PBXContainerItemProxy;
			containerPortal = 597A23132144DD360081C8E1 /* Project object */;
			proxyType = 1;
			remoteGlobalIDString = 597A231A2144DD370081C8E1;
			remoteInfo = iKanType;
		};
		59146B172145F35B00F01D90 /* PBXContainerItemProxy */ = {
			isa = PBXContainerItemProxy;
			containerPortal = 597A23132144DD360081C8E1 /* Project object */;
			proxyType = 1;
			remoteGlobalIDString = 59146B032145F35A00F01D90;
			remoteInfo = Keyboard;
		};
		597A23322144DD380081C8E1 /* PBXContainerItemProxy */ = {
			isa = PBXContainerItemProxy;
			containerPortal = 597A23132144DD360081C8E1 /* Project object */;
			proxyType = 1;
			remoteGlobalIDString = 597A231A2144DD370081C8E1;
			remoteInfo = iKanType;
		};
		597A233D2144DD380081C8E1 /* PBXContainerItemProxy */ = {
			isa = PBXContainerItemProxy;
			containerPortal = 597A23132144DD360081C8E1 /* Project object */;
			proxyType = 1;
			remoteGlobalIDString = 597A231A2144DD370081C8E1;
			remoteInfo = iKanType;
		};
		597A235E2144DDC40081C8E1 /* PBXContainerItemProxy */ = {
			isa = PBXContainerItemProxy;
			containerPortal = 597A234E2144DDC40081C8E1 /* Dependencies.xcodeproj */;
			proxyType = 2;
			remoteGlobalIDString = "Dependencies::Dependencies::Product";
			remoteInfo = Dependencies;
		};
		597A23622144DDC40081C8E1 /* PBXContainerItemProxy */ = {
			isa = PBXContainerItemProxy;
			containerPortal = 597A234E2144DDC40081C8E1 /* Dependencies.xcodeproj */;
			proxyType = 2;
			remoteGlobalIDString = "ObjectMapper::ObjectMapper::Product";
			remoteInfo = ObjectMapper;
		};
		597A23642144DDC40081C8E1 /* PBXContainerItemProxy */ = {
			isa = PBXContainerItemProxy;
			containerPortal = 597A234E2144DDC40081C8E1 /* Dependencies.xcodeproj */;
			proxyType = 2;
			remoteGlobalIDString = "nlp::nlp::Product";
			remoteInfo = nlp;
		};
		597A237E2144DF390081C8E1 /* PBXContainerItemProxy */ = {
			isa = PBXContainerItemProxy;
			containerPortal = 597A23132144DD360081C8E1 /* Project object */;
			proxyType = 1;
			remoteGlobalIDString = 597A23782144DF390081C8E1;
			remoteInfo = Kannada;
		};
		597A23C22144E8910081C8E1 /* PBXContainerItemProxy */ = {
			isa = PBXContainerItemProxy;
			containerPortal = 597A234E2144DDC40081C8E1 /* Dependencies.xcodeproj */;
			proxyType = 1;
			remoteGlobalIDString = "ObjectMapper::ObjectMapper";
			remoteInfo = ObjectMapper;
		};
		597A23C62144E8970081C8E1 /* PBXContainerItemProxy */ = {
			isa = PBXContainerItemProxy;
			containerPortal = 597A234E2144DDC40081C8E1 /* Dependencies.xcodeproj */;
			proxyType = 1;
			remoteGlobalIDString = "nlp::nlp";
			remoteInfo = nlp;
		};
/* End PBXContainerItemProxy section */

/* Begin PBXCopyFilesBuildPhase section */
		597A23842144DF390081C8E1 /* Embed App Extensions */ = {
			isa = PBXCopyFilesBuildPhase;
			buildActionMask = 2147483647;
			dstPath = "";
			dstSubfolderSpec = 13;
			files = (
				597A23802144DF390081C8E1 /* Kannada.appex in Embed App Extensions */,
			);
			name = "Embed App Extensions";
			runOnlyForDeploymentPostprocessing = 0;
		};
		597A23AD2144E4580081C8E1 /* Embed Frameworks */ = {
			isa = PBXCopyFilesBuildPhase;
			buildActionMask = 2147483647;
			dstPath = "";
			dstSubfolderSpec = 10;
			files = (
				597A23C52144E8970081C8E1 /* nlp.framework in Embed Frameworks */,
				597A23C12144E8910081C8E1 /* ObjectMapper.framework in Embed Frameworks */,
				59146B1A2145F35B00F01D90 /* Keyboard.framework in Embed Frameworks */,
			);
			name = "Embed Frameworks";
			runOnlyForDeploymentPostprocessing = 0;
		};
/* End PBXCopyFilesBuildPhase section */

/* Begin PBXFileReference section */
		590C586021475C5400CCDE86 /* ThemeCell.swift */ = {isa = PBXFileReference; lastKnownFileType = sourcecode.swift; path = ThemeCell.swift; sourceTree = "<group>"; };
		590C586621476DB500CCDE86 /* du.theme */ = {isa = PBXFileReference; lastKnownFileType = text; path = du.theme; sourceTree = "<group>"; xcLanguageSpecificationIdentifier = xcode.lang.json; };
		590C586821476E5400CCDE86 /* gold.theme */ = {isa = PBXFileReference; lastKnownFileType = text; path = gold.theme; sourceTree = "<group>"; xcLanguageSpecificationIdentifier = xcode.lang.json; };
		590C586E21476F0A00CCDE86 /* milkyway.theme */ = {isa = PBXFileReference; lastKnownFileType = text; path = milkyway.theme; sourceTree = "<group>"; xcLanguageSpecificationIdentifier = xcode.lang.json; };
		590C587221476F6200CCDE86 /* purple.theme */ = {isa = PBXFileReference; lastKnownFileType = text; path = purple.theme; sourceTree = "<group>"; xcLanguageSpecificationIdentifier = xcode.lang.json; };
		590C587421476F9D00CCDE86 /* space.theme */ = {isa = PBXFileReference; lastKnownFileType = text; path = space.theme; sourceTree = "<group>"; xcLanguageSpecificationIdentifier = xcode.lang.json; };
		590C587621476FC200CCDE86 /* transformers.theme */ = {isa = PBXFileReference; lastKnownFileType = text; path = transformers.theme; sourceTree = "<group>"; xcLanguageSpecificationIdentifier = xcode.lang.json; };
		5913180B214D7E6400702F5D /* player.theme */ = {isa = PBXFileReference; fileEncoding = 4; lastKnownFileType = text; path = player.theme; sourceTree = "<group>"; };
		59146B042145F35A00F01D90 /* Keyboard.framework */ = {isa = PBXFileReference; explicitFileType = wrapper.framework; includeInIndex = 0; path = Keyboard.framework; sourceTree = BUILT_PRODUCTS_DIR; };
		59146B072145F35A00F01D90 /* Info.plist */ = {isa = PBXFileReference; lastKnownFileType = text.plist.xml; path = Info.plist; sourceTree = "<group>"; };
		59146B0C2145F35B00F01D90 /* KeyboardTests.xctest */ = {isa = PBXFileReference; explicitFileType = wrapper.cfbundle; includeInIndex = 0; path = KeyboardTests.xctest; sourceTree = BUILT_PRODUCTS_DIR; };
		59146B132145F35B00F01D90 /* KeyboardTests.swift */ = {isa = PBXFileReference; lastKnownFileType = sourcecode.swift; path = KeyboardTests.swift; sourceTree = "<group>"; };
		59146B152145F35B00F01D90 /* Info.plist */ = {isa = PBXFileReference; lastKnownFileType = text.plist.xml; path = Info.plist; sourceTree = "<group>"; };
		59146B232145F39E00F01D90 /* AJColor.swift */ = {isa = PBXFileReference; fileEncoding = 4; lastKnownFileType = sourcecode.swift; path = AJColor.swift; sourceTree = "<group>"; };
		59146B242145F39E00F01D90 /* iKeyboard.swift */ = {isa = PBXFileReference; fileEncoding = 4; lastKnownFileType = sourcecode.swift; path = iKeyboard.swift; sourceTree = "<group>"; };
		59146B252145F39E00F01D90 /* iDiacriticKeyboard.swift */ = {isa = PBXFileReference; fileEncoding = 4; lastKnownFileType = sourcecode.swift; path = iDiacriticKeyboard.swift; sourceTree = "<group>"; };
		59146B262145F39E00F01D90 /* PredictionTheme.swift */ = {isa = PBXFileReference; fileEncoding = 4; lastKnownFileType = sourcecode.swift; path = PredictionTheme.swift; sourceTree = "<group>"; };
		59146B272145F39E00F01D90 /* Themes.swift */ = {isa = PBXFileReference; fileEncoding = 4; lastKnownFileType = sourcecode.swift; path = Themes.swift; sourceTree = "<group>"; };
		59146B282145F39E00F01D90 /* ButtonTheme.swift */ = {isa = PBXFileReference; fileEncoding = 4; lastKnownFileType = sourcecode.swift; path = ButtonTheme.swift; sourceTree = "<group>"; };
		59146B292145F39E00F01D90 /* ThemeFactory.swift */ = {isa = PBXFileReference; fileEncoding = 4; lastKnownFileType = sourcecode.swift; path = ThemeFactory.swift; sourceTree = "<group>"; };
		59146B2A2145F39E00F01D90 /* AJGradientColor.swift */ = {isa = PBXFileReference; fileEncoding = 4; lastKnownFileType = sourcecode.swift; path = AJGradientColor.swift; sourceTree = "<group>"; };
		59146B2B2145F39E00F01D90 /* KeyboardFactory.swift */ = {isa = PBXFileReference; fileEncoding = 4; lastKnownFileType = sourcecode.swift; path = KeyboardFactory.swift; sourceTree = "<group>"; };
		59146B2C2145F39E00F01D90 /* KeyAlignmentType.swift */ = {isa = PBXFileReference; fileEncoding = 4; lastKnownFileType = sourcecode.swift; path = KeyAlignmentType.swift; sourceTree = "<group>"; };
		59146B2D2145F39E00F01D90 /* Theme.swift */ = {isa = PBXFileReference; fileEncoding = 4; lastKnownFileType = sourcecode.swift; path = Theme.swift; sourceTree = "<group>"; };
		59146B2E2145F39E00F01D90 /* KeyModel.swift */ = {isa = PBXFileReference; fileEncoding = 4; lastKnownFileType = sourcecode.swift; path = KeyModel.swift; sourceTree = "<group>"; };
		59146B2F2145F39E00F01D90 /* KeyboardModel.swift */ = {isa = PBXFileReference; fileEncoding = 4; lastKnownFileType = sourcecode.swift; path = KeyboardModel.swift; sourceTree = "<group>"; };
		59146B312145F39E00F01D90 /* KBNumericView.swift */ = {isa = PBXFileReference; fileEncoding = 4; lastKnownFileType = sourcecode.swift; path = KBNumericView.swift; sourceTree = "<group>"; };
		59146B322145F39E00F01D90 /* KBView.swift */ = {isa = PBXFileReference; fileEncoding = 4; lastKnownFileType = sourcecode.swift; path = KBView.swift; sourceTree = "<group>"; };
		59146B332145F39E00F01D90 /* KBButton.swift */ = {isa = PBXFileReference; fileEncoding = 4; lastKnownFileType = sourcecode.swift; path = KBButton.swift; sourceTree = "<group>"; };
		59146B342145F39E00F01D90 /* Keyboard.storyboard */ = {isa = PBXFileReference; fileEncoding = 4; lastKnownFileType = file.storyboard; path = Keyboard.storyboard; sourceTree = "<group>"; };
		59146B352145F39E00F01D90 /* ButtonViewController.swift */ = {isa = PBXFileReference; fileEncoding = 4; lastKnownFileType = sourcecode.swift; path = ButtonViewController.swift; sourceTree = "<group>"; };
		59146B362145F39E00F01D90 /* KBAlphaView.swift */ = {isa = PBXFileReference; fileEncoding = 4; lastKnownFileType = sourcecode.swift; path = KBAlphaView.swift; sourceTree = "<group>"; };
		59146B372145F39E00F01D90 /* KBCommandButton.swift */ = {isa = PBXFileReference; fileEncoding = 4; lastKnownFileType = sourcecode.swift; path = KBCommandButton.swift; sourceTree = "<group>"; };
		59146B382145F39E00F01D90 /* KBPredictionView.swift */ = {isa = PBXFileReference; fileEncoding = 4; lastKnownFileType = sourcecode.swift; path = KBPredictionView.swift; sourceTree = "<group>"; };
		59146B3A2145F39E00F01D90 /* UIViewExtensions.swift */ = {isa = PBXFileReference; fileEncoding = 4; lastKnownFileType = sourcecode.swift; path = UIViewExtensions.swift; sourceTree = "<group>"; };
		59146B3B2145F39E00F01D90 /* AJColorExtensions.swift */ = {isa = PBXFileReference; fileEncoding = 4; lastKnownFileType = sourcecode.swift; path = AJColorExtensions.swift; sourceTree = "<group>"; };
		59146B3C2145F39E00F01D90 /* UIColorExtensions.swift */ = {isa = PBXFileReference; fileEncoding = 4; lastKnownFileType = sourcecode.swift; path = UIColorExtensions.swift; sourceTree = "<group>"; };
		59146B3E2145F39E00F01D90 /* KBViewController.swift */ = {isa = PBXFileReference; fileEncoding = 4; lastKnownFileType = sourcecode.swift; path = KBViewController.swift; sourceTree = "<group>"; };
		59146B7A21462ABF00F01D90 /* NGramModel.sqlite-wal */ = {isa = PBXFileReference; lastKnownFileType = file; path = "NGramModel.sqlite-wal"; sourceTree = "<group>"; };
		597A231B2144DD370081C8E1 /* iKanType.app */ = {isa = PBXFileReference; explicitFileType = wrapper.application; includeInIndex = 0; path = iKanType.app; sourceTree = BUILT_PRODUCTS_DIR; };
		597A231E2144DD370081C8E1 /* AppDelegate.swift */ = {isa = PBXFileReference; lastKnownFileType = sourcecode.swift; path = AppDelegate.swift; sourceTree = "<group>"; };
		597A23202144DD370081C8E1 /* FirstViewController.swift */ = {isa = PBXFileReference; lastKnownFileType = sourcecode.swift; path = FirstViewController.swift; sourceTree = "<group>"; };
		597A23222144DD370081C8E1 /* ThemeViewController.swift */ = {isa = PBXFileReference; lastKnownFileType = sourcecode.swift; path = ThemeViewController.swift; sourceTree = "<group>"; };
		597A23252144DD370081C8E1 /* Base */ = {isa = PBXFileReference; lastKnownFileType = file.storyboard; name = Base; path = Base.lproj/Main.storyboard; sourceTree = "<group>"; };
		597A23272144DD370081C8E1 /* Assets.xcassets */ = {isa = PBXFileReference; lastKnownFileType = folder.assetcatalog; path = Assets.xcassets; sourceTree = "<group>"; };
		597A232A2144DD370081C8E1 /* Base */ = {isa = PBXFileReference; lastKnownFileType = file.storyboard; name = Base; path = Base.lproj/LaunchScreen.storyboard; sourceTree = "<group>"; };
		597A232C2144DD370081C8E1 /* Info.plist */ = {isa = PBXFileReference; lastKnownFileType = text.plist.xml; path = Info.plist; sourceTree = "<group>"; };
		597A23312144DD380081C8E1 /* iKanTypeTests.xctest */ = {isa = PBXFileReference; explicitFileType = wrapper.cfbundle; includeInIndex = 0; path = iKanTypeTests.xctest; sourceTree = BUILT_PRODUCTS_DIR; };
		597A23352144DD380081C8E1 /* iKanTypeTests.swift */ = {isa = PBXFileReference; lastKnownFileType = sourcecode.swift; path = iKanTypeTests.swift; sourceTree = "<group>"; };
		597A23372144DD380081C8E1 /* Info.plist */ = {isa = PBXFileReference; lastKnownFileType = text.plist.xml; path = Info.plist; sourceTree = "<group>"; };
		597A233C2144DD380081C8E1 /* iKanTypeUITests.xctest */ = {isa = PBXFileReference; explicitFileType = wrapper.cfbundle; includeInIndex = 0; path = iKanTypeUITests.xctest; sourceTree = BUILT_PRODUCTS_DIR; };
		597A23402144DD380081C8E1 /* iKanTypeUITests.swift */ = {isa = PBXFileReference; lastKnownFileType = sourcecode.swift; path = iKanTypeUITests.swift; sourceTree = "<group>"; };
		597A23422144DD380081C8E1 /* Info.plist */ = {isa = PBXFileReference; lastKnownFileType = text.plist.xml; path = Info.plist; sourceTree = "<group>"; };
		597A234E2144DDC40081C8E1 /* Dependencies.xcodeproj */ = {isa = PBXFileReference; lastKnownFileType = "wrapper.pb-project"; name = Dependencies.xcodeproj; path = Dependencies/Dependencies.xcodeproj; sourceTree = "<group>"; };
		597A23682144DDE40081C8E1 /* kn.json */ = {isa = PBXFileReference; fileEncoding = 4; lastKnownFileType = text.json; path = kn.json; sourceTree = "<group>"; };
		597A236A2144DDE40081C8E1 /* NGramModel.xcdatamodel */ = {isa = PBXFileReference; lastKnownFileType = wrapper.xcdatamodel; path = NGramModel.xcdatamodel; sourceTree = "<group>"; };
		597A236C2144DDE40081C8E1 /* default.theme */ = {isa = PBXFileReference; fileEncoding = 4; lastKnownFileType = text; path = default.theme; sourceTree = "<group>"; };
		597A236D2144DDE40081C8E1 /* dark.theme */ = {isa = PBXFileReference; fileEncoding = 4; lastKnownFileType = text; path = dark.theme; sourceTree = "<group>"; };
		597A236E2144DDE40081C8E1 /* NGramModel.sqlite */ = {isa = PBXFileReference; lastKnownFileType = file; path = NGramModel.sqlite; sourceTree = "<group>"; };
		597A23742144DF1E0081C8E1 /* iKanType.entitlements */ = {isa = PBXFileReference; fileEncoding = 4; lastKnownFileType = text.plist.entitlements; path = iKanType.entitlements; sourceTree = "<group>"; };
		597A23792144DF390081C8E1 /* Kannada.appex */ = {isa = PBXFileReference; explicitFileType = "wrapper.app-extension"; includeInIndex = 0; path = Kannada.appex; sourceTree = BUILT_PRODUCTS_DIR; };
		597A237B2144DF390081C8E1 /* KeyboardViewController.swift */ = {isa = PBXFileReference; lastKnownFileType = sourcecode.swift; path = KeyboardViewController.swift; sourceTree = "<group>"; };
		597A237D2144DF390081C8E1 /* Info.plist */ = {isa = PBXFileReference; lastKnownFileType = text.plist.xml; path = Info.plist; sourceTree = "<group>"; };
		597A23852144DF590081C8E1 /* Kannada.entitlements */ = {isa = PBXFileReference; fileEncoding = 4; lastKnownFileType = text.plist.entitlements; path = Kannada.entitlements; sourceTree = "<group>"; };
		59932282214632770019C5FC /* NGramModel.sqlite-shm */ = {isa = PBXFileReference; lastKnownFileType = file; path = "NGramModel.sqlite-shm"; sourceTree = "<group>"; };
/* End PBXFileReference section */

/* Begin PBXFrameworksBuildPhase section */
		59146B012145F35A00F01D90 /* Frameworks */ = {
			isa = PBXFrameworksBuildPhase;
			buildActionMask = 2147483647;
			files = (
				59146B6121461F1F00F01D90 /* nlp.framework in Frameworks */,
				59146B6021461F1A00F01D90 /* ObjectMapper.framework in Frameworks */,
			);
			runOnlyForDeploymentPostprocessing = 0;
		};
		59146B092145F35B00F01D90 /* Frameworks */ = {
			isa = PBXFrameworksBuildPhase;
			buildActionMask = 2147483647;
			files = (
				59146B0D2145F35B00F01D90 /* Keyboard.framework in Frameworks */,
			);
			runOnlyForDeploymentPostprocessing = 0;
		};
		597A23182144DD370081C8E1 /* Frameworks */ = {
			isa = PBXFrameworksBuildPhase;
			buildActionMask = 2147483647;
			files = (
				597A23C42144E8970081C8E1 /* nlp.framework in Frameworks */,
				597A23C02144E8910081C8E1 /* ObjectMapper.framework in Frameworks */,
				59146B192145F35B00F01D90 /* Keyboard.framework in Frameworks */,
			);
			runOnlyForDeploymentPostprocessing = 0;
		};
		597A232E2144DD380081C8E1 /* Frameworks */ = {
			isa = PBXFrameworksBuildPhase;
			buildActionMask = 2147483647;
			files = (
			);
			runOnlyForDeploymentPostprocessing = 0;
		};
		597A23392144DD380081C8E1 /* Frameworks */ = {
			isa = PBXFrameworksBuildPhase;
			buildActionMask = 2147483647;
			files = (
			);
			runOnlyForDeploymentPostprocessing = 0;
		};
		597A23762144DF390081C8E1 /* Frameworks */ = {
			isa = PBXFrameworksBuildPhase;
			buildActionMask = 2147483647;
			files = (
				59146B5F21461EDC00F01D90 /* Keyboard.framework in Frameworks */,
				597A23BE2144E83A0081C8E1 /* nlp.framework in Frameworks */,
				597A23BF2144E83E0081C8E1 /* ObjectMapper.framework in Frameworks */,
			);
			runOnlyForDeploymentPostprocessing = 0;
		};
/* End PBXFrameworksBuildPhase section */

/* Begin PBXGroup section */
		59146B052145F35A00F01D90 /* Keyboard */ = {
			isa = PBXGroup;
			children = (
				59146B3D2145F39E00F01D90 /* Controller */,
				59146B392145F39E00F01D90 /* Extensions */,
				59146B222145F39E00F01D90 /* Model */,
				59146B302145F39E00F01D90 /* View */,
				59146B072145F35A00F01D90 /* Info.plist */,
			);
			path = Keyboard;
			sourceTree = "<group>";
		};
		59146B122145F35B00F01D90 /* KeyboardTests */ = {
			isa = PBXGroup;
			children = (
				59146B132145F35B00F01D90 /* KeyboardTests.swift */,
				59146B152145F35B00F01D90 /* Info.plist */,
			);
			path = KeyboardTests;
			sourceTree = "<group>";
		};
		59146B222145F39E00F01D90 /* Model */ = {
			isa = PBXGroup;
			children = (
				59146B232145F39E00F01D90 /* AJColor.swift */,
				59146B242145F39E00F01D90 /* iKeyboard.swift */,
				59146B252145F39E00F01D90 /* iDiacriticKeyboard.swift */,
				59146B262145F39E00F01D90 /* PredictionTheme.swift */,
				59146B272145F39E00F01D90 /* Themes.swift */,
				59146B282145F39E00F01D90 /* ButtonTheme.swift */,
				59146B292145F39E00F01D90 /* ThemeFactory.swift */,
				59146B2A2145F39E00F01D90 /* AJGradientColor.swift */,
				59146B2B2145F39E00F01D90 /* KeyboardFactory.swift */,
				59146B2C2145F39E00F01D90 /* KeyAlignmentType.swift */,
				59146B2D2145F39E00F01D90 /* Theme.swift */,
				59146B2E2145F39E00F01D90 /* KeyModel.swift */,
				59146B2F2145F39E00F01D90 /* KeyboardModel.swift */,
			);
			path = Model;
			sourceTree = "<group>";
		};
		59146B302145F39E00F01D90 /* View */ = {
			isa = PBXGroup;
			children = (
				59146B312145F39E00F01D90 /* KBNumericView.swift */,
				59146B322145F39E00F01D90 /* KBView.swift */,
				59146B332145F39E00F01D90 /* KBButton.swift */,
				59146B342145F39E00F01D90 /* Keyboard.storyboard */,
				59146B352145F39E00F01D90 /* ButtonViewController.swift */,
				59146B362145F39E00F01D90 /* KBAlphaView.swift */,
				59146B372145F39E00F01D90 /* KBCommandButton.swift */,
				59146B382145F39E00F01D90 /* KBPredictionView.swift */,
			);
			path = View;
			sourceTree = "<group>";
		};
		59146B392145F39E00F01D90 /* Extensions */ = {
			isa = PBXGroup;
			children = (
				59146B3A2145F39E00F01D90 /* UIViewExtensions.swift */,
				59146B3B2145F39E00F01D90 /* AJColorExtensions.swift */,
				59146B3C2145F39E00F01D90 /* UIColorExtensions.swift */,
			);
			path = Extensions;
			sourceTree = "<group>";
		};
		59146B3D2145F39E00F01D90 /* Controller */ = {
			isa = PBXGroup;
			children = (
				59146B3E2145F39E00F01D90 /* KBViewController.swift */,
			);
			path = Controller;
			sourceTree = "<group>";
		};
		597A23122144DD360081C8E1 = {
			isa = PBXGroup;
			children = (
				597A234E2144DDC40081C8E1 /* Dependencies.xcodeproj */,
				597A231D2144DD370081C8E1 /* iKanType */,
				597A23342144DD380081C8E1 /* iKanTypeTests */,
				597A233F2144DD380081C8E1 /* iKanTypeUITests */,
				597A237A2144DF390081C8E1 /* Kannada */,
				59146B052145F35A00F01D90 /* Keyboard */,
				59146B122145F35B00F01D90 /* KeyboardTests */,
				597A231C2144DD370081C8E1 /* Products */,
				597A238F2144E3B40081C8E1 /* Frameworks */,
			);
			sourceTree = "<group>";
		};
		597A231C2144DD370081C8E1 /* Products */ = {
			isa = PBXGroup;
			children = (
				597A231B2144DD370081C8E1 /* iKanType.app */,
				597A23312144DD380081C8E1 /* iKanTypeTests.xctest */,
				597A233C2144DD380081C8E1 /* iKanTypeUITests.xctest */,
				597A23792144DF390081C8E1 /* Kannada.appex */,
				59146B042145F35A00F01D90 /* Keyboard.framework */,
				59146B0C2145F35B00F01D90 /* KeyboardTests.xctest */,
			);
			name = Products;
			sourceTree = "<group>";
		};
		597A231D2144DD370081C8E1 /* iKanType */ = {
			isa = PBXGroup;
			children = (
				597A23742144DF1E0081C8E1 /* iKanType.entitlements */,
				597A23662144DDE40081C8E1 /* Resources */,
				597A231E2144DD370081C8E1 /* AppDelegate.swift */,
				597A23202144DD370081C8E1 /* FirstViewController.swift */,
				597A23222144DD370081C8E1 /* ThemeViewController.swift */,
				597A23242144DD370081C8E1 /* Main.storyboard */,
				597A23272144DD370081C8E1 /* Assets.xcassets */,
				597A23292144DD370081C8E1 /* LaunchScreen.storyboard */,
				597A232C2144DD370081C8E1 /* Info.plist */,
				590C586021475C5400CCDE86 /* ThemeCell.swift */,
			);
			path = iKanType;
			sourceTree = "<group>";
		};
		597A23342144DD380081C8E1 /* iKanTypeTests */ = {
			isa = PBXGroup;
			children = (
				597A23352144DD380081C8E1 /* iKanTypeTests.swift */,
				597A23372144DD380081C8E1 /* Info.plist */,
			);
			path = iKanTypeTests;
			sourceTree = "<group>";
		};
		597A233F2144DD380081C8E1 /* iKanTypeUITests */ = {
			isa = PBXGroup;
			children = (
				597A23402144DD380081C8E1 /* iKanTypeUITests.swift */,
				597A23422144DD380081C8E1 /* Info.plist */,
			);
			path = iKanTypeUITests;
			sourceTree = "<group>";
		};
		597A234F2144DDC40081C8E1 /* Products */ = {
			isa = PBXGroup;
			children = (
				597A235F2144DDC40081C8E1 /* Dependencies.framework */,
				597A23632144DDC40081C8E1 /* ObjectMapper.framework */,
				597A23652144DDC40081C8E1 /* nlp.framework */,
			);
			name = Products;
			sourceTree = "<group>";
		};
		597A23662144DDE40081C8E1 /* Resources */ = {
			isa = PBXGroup;
			children = (
				59932282214632770019C5FC /* NGramModel.sqlite-shm */,
				59146B7A21462ABF00F01D90 /* NGramModel.sqlite-wal */,
				597A23672144DDE40081C8E1 /* Keyboards */,
				597A23692144DDE40081C8E1 /* NGramModel.xcdatamodeld */,
				597A236B2144DDE40081C8E1 /* Themes */,
				597A236E2144DDE40081C8E1 /* NGramModel.sqlite */,
			);
			path = Resources;
			sourceTree = "<group>";
		};
		597A23672144DDE40081C8E1 /* Keyboards */ = {
			isa = PBXGroup;
			children = (
				597A23682144DDE40081C8E1 /* kn.json */,
			);
			path = Keyboards;
			sourceTree = "<group>";
		};
		597A236B2144DDE40081C8E1 /* Themes */ = {
			isa = PBXGroup;
			children = (
				5913180B214D7E6400702F5D /* player.theme */,
				597A236C2144DDE40081C8E1 /* default.theme */,
				597A236D2144DDE40081C8E1 /* dark.theme */,
				590C586621476DB500CCDE86 /* du.theme */,
				590C586821476E5400CCDE86 /* gold.theme */,
				590C586E21476F0A00CCDE86 /* milkyway.theme */,
				590C587221476F6200CCDE86 /* purple.theme */,
				590C587421476F9D00CCDE86 /* space.theme */,
				590C587621476FC200CCDE86 /* transformers.theme */,
			);
			path = Themes;
			sourceTree = "<group>";
		};
		597A237A2144DF390081C8E1 /* Kannada */ = {
			isa = PBXGroup;
			children = (
				597A23852144DF590081C8E1 /* Kannada.entitlements */,
				597A237B2144DF390081C8E1 /* KeyboardViewController.swift */,
				597A237D2144DF390081C8E1 /* Info.plist */,
			);
			path = Kannada;
			sourceTree = "<group>";
		};
		597A238F2144E3B40081C8E1 /* Frameworks */ = {
			isa = PBXGroup;
			children = (
			);
			name = Frameworks;
			sourceTree = "<group>";
		};
/* End PBXGroup section */

/* Begin PBXHeadersBuildPhase section */
		59146AFF2145F35A00F01D90 /* Headers */ = {
			isa = PBXHeadersBuildPhase;
			buildActionMask = 2147483647;
			files = (
			);
			runOnlyForDeploymentPostprocessing = 0;
		};
/* End PBXHeadersBuildPhase section */

/* Begin PBXNativeTarget section */
		59146B032145F35A00F01D90 /* Keyboard */ = {
			isa = PBXNativeTarget;
			buildConfigurationList = 59146B1B2145F35B00F01D90 /* Build configuration list for PBXNativeTarget "Keyboard" */;
			buildPhases = (
				59146AFF2145F35A00F01D90 /* Headers */,
				59146B002145F35A00F01D90 /* Sources */,
				59146B012145F35A00F01D90 /* Frameworks */,
				59146B022145F35A00F01D90 /* Resources */,
			);
			buildRules = (
			);
			dependencies = (
			);
			name = Keyboard;
			productName = Keyboard;
			productReference = 59146B042145F35A00F01D90 /* Keyboard.framework */;
			productType = "com.apple.product-type.framework";
		};
		59146B0B2145F35B00F01D90 /* KeyboardTests */ = {
			isa = PBXNativeTarget;
			buildConfigurationList = 59146B1E2145F35B00F01D90 /* Build configuration list for PBXNativeTarget "KeyboardTests" */;
			buildPhases = (
				59146B082145F35B00F01D90 /* Sources */,
				59146B092145F35B00F01D90 /* Frameworks */,
				59146B0A2145F35B00F01D90 /* Resources */,
			);
			buildRules = (
			);
			dependencies = (
				59146B0F2145F35B00F01D90 /* PBXTargetDependency */,
				59146B112145F35B00F01D90 /* PBXTargetDependency */,
			);
			name = KeyboardTests;
			productName = KeyboardTests;
			productReference = 59146B0C2145F35B00F01D90 /* KeyboardTests.xctest */;
			productType = "com.apple.product-type.bundle.unit-test";
		};
		597A231A2144DD370081C8E1 /* iKanType */ = {
			isa = PBXNativeTarget;
			buildConfigurationList = 597A23452144DD380081C8E1 /* Build configuration list for PBXNativeTarget "iKanType" */;
			buildPhases = (
				597A23172144DD370081C8E1 /* Sources */,
				597A23182144DD370081C8E1 /* Frameworks */,
				597A23192144DD370081C8E1 /* Resources */,
				597A23842144DF390081C8E1 /* Embed App Extensions */,
				597A23AD2144E4580081C8E1 /* Embed Frameworks */,
			);
			buildRules = (
			);
			dependencies = (
				597A237F2144DF390081C8E1 /* PBXTargetDependency */,
				597A23C32144E8910081C8E1 /* PBXTargetDependency */,
				597A23C72144E8970081C8E1 /* PBXTargetDependency */,
				59146B182145F35B00F01D90 /* PBXTargetDependency */,
			);
			name = iKanType;
			productName = iKanType;
			productReference = 597A231B2144DD370081C8E1 /* iKanType.app */;
			productType = "com.apple.product-type.application";
		};
		597A23302144DD380081C8E1 /* iKanTypeTests */ = {
			isa = PBXNativeTarget;
			buildConfigurationList = 597A23482144DD380081C8E1 /* Build configuration list for PBXNativeTarget "iKanTypeTests" */;
			buildPhases = (
				597A232D2144DD380081C8E1 /* Sources */,
				597A232E2144DD380081C8E1 /* Frameworks */,
				597A232F2144DD380081C8E1 /* Resources */,
			);
			buildRules = (
			);
			dependencies = (
				597A23332144DD380081C8E1 /* PBXTargetDependency */,
			);
			name = iKanTypeTests;
			productName = iKanTypeTests;
			productReference = 597A23312144DD380081C8E1 /* iKanTypeTests.xctest */;
			productType = "com.apple.product-type.bundle.unit-test";
		};
		597A233B2144DD380081C8E1 /* iKanTypeUITests */ = {
			isa = PBXNativeTarget;
			buildConfigurationList = 597A234B2144DD380081C8E1 /* Build configuration list for PBXNativeTarget "iKanTypeUITests" */;
			buildPhases = (
				597A23382144DD380081C8E1 /* Sources */,
				597A23392144DD380081C8E1 /* Frameworks */,
				597A233A2144DD380081C8E1 /* Resources */,
			);
			buildRules = (
			);
			dependencies = (
				597A233E2144DD380081C8E1 /* PBXTargetDependency */,
			);
			name = iKanTypeUITests;
			productName = iKanTypeUITests;
			productReference = 597A233C2144DD380081C8E1 /* iKanTypeUITests.xctest */;
			productType = "com.apple.product-type.bundle.ui-testing";
		};
		597A23782144DF390081C8E1 /* Kannada */ = {
			isa = PBXNativeTarget;
			buildConfigurationList = 597A23812144DF390081C8E1 /* Build configuration list for PBXNativeTarget "Kannada" */;
			buildPhases = (
				597A23752144DF390081C8E1 /* Sources */,
				597A23762144DF390081C8E1 /* Frameworks */,
				597A23772144DF390081C8E1 /* Resources */,
			);
			buildRules = (
			);
			dependencies = (
			);
			name = Kannada;
			productName = Kannada;
			productReference = 597A23792144DF390081C8E1 /* Kannada.appex */;
			productType = "com.apple.product-type.app-extension";
		};
/* End PBXNativeTarget section */

/* Begin PBXProject section */
		597A23132144DD360081C8E1 /* Project object */ = {
			isa = PBXProject;
			attributes = {
				LastSwiftUpdateCheck = 1000;
				LastUpgradeCheck = 1000;
				ORGANIZATIONNAME = "ಅಜೇಯ ಜಯರಾಂ";
				TargetAttributes = {
					59146B032145F35A00F01D90 = {
						CreatedOnToolsVersion = 10.0;
					};
					59146B0B2145F35B00F01D90 = {
						CreatedOnToolsVersion = 10.0;
						TestTargetID = 597A231A2144DD370081C8E1;
					};
					597A231A2144DD370081C8E1 = {
						CreatedOnToolsVersion = 10.0;
						SystemCapabilities = {
							com.apple.ApplicationGroups.iOS = {
								enabled = 1;
							};
							com.apple.BackgroundModes = {
								enabled = 0;
							};
							com.apple.DataProtection = {
								enabled = 0;
							};
						};
					};
					597A23302144DD380081C8E1 = {
						CreatedOnToolsVersion = 10.0;
						TestTargetID = 597A231A2144DD370081C8E1;
					};
					597A233B2144DD380081C8E1 = {
						CreatedOnToolsVersion = 10.0;
						TestTargetID = 597A231A2144DD370081C8E1;
					};
					597A23782144DF390081C8E1 = {
						CreatedOnToolsVersion = 10.0;
						SystemCapabilities = {
							com.apple.ApplicationGroups.iOS = {
								enabled = 1;
							};
						};
					};
				};
			};
			buildConfigurationList = 597A23162144DD360081C8E1 /* Build configuration list for PBXProject "iKanType" */;
			compatibilityVersion = "Xcode 10.0";
			developmentRegion = en;
			hasScannedForEncodings = 0;
			knownRegions = (
				en,
				Base,
			);
			mainGroup = 597A23122144DD360081C8E1;
			productRefGroup = 597A231C2144DD370081C8E1 /* Products */;
			projectDirPath = "";
			projectReferences = (
				{
					ProductGroup = 597A234F2144DDC40081C8E1 /* Products */;
					ProjectRef = 597A234E2144DDC40081C8E1 /* Dependencies.xcodeproj */;
				},
			);
			projectRoot = "";
			targets = (
				597A231A2144DD370081C8E1 /* iKanType */,
				597A23302144DD380081C8E1 /* iKanTypeTests */,
				597A233B2144DD380081C8E1 /* iKanTypeUITests */,
				597A23782144DF390081C8E1 /* Kannada */,
				59146B032145F35A00F01D90 /* Keyboard */,
				59146B0B2145F35B00F01D90 /* KeyboardTests */,
			);
		};
/* End PBXProject section */

/* Begin PBXReferenceProxy section */
		597A235F2144DDC40081C8E1 /* Dependencies.framework */ = {
			isa = PBXReferenceProxy;
			fileType = wrapper.framework;
			path = Dependencies.framework;
			remoteRef = 597A235E2144DDC40081C8E1 /* PBXContainerItemProxy */;
			sourceTree = BUILT_PRODUCTS_DIR;
		};
		597A23632144DDC40081C8E1 /* ObjectMapper.framework */ = {
			isa = PBXReferenceProxy;
			fileType = wrapper.framework;
			path = ObjectMapper.framework;
			remoteRef = 597A23622144DDC40081C8E1 /* PBXContainerItemProxy */;
			sourceTree = BUILT_PRODUCTS_DIR;
		};
		597A23652144DDC40081C8E1 /* nlp.framework */ = {
			isa = PBXReferenceProxy;
			fileType = wrapper.framework;
			path = nlp.framework;
			remoteRef = 597A23642144DDC40081C8E1 /* PBXContainerItemProxy */;
			sourceTree = BUILT_PRODUCTS_DIR;
		};
/* End PBXReferenceProxy section */

/* Begin PBXResourcesBuildPhase section */
		59146B022145F35A00F01D90 /* Resources */ = {
			isa = PBXResourcesBuildPhase;
			buildActionMask = 2147483647;
			files = (
				599322892146327D0019C5FC /* NGramModel.sqlite-shm in Resources */,
				59146B5A21461C8B00F01D90 /* kn.json in Resources */,
				59146B5E21461C9A00F01D90 /* NGramModel.sqlite in Resources */,
				590C587D21476FE900CCDE86 /* purple.theme in Resources */,
				590C586D21476EDB00CCDE86 /* gold.theme in Resources */,
				590C587121476F2D00CCDE86 /* milkyway.theme in Resources */,
				590C587921476FE100CCDE86 /* transformers.theme in Resources */,
				590C586B21476ED700CCDE86 /* du.theme in Resources */,
				59146B5921461C7D00F01D90 /* Assets.xcassets in Resources */,
				59131812214D7E6D00702F5D /* player.theme in Resources */,
				59146B4F2145F39E00F01D90 /* Keyboard.storyboard in Resources */,
				59146B5D21461C9700F01D90 /* dark.theme in Resources */,
				59146B7D21462AC500F01D90 /* NGramModel.sqlite-wal in Resources */,
				59146B5C21461C9500F01D90 /* default.theme in Resources */,
				590C587B21476FE500CCDE86 /* space.theme in Resources */,
			);
			runOnlyForDeploymentPostprocessing = 0;
		};
		59146B0A2145F35B00F01D90 /* Resources */ = {
			isa = PBXResourcesBuildPhase;
			buildActionMask = 2147483647;
			files = (
			);
			runOnlyForDeploymentPostprocessing = 0;
		};
		597A23192144DD370081C8E1 /* Resources */ = {
			isa = PBXResourcesBuildPhase;
			buildActionMask = 2147483647;
			files = (
				590C587521476F9D00CCDE86 /* space.theme in Resources */,
				597A236F2144DDE40081C8E1 /* kn.json in Resources */,
				597A232B2144DD370081C8E1 /* LaunchScreen.storyboard in Resources */,
				590C586F21476F0A00CCDE86 /* milkyway.theme in Resources */,
				597A23282144DD370081C8E1 /* Assets.xcassets in Resources */,
				597A23712144DDE40081C8E1 /* default.theme in Resources */,
				59146B7B21462AC000F01D90 /* NGramModel.sqlite-wal in Resources */,
				597A23732144DDE40081C8E1 /* NGramModel.sqlite in Resources */,
				590C587721476FC200CCDE86 /* transformers.theme in Resources */,
				590C586921476E5400CCDE86 /* gold.theme in Resources */,
				59131810214D7E6400702F5D /* player.theme in Resources */,
				59932287214632770019C5FC /* NGramModel.sqlite-shm in Resources */,
				590C587321476F6200CCDE86 /* purple.theme in Resources */,
				597A23262144DD370081C8E1 /* Main.storyboard in Resources */,
				590C586721476DB500CCDE86 /* du.theme in Resources */,
				597A23722144DDE40081C8E1 /* dark.theme in Resources */,
			);
			runOnlyForDeploymentPostprocessing = 0;
		};
		597A232F2144DD380081C8E1 /* Resources */ = {
			isa = PBXResourcesBuildPhase;
			buildActionMask = 2147483647;
			files = (
			);
			runOnlyForDeploymentPostprocessing = 0;
		};
		597A233A2144DD380081C8E1 /* Resources */ = {
			isa = PBXResourcesBuildPhase;
			buildActionMask = 2147483647;
			files = (
			);
			runOnlyForDeploymentPostprocessing = 0;
		};
		597A23772144DF390081C8E1 /* Resources */ = {
			isa = PBXResourcesBuildPhase;
			buildActionMask = 2147483647;
			files = (
				599322882146327D0019C5FC /* NGramModel.sqlite-shm in Resources */,
				597A23882144DFE40081C8E1 /* kn.json in Resources */,
				59146B5821461BE900F01D90 /* Keyboard.storyboard in Resources */,
				590C587C21476FE900CCDE86 /* purple.theme in Resources */,
				590C586C21476EDA00CCDE86 /* gold.theme in Resources */,
				590C587021476F2D00CCDE86 /* milkyway.theme in Resources */,
				590C587821476FE100CCDE86 /* transformers.theme in Resources */,
				590C586A21476ED700CCDE86 /* du.theme in Resources */,
				597A23C82144EEF40081C8E1 /* NGramModel.sqlite in Resources */,
				59131811214D7E6C00702F5D /* player.theme in Resources */,
				597A238C2144DFF90081C8E1 /* dark.theme in Resources */,
				597A238D2144E1AC0081C8E1 /* Assets.xcassets in Resources */,
				59146B7C21462AC400F01D90 /* NGramModel.sqlite-wal in Resources */,
				597A238B2144DFF60081C8E1 /* default.theme in Resources */,
				590C587A21476FE500CCDE86 /* space.theme in Resources */,
			);
			runOnlyForDeploymentPostprocessing = 0;
		};
/* End PBXResourcesBuildPhase section */

/* Begin PBXSourcesBuildPhase section */
		59146B002145F35A00F01D90 /* Sources */ = {
			isa = PBXSourcesBuildPhase;
			buildActionMask = 2147483647;
			files = (
				59146B472145F39E00F01D90 /* KeyboardFactory.swift in Sources */,
				59146B542145F39E00F01D90 /* UIViewExtensions.swift in Sources */,
				59146B462145F39E00F01D90 /* AJGradientColor.swift in Sources */,
				59146B4E2145F39E00F01D90 /* KBButton.swift in Sources */,
				59146B4B2145F39E00F01D90 /* KeyboardModel.swift in Sources */,
				59146B422145F39E00F01D90 /* PredictionTheme.swift in Sources */,
				59146B4D2145F39E00F01D90 /* KBView.swift in Sources */,
				59146B4A2145F39E00F01D90 /* KeyModel.swift in Sources */,
				59146B402145F39E00F01D90 /* iKeyboard.swift in Sources */,
				59146B492145F39E00F01D90 /* Theme.swift in Sources */,
				59146B522145F39E00F01D90 /* KBCommandButton.swift in Sources */,
				59146B502145F39E00F01D90 /* ButtonViewController.swift in Sources */,
				59146B412145F39E00F01D90 /* iDiacriticKeyboard.swift in Sources */,
				59146B572145F39E00F01D90 /* KBViewController.swift in Sources */,
				59146B432145F39E00F01D90 /* Themes.swift in Sources */,
				59146B4C2145F39E00F01D90 /* KBNumericView.swift in Sources */,
				59146B562145F39E00F01D90 /* UIColorExtensions.swift in Sources */,
				59146B5B21461C8F00F01D90 /* NGramModel.xcdatamodeld in Sources */,
				59146B532145F39E00F01D90 /* KBPredictionView.swift in Sources */,
				59146B3F2145F39E00F01D90 /* AJColor.swift in Sources */,
				59146B512145F39E00F01D90 /* KBAlphaView.swift in Sources */,
				59146B552145F39E00F01D90 /* AJColorExtensions.swift in Sources */,
				59146B482145F39E00F01D90 /* KeyAlignmentType.swift in Sources */,
				59146B452145F39E00F01D90 /* ThemeFactory.swift in Sources */,
				59146B442145F39E00F01D90 /* ButtonTheme.swift in Sources */,
			);
			runOnlyForDeploymentPostprocessing = 0;
		};
		59146B082145F35B00F01D90 /* Sources */ = {
			isa = PBXSourcesBuildPhase;
			buildActionMask = 2147483647;
			files = (
				59146B142145F35B00F01D90 /* KeyboardTests.swift in Sources */,
			);
			runOnlyForDeploymentPostprocessing = 0;
		};
		597A23172144DD370081C8E1 /* Sources */ = {
			isa = PBXSourcesBuildPhase;
			buildActionMask = 2147483647;
			files = (
				597A23232144DD370081C8E1 /* ThemeViewController.swift in Sources */,
				590C586121475C5400CCDE86 /* ThemeCell.swift in Sources */,
				597A23702144DDE40081C8E1 /* NGramModel.xcdatamodeld in Sources */,
				597A231F2144DD370081C8E1 /* AppDelegate.swift in Sources */,
				597A23212144DD370081C8E1 /* FirstViewController.swift in Sources */,
			);
			runOnlyForDeploymentPostprocessing = 0;
		};
		597A232D2144DD380081C8E1 /* Sources */ = {
			isa = PBXSourcesBuildPhase;
			buildActionMask = 2147483647;
			files = (
				597A23362144DD380081C8E1 /* iKanTypeTests.swift in Sources */,
			);
			runOnlyForDeploymentPostprocessing = 0;
		};
		597A23382144DD380081C8E1 /* Sources */ = {
			isa = PBXSourcesBuildPhase;
			buildActionMask = 2147483647;
			files = (
				597A23412144DD380081C8E1 /* iKanTypeUITests.swift in Sources */,
			);
			runOnlyForDeploymentPostprocessing = 0;
		};
		597A23752144DF390081C8E1 /* Sources */ = {
			isa = PBXSourcesBuildPhase;
			buildActionMask = 2147483647;
			files = (
				59146B752146261100F01D90 /* KBButton.swift in Sources */,
				59146B6D214625F800F01D90 /* AJGradientColor.swift in Sources */,
				59146B772146261100F01D90 /* KBAlphaView.swift in Sources */,
				59146B64214625EF00F01D90 /* AJColorExtensions.swift in Sources */,
				59146B6C214625F800F01D90 /* ThemeFactory.swift in Sources */,
				59146B762146261100F01D90 /* ButtonViewController.swift in Sources */,
				59146B792146261100F01D90 /* KBPredictionView.swift in Sources */,
				597A237C2144DF390081C8E1 /* KeyboardViewController.swift in Sources */,
				59146B62214625E900F01D90 /* KBViewController.swift in Sources */,
				59146B65214625EF00F01D90 /* UIColorExtensions.swift in Sources */,
				59146B6E214625F800F01D90 /* KeyboardFactory.swift in Sources */,
				59146B67214625F800F01D90 /* iKeyboard.swift in Sources */,
				59146B6A214625F800F01D90 /* Themes.swift in Sources */,
				59146B63214625EF00F01D90 /* UIViewExtensions.swift in Sources */,
				59146B69214625F800F01D90 /* PredictionTheme.swift in Sources */,
				59146B6F214625F800F01D90 /* KeyAlignmentType.swift in Sources */,
				597A23892144DFE90081C8E1 /* NGramModel.xcdatamodeld in Sources */,
				59146B732146261100F01D90 /* KBNumericView.swift in Sources */,
				59146B68214625F800F01D90 /* iDiacriticKeyboard.swift in Sources */,
				59146B66214625F800F01D90 /* AJColor.swift in Sources */,
				59146B742146261100F01D90 /* KBView.swift in Sources */,
				59146B782146261100F01D90 /* KBCommandButton.swift in Sources */,
				59146B72214625F800F01D90 /* KeyboardModel.swift in Sources */,
				59146B71214625F800F01D90 /* KeyModel.swift in Sources */,
				59146B6B214625F800F01D90 /* ButtonTheme.swift in Sources */,
				59146B70214625F800F01D90 /* Theme.swift in Sources */,
			);
			runOnlyForDeploymentPostprocessing = 0;
		};
/* End PBXSourcesBuildPhase section */

/* Begin PBXTargetDependency section */
		59146B0F2145F35B00F01D90 /* PBXTargetDependency */ = {
			isa = PBXTargetDependency;
			target = 59146B032145F35A00F01D90 /* Keyboard */;
			targetProxy = 59146B0E2145F35B00F01D90 /* PBXContainerItemProxy */;
		};
		59146B112145F35B00F01D90 /* PBXTargetDependency */ = {
			isa = PBXTargetDependency;
			target = 597A231A2144DD370081C8E1 /* iKanType */;
			targetProxy = 59146B102145F35B00F01D90 /* PBXContainerItemProxy */;
		};
		59146B182145F35B00F01D90 /* PBXTargetDependency */ = {
			isa = PBXTargetDependency;
			target = 59146B032145F35A00F01D90 /* Keyboard */;
			targetProxy = 59146B172145F35B00F01D90 /* PBXContainerItemProxy */;
		};
		597A23332144DD380081C8E1 /* PBXTargetDependency */ = {
			isa = PBXTargetDependency;
			target = 597A231A2144DD370081C8E1 /* iKanType */;
			targetProxy = 597A23322144DD380081C8E1 /* PBXContainerItemProxy */;
		};
		597A233E2144DD380081C8E1 /* PBXTargetDependency */ = {
			isa = PBXTargetDependency;
			target = 597A231A2144DD370081C8E1 /* iKanType */;
			targetProxy = 597A233D2144DD380081C8E1 /* PBXContainerItemProxy */;
		};
		597A237F2144DF390081C8E1 /* PBXTargetDependency */ = {
			isa = PBXTargetDependency;
			target = 597A23782144DF390081C8E1 /* Kannada */;
			targetProxy = 597A237E2144DF390081C8E1 /* PBXContainerItemProxy */;
		};
		597A23C32144E8910081C8E1 /* PBXTargetDependency */ = {
			isa = PBXTargetDependency;
			name = ObjectMapper;
			targetProxy = 597A23C22144E8910081C8E1 /* PBXContainerItemProxy */;
		};
		597A23C72144E8970081C8E1 /* PBXTargetDependency */ = {
			isa = PBXTargetDependency;
			name = nlp;
			targetProxy = 597A23C62144E8970081C8E1 /* PBXContainerItemProxy */;
		};
/* End PBXTargetDependency section */

/* Begin PBXVariantGroup section */
		597A23242144DD370081C8E1 /* Main.storyboard */ = {
			isa = PBXVariantGroup;
			children = (
				597A23252144DD370081C8E1 /* Base */,
			);
			name = Main.storyboard;
			sourceTree = "<group>";
		};
		597A23292144DD370081C8E1 /* LaunchScreen.storyboard */ = {
			isa = PBXVariantGroup;
			children = (
				597A232A2144DD370081C8E1 /* Base */,
			);
			name = LaunchScreen.storyboard;
			sourceTree = "<group>";
		};
/* End PBXVariantGroup section */

/* Begin XCBuildConfiguration section */
		59146B1C2145F35B00F01D90 /* Debug */ = {
			isa = XCBuildConfiguration;
			buildSettings = {
				APPLICATION_EXTENSION_API_ONLY = YES;
				CODE_SIGN_IDENTITY = "";
				CODE_SIGN_STYLE = Automatic;
				CURRENT_PROJECT_VERSION = 1;
				DEFINES_MODULE = YES;
				DEVELOPMENT_TEAM = XM48Z8F5QX;
				DYLIB_COMPATIBILITY_VERSION = 1;
				DYLIB_CURRENT_VERSION = 1;
				DYLIB_INSTALL_NAME_BASE = "@rpath";
				INFOPLIST_FILE = Keyboard/Info.plist;
				INSTALL_PATH = "$(LOCAL_LIBRARY_DIR)/Frameworks";
				LD_RUNPATH_SEARCH_PATHS = (
					"$(inherited)",
					"@executable_path/Frameworks",
					"@loader_path/Frameworks",
				);
				PRODUCT_BUNDLE_IDENTIFIER = ajeyatj.blogspot.com.Keyboard;
				PRODUCT_NAME = "$(TARGET_NAME:c99extidentifier)";
				SKIP_INSTALL = YES;
				SWIFT_VERSION = 4.2;
				TARGETED_DEVICE_FAMILY = "1,2";
				VERSIONING_SYSTEM = "apple-generic";
				VERSION_INFO_PREFIX = "";
			};
			name = Debug;
		};
		59146B1D2145F35B00F01D90 /* Release */ = {
			isa = XCBuildConfiguration;
			buildSettings = {
				APPLICATION_EXTENSION_API_ONLY = YES;
				CODE_SIGN_IDENTITY = "";
				CODE_SIGN_STYLE = Automatic;
				CURRENT_PROJECT_VERSION = 1;
				DEFINES_MODULE = YES;
				DEVELOPMENT_TEAM = XM48Z8F5QX;
				DYLIB_COMPATIBILITY_VERSION = 1;
				DYLIB_CURRENT_VERSION = 1;
				DYLIB_INSTALL_NAME_BASE = "@rpath";
				INFOPLIST_FILE = Keyboard/Info.plist;
				INSTALL_PATH = "$(LOCAL_LIBRARY_DIR)/Frameworks";
				LD_RUNPATH_SEARCH_PATHS = (
					"$(inherited)",
					"@executable_path/Frameworks",
					"@loader_path/Frameworks",
				);
				PRODUCT_BUNDLE_IDENTIFIER = ajeyatj.blogspot.com.Keyboard;
				PRODUCT_NAME = "$(TARGET_NAME:c99extidentifier)";
				SKIP_INSTALL = YES;
				SWIFT_VERSION = 4.2;
				TARGETED_DEVICE_FAMILY = "1,2";
				VERSIONING_SYSTEM = "apple-generic";
				VERSION_INFO_PREFIX = "";
			};
			name = Release;
		};
		59146B1F2145F35B00F01D90 /* Debug */ = {
			isa = XCBuildConfiguration;
			buildSettings = {
				ALWAYS_EMBED_SWIFT_STANDARD_LIBRARIES = YES;
				CODE_SIGN_STYLE = Automatic;
				DEVELOPMENT_TEAM = XM48Z8F5QX;
				INFOPLIST_FILE = KeyboardTests/Info.plist;
				LD_RUNPATH_SEARCH_PATHS = (
					"$(inherited)",
					"@executable_path/Frameworks",
					"@loader_path/Frameworks",
				);
				PRODUCT_BUNDLE_IDENTIFIER = ajeyatj.blogspot.com.KeyboardTests;
				PRODUCT_NAME = "$(TARGET_NAME)";
				SWIFT_VERSION = 4.2;
				TARGETED_DEVICE_FAMILY = "1,2";
				TEST_HOST = "$(BUILT_PRODUCTS_DIR)/iKanType.app/iKanType";
			};
			name = Debug;
		};
		59146B202145F35B00F01D90 /* Release */ = {
			isa = XCBuildConfiguration;
			buildSettings = {
				ALWAYS_EMBED_SWIFT_STANDARD_LIBRARIES = YES;
				CODE_SIGN_STYLE = Automatic;
				DEVELOPMENT_TEAM = XM48Z8F5QX;
				INFOPLIST_FILE = KeyboardTests/Info.plist;
				LD_RUNPATH_SEARCH_PATHS = (
					"$(inherited)",
					"@executable_path/Frameworks",
					"@loader_path/Frameworks",
				);
				PRODUCT_BUNDLE_IDENTIFIER = ajeyatj.blogspot.com.KeyboardTests;
				PRODUCT_NAME = "$(TARGET_NAME)";
				SWIFT_VERSION = 4.2;
				TARGETED_DEVICE_FAMILY = "1,2";
				TEST_HOST = "$(BUILT_PRODUCTS_DIR)/iKanType.app/iKanType";
			};
			name = Release;
		};
		597A23432144DD380081C8E1 /* Debug */ = {
			isa = XCBuildConfiguration;
			buildSettings = {
				ALWAYS_SEARCH_USER_PATHS = NO;
				CLANG_ANALYZER_NONNULL = YES;
				CLANG_ANALYZER_NUMBER_OBJECT_CONVERSION = YES_AGGRESSIVE;
				CLANG_CXX_LANGUAGE_STANDARD = "gnu++14";
				CLANG_CXX_LIBRARY = "libc++";
				CLANG_ENABLE_MODULES = YES;
				CLANG_ENABLE_OBJC_ARC = YES;
				CLANG_ENABLE_OBJC_WEAK = YES;
				CLANG_WARN_BLOCK_CAPTURE_AUTORELEASING = YES;
				CLANG_WARN_BOOL_CONVERSION = YES;
				CLANG_WARN_COMMA = YES;
				CLANG_WARN_CONSTANT_CONVERSION = YES;
				CLANG_WARN_DEPRECATED_OBJC_IMPLEMENTATIONS = YES;
				CLANG_WARN_DIRECT_OBJC_ISA_USAGE = YES_ERROR;
				CLANG_WARN_DOCUMENTATION_COMMENTS = YES;
				CLANG_WARN_EMPTY_BODY = YES;
				CLANG_WARN_ENUM_CONVERSION = YES;
				CLANG_WARN_INFINITE_RECURSION = YES;
				CLANG_WARN_INT_CONVERSION = YES;
				CLANG_WARN_NON_LITERAL_NULL_CONVERSION = YES;
				CLANG_WARN_OBJC_IMPLICIT_RETAIN_SELF = YES;
				CLANG_WARN_OBJC_LITERAL_CONVERSION = YES;
				CLANG_WARN_OBJC_ROOT_CLASS = YES_ERROR;
				CLANG_WARN_RANGE_LOOP_ANALYSIS = YES;
				CLANG_WARN_STRICT_PROTOTYPES = YES;
				CLANG_WARN_SUSPICIOUS_MOVE = YES;
				CLANG_WARN_UNGUARDED_AVAILABILITY = YES_AGGRESSIVE;
				CLANG_WARN_UNREACHABLE_CODE = YES;
				CLANG_WARN__DUPLICATE_METHOD_MATCH = YES;
				CODE_SIGN_IDENTITY = "iPhone Developer";
				COPY_PHASE_STRIP = NO;
				DEBUG_INFORMATION_FORMAT = dwarf;
				ENABLE_STRICT_OBJC_MSGSEND = YES;
				ENABLE_TESTABILITY = YES;
				GCC_C_LANGUAGE_STANDARD = gnu11;
				GCC_DYNAMIC_NO_PIC = NO;
				GCC_NO_COMMON_BLOCKS = YES;
				GCC_OPTIMIZATION_LEVEL = 0;
				GCC_PREPROCESSOR_DEFINITIONS = (
					"DEBUG=1",
					"$(inherited)",
				);
				GCC_WARN_64_TO_32_BIT_CONVERSION = YES;
				GCC_WARN_ABOUT_RETURN_TYPE = YES_ERROR;
				GCC_WARN_UNDECLARED_SELECTOR = YES;
				GCC_WARN_UNINITIALIZED_AUTOS = YES_AGGRESSIVE;
				GCC_WARN_UNUSED_FUNCTION = YES;
				GCC_WARN_UNUSED_VARIABLE = YES;
				IPHONEOS_DEPLOYMENT_TARGET = 12.0;
				MTL_ENABLE_DEBUG_INFO = INCLUDE_SOURCE;
				MTL_FAST_MATH = YES;
				ONLY_ACTIVE_ARCH = YES;
				SDKROOT = iphoneos;
				SWIFT_ACTIVE_COMPILATION_CONDITIONS = DEBUG;
				SWIFT_OPTIMIZATION_LEVEL = "-Onone";
			};
			name = Debug;
		};
		597A23442144DD380081C8E1 /* Release */ = {
			isa = XCBuildConfiguration;
			buildSettings = {
				ALWAYS_SEARCH_USER_PATHS = NO;
				CLANG_ANALYZER_NONNULL = YES;
				CLANG_ANALYZER_NUMBER_OBJECT_CONVERSION = YES_AGGRESSIVE;
				CLANG_CXX_LANGUAGE_STANDARD = "gnu++14";
				CLANG_CXX_LIBRARY = "libc++";
				CLANG_ENABLE_MODULES = YES;
				CLANG_ENABLE_OBJC_ARC = YES;
				CLANG_ENABLE_OBJC_WEAK = YES;
				CLANG_WARN_BLOCK_CAPTURE_AUTORELEASING = YES;
				CLANG_WARN_BOOL_CONVERSION = YES;
				CLANG_WARN_COMMA = YES;
				CLANG_WARN_CONSTANT_CONVERSION = YES;
				CLANG_WARN_DEPRECATED_OBJC_IMPLEMENTATIONS = YES;
				CLANG_WARN_DIRECT_OBJC_ISA_USAGE = YES_ERROR;
				CLANG_WARN_DOCUMENTATION_COMMENTS = YES;
				CLANG_WARN_EMPTY_BODY = YES;
				CLANG_WARN_ENUM_CONVERSION = YES;
				CLANG_WARN_INFINITE_RECURSION = YES;
				CLANG_WARN_INT_CONVERSION = YES;
				CLANG_WARN_NON_LITERAL_NULL_CONVERSION = YES;
				CLANG_WARN_OBJC_IMPLICIT_RETAIN_SELF = YES;
				CLANG_WARN_OBJC_LITERAL_CONVERSION = YES;
				CLANG_WARN_OBJC_ROOT_CLASS = YES_ERROR;
				CLANG_WARN_RANGE_LOOP_ANALYSIS = YES;
				CLANG_WARN_STRICT_PROTOTYPES = YES;
				CLANG_WARN_SUSPICIOUS_MOVE = YES;
				CLANG_WARN_UNGUARDED_AVAILABILITY = YES_AGGRESSIVE;
				CLANG_WARN_UNREACHABLE_CODE = YES;
				CLANG_WARN__DUPLICATE_METHOD_MATCH = YES;
				CODE_SIGN_IDENTITY = "iPhone Developer";
				COPY_PHASE_STRIP = NO;
				DEBUG_INFORMATION_FORMAT = "dwarf-with-dsym";
				ENABLE_NS_ASSERTIONS = NO;
				ENABLE_STRICT_OBJC_MSGSEND = YES;
				GCC_C_LANGUAGE_STANDARD = gnu11;
				GCC_NO_COMMON_BLOCKS = YES;
				GCC_WARN_64_TO_32_BIT_CONVERSION = YES;
				GCC_WARN_ABOUT_RETURN_TYPE = YES_ERROR;
				GCC_WARN_UNDECLARED_SELECTOR = YES;
				GCC_WARN_UNINITIALIZED_AUTOS = YES_AGGRESSIVE;
				GCC_WARN_UNUSED_FUNCTION = YES;
				GCC_WARN_UNUSED_VARIABLE = YES;
				IPHONEOS_DEPLOYMENT_TARGET = 12.0;
				MTL_ENABLE_DEBUG_INFO = NO;
				MTL_FAST_MATH = YES;
				SDKROOT = iphoneos;
				SWIFT_COMPILATION_MODE = wholemodule;
				SWIFT_OPTIMIZATION_LEVEL = "-O";
				VALIDATE_PRODUCT = YES;
			};
			name = Release;
		};
		597A23462144DD380081C8E1 /* Debug */ = {
			isa = XCBuildConfiguration;
			buildSettings = {
				ALWAYS_EMBED_SWIFT_STANDARD_LIBRARIES = YES;
				ASSETCATALOG_COMPILER_APPICON_NAME = AppIcon;
				CODE_SIGN_ENTITLEMENTS = iKanType/iKanType.entitlements;
				CODE_SIGN_STYLE = Automatic;
				DEVELOPMENT_TEAM = XM48Z8F5QX;
				INFOPLIST_FILE = iKanType/Info.plist;
				LD_RUNPATH_SEARCH_PATHS = (
					"$(inherited)",
					"@executable_path/Frameworks",
				);
				PRODUCT_BUNDLE_IDENTIFIER = ajeyatj.blogspot.com.iKanType;
				PRODUCT_NAME = "$(TARGET_NAME)";
				SWIFT_VERSION = 4.2;
				TARGETED_DEVICE_FAMILY = "1,2";
			};
			name = Debug;
		};
		597A23472144DD380081C8E1 /* Release */ = {
			isa = XCBuildConfiguration;
			buildSettings = {
				ALWAYS_EMBED_SWIFT_STANDARD_LIBRARIES = YES;
				ASSETCATALOG_COMPILER_APPICON_NAME = AppIcon;
				CODE_SIGN_ENTITLEMENTS = iKanType/iKanType.entitlements;
				CODE_SIGN_STYLE = Automatic;
				DEVELOPMENT_TEAM = XM48Z8F5QX;
				INFOPLIST_FILE = iKanType/Info.plist;
				LD_RUNPATH_SEARCH_PATHS = (
					"$(inherited)",
					"@executable_path/Frameworks",
				);
				PRODUCT_BUNDLE_IDENTIFIER = ajeyatj.blogspot.com.iKanType;
				PRODUCT_NAME = "$(TARGET_NAME)";
				SWIFT_VERSION = 4.2;
				TARGETED_DEVICE_FAMILY = "1,2";
			};
			name = Release;
		};
		597A23492144DD380081C8E1 /* Debug */ = {
			isa = XCBuildConfiguration;
			buildSettings = {
				ALWAYS_EMBED_SWIFT_STANDARD_LIBRARIES = YES;
				BUNDLE_LOADER = "$(TEST_HOST)";
				CODE_SIGN_STYLE = Automatic;
				DEVELOPMENT_TEAM = XM48Z8F5QX;
				INFOPLIST_FILE = iKanTypeTests/Info.plist;
				LD_RUNPATH_SEARCH_PATHS = (
					"$(inherited)",
					"@executable_path/Frameworks",
					"@loader_path/Frameworks",
				);
				PRODUCT_BUNDLE_IDENTIFIER = ajeyatj.blogspot.com.iKanTypeTests;
				PRODUCT_NAME = "$(TARGET_NAME)";
				SWIFT_VERSION = 4.2;
				TARGETED_DEVICE_FAMILY = "1,2";
				TEST_HOST = "$(BUILT_PRODUCTS_DIR)/iKanType.app/iKanType";
			};
			name = Debug;
		};
		597A234A2144DD380081C8E1 /* Release */ = {
			isa = XCBuildConfiguration;
			buildSettings = {
				ALWAYS_EMBED_SWIFT_STANDARD_LIBRARIES = YES;
				BUNDLE_LOADER = "$(TEST_HOST)";
				CODE_SIGN_STYLE = Automatic;
				DEVELOPMENT_TEAM = XM48Z8F5QX;
				INFOPLIST_FILE = iKanTypeTests/Info.plist;
				LD_RUNPATH_SEARCH_PATHS = (
					"$(inherited)",
					"@executable_path/Frameworks",
					"@loader_path/Frameworks",
				);
				PRODUCT_BUNDLE_IDENTIFIER = ajeyatj.blogspot.com.iKanTypeTests;
				PRODUCT_NAME = "$(TARGET_NAME)";
				SWIFT_VERSION = 4.2;
				TARGETED_DEVICE_FAMILY = "1,2";
				TEST_HOST = "$(BUILT_PRODUCTS_DIR)/iKanType.app/iKanType";
			};
			name = Release;
		};
		597A234C2144DD380081C8E1 /* Debug */ = {
			isa = XCBuildConfiguration;
			buildSettings = {
				ALWAYS_EMBED_SWIFT_STANDARD_LIBRARIES = YES;
				CODE_SIGN_STYLE = Automatic;
				DEVELOPMENT_TEAM = XM48Z8F5QX;
				INFOPLIST_FILE = iKanTypeUITests/Info.plist;
				LD_RUNPATH_SEARCH_PATHS = (
					"$(inherited)",
					"@executable_path/Frameworks",
					"@loader_path/Frameworks",
				);
				PRODUCT_BUNDLE_IDENTIFIER = ajeyatj.blogspot.com.iKanTypeUITests;
				PRODUCT_NAME = "$(TARGET_NAME)";
				SWIFT_VERSION = 4.2;
				TARGETED_DEVICE_FAMILY = "1,2";
				TEST_TARGET_NAME = iKanType;
			};
			name = Debug;
		};
		597A234D2144DD380081C8E1 /* Release */ = {
			isa = XCBuildConfiguration;
			buildSettings = {
				ALWAYS_EMBED_SWIFT_STANDARD_LIBRARIES = YES;
				CODE_SIGN_STYLE = Automatic;
				DEVELOPMENT_TEAM = XM48Z8F5QX;
				INFOPLIST_FILE = iKanTypeUITests/Info.plist;
				LD_RUNPATH_SEARCH_PATHS = (
					"$(inherited)",
					"@executable_path/Frameworks",
					"@loader_path/Frameworks",
				);
				PRODUCT_BUNDLE_IDENTIFIER = ajeyatj.blogspot.com.iKanTypeUITests;
				PRODUCT_NAME = "$(TARGET_NAME)";
				SWIFT_VERSION = 4.2;
				TARGETED_DEVICE_FAMILY = "1,2";
				TEST_TARGET_NAME = iKanType;
			};
			name = Release;
		};
		597A23822144DF390081C8E1 /* Debug */ = {
			isa = XCBuildConfiguration;
			buildSettings = {
				CODE_SIGN_ENTITLEMENTS = Kannada/Kannada.entitlements;
				CODE_SIGN_STYLE = Automatic;
				DEVELOPMENT_TEAM = XM48Z8F5QX;
				INFOPLIST_FILE = Kannada/Info.plist;
				LD_RUNPATH_SEARCH_PATHS = (
					"$(inherited)",
					"@executable_path/Frameworks",
					"@executable_path/../../Frameworks",
				);
				PRODUCT_BUNDLE_IDENTIFIER = ajeyatj.blogspot.com.iKanType.Kannada;
				PRODUCT_NAME = "$(TARGET_NAME)";
				SKIP_INSTALL = YES;
				SWIFT_VERSION = 4.2;
				TARGETED_DEVICE_FAMILY = "1,2";
			};
			name = Debug;
		};
		597A23832144DF390081C8E1 /* Release */ = {
			isa = XCBuildConfiguration;
			buildSettings = {
				CODE_SIGN_ENTITLEMENTS = Kannada/Kannada.entitlements;
				CODE_SIGN_STYLE = Automatic;
				DEVELOPMENT_TEAM = XM48Z8F5QX;
				INFOPLIST_FILE = Kannada/Info.plist;
				LD_RUNPATH_SEARCH_PATHS = (
					"$(inherited)",
					"@executable_path/Frameworks",
					"@executable_path/../../Frameworks",
				);
				PRODUCT_BUNDLE_IDENTIFIER = ajeyatj.blogspot.com.iKanType.Kannada;
				PRODUCT_NAME = "$(TARGET_NAME)";
				SKIP_INSTALL = YES;
				SWIFT_VERSION = 4.2;
				TARGETED_DEVICE_FAMILY = "1,2";
			};
			name = Release;
		};
/* End XCBuildConfiguration section */

/* Begin XCConfigurationList section */
		59146B1B2145F35B00F01D90 /* Build configuration list for PBXNativeTarget "Keyboard" */ = {
			isa = XCConfigurationList;
			buildConfigurations = (
				59146B1C2145F35B00F01D90 /* Debug */,
				59146B1D2145F35B00F01D90 /* Release */,
			);
			defaultConfigurationIsVisible = 0;
			defaultConfigurationName = Release;
		};
		59146B1E2145F35B00F01D90 /* Build configuration list for PBXNativeTarget "KeyboardTests" */ = {
			isa = XCConfigurationList;
			buildConfigurations = (
				59146B1F2145F35B00F01D90 /* Debug */,
				59146B202145F35B00F01D90 /* Release */,
			);
			defaultConfigurationIsVisible = 0;
			defaultConfigurationName = Release;
		};
		597A23162144DD360081C8E1 /* Build configuration list for PBXProject "iKanType" */ = {
			isa = XCConfigurationList;
			buildConfigurations = (
				597A23432144DD380081C8E1 /* Debug */,
				597A23442144DD380081C8E1 /* Release */,
			);
			defaultConfigurationIsVisible = 0;
			defaultConfigurationName = Release;
		};
		597A23452144DD380081C8E1 /* Build configuration list for PBXNativeTarget "iKanType" */ = {
			isa = XCConfigurationList;
			buildConfigurations = (
				597A23462144DD380081C8E1 /* Debug */,
				597A23472144DD380081C8E1 /* Release */,
			);
			defaultConfigurationIsVisible = 0;
			defaultConfigurationName = Release;
		};
		597A23482144DD380081C8E1 /* Build configuration list for PBXNativeTarget "iKanTypeTests" */ = {
			isa = XCConfigurationList;
			buildConfigurations = (
				597A23492144DD380081C8E1 /* Debug */,
				597A234A2144DD380081C8E1 /* Release */,
			);
			defaultConfigurationIsVisible = 0;
			defaultConfigurationName = Release;
		};
		597A234B2144DD380081C8E1 /* Build configuration list for PBXNativeTarget "iKanTypeUITests" */ = {
			isa = XCConfigurationList;
			buildConfigurations = (
				597A234C2144DD380081C8E1 /* Debug */,
				597A234D2144DD380081C8E1 /* Release */,
			);
			defaultConfigurationIsVisible = 0;
			defaultConfigurationName = Release;
		};
		597A23812144DF390081C8E1 /* Build configuration list for PBXNativeTarget "Kannada" */ = {
			isa = XCConfigurationList;
			buildConfigurations = (
				597A23822144DF390081C8E1 /* Debug */,
				597A23832144DF390081C8E1 /* Release */,
			);
			defaultConfigurationIsVisible = 0;
			defaultConfigurationName = Release;
		};
/* End XCConfigurationList section */

/* Begin XCVersionGroup section */
		597A23692144DDE40081C8E1 /* NGramModel.xcdatamodeld */ = {
			isa = XCVersionGroup;
			children = (
				597A236A2144DDE40081C8E1 /* NGramModel.xcdatamodel */,
			);
			currentVersion = 597A236A2144DDE40081C8E1 /* NGramModel.xcdatamodel */;
			path = NGramModel.xcdatamodeld;
			sourceTree = "<group>";
			versionGroupType = wrapper.xcdatamodel;
		};
/* End XCVersionGroup section */
	};
	rootObject = 597A23132144DD360081C8E1 /* Project object */;
}
